
Microsoft Visual Studio Solution File, Format Version 9.00
# Visual Studio 2005
Project("{FAE04EC0-301F-11D3-BF4B-00C04F79EFBC}") = "CUETools", "CUETools.csproj", "{EF351583-A9CD-4530-92C3-20AC02136BC2}"
	ProjectSection(ProjectDependencies) = postProject
		{9AE965C4-301E-4C01-B90F-297AF341ACC6} = {9AE965C4-301E-4C01-B90F-297AF341ACC6}
		{E70FA90A-7012-4A52-86B5-362B699D1540} = {E70FA90A-7012-4A52-86B5-362B699D1540}
		{CC2E74B6-534A-43D8-9F16-AC03FE955000} = {CC2E74B6-534A-43D8-9F16-AC03FE955000}
	EndProjectSection
EndProject
Project("{8BC9CEB8-8B4A-11D0-8D11-00A0C91BC942}") = "FLACDotNet", "..\FLACDotNet\FLACDotNet.vcproj", "{E70FA90A-7012-4A52-86B5-362B699D1540}"
	ProjectSection(ProjectDependencies) = postProject
		{4CEFBC84-C215-11DB-8314-0800200C9A66} = {4CEFBC84-C215-11DB-8314-0800200C9A66}
	EndProjectSection
EndProject
Project("{8BC9CEB8-8B4A-11D0-8D11-00A0C91BC942}") = "APEDotNet", "..\APEDotNet\APEDotNet.vcproj", "{9AE965C4-301E-4C01-B90F-297AF341ACC6}"
	ProjectSection(ProjectDependencies) = postProject
		{0B9C97D4-61B8-4294-A1DF-BA90752A1779} = {0B9C97D4-61B8-4294-A1DF-BA90752A1779}
	EndProjectSection
EndProject
Project("{2150E333-8FDC-42A3-9474-1A3956D46DE8}") = "CodecLibs", "CodecLibs", "{8B179853-B7D6-479C-B8B2-6CBCE835D040}"
EndProject
Project("{8BC9CEB8-8B4A-11D0-8D11-00A0C91BC942}") = "WavPackDotNet", "..\WavPackDotNet\WavPackDotNet.vcproj", "{CC2E74B6-534A-43D8-9F16-AC03FE955000}"
	ProjectSection(ProjectDependencies) = postProject
		{0B9C97D4-61B8-4294-A1DF-BA90752A1779} = {0B9C97D4-61B8-4294-A1DF-BA90752A1779}
	EndProjectSection
EndProject
Project("{8BC9CEB8-8B4A-11D0-8D11-00A0C91BC942}") = "MACLib", "..\MAC_SDK\Source\MACLib\MACLib.vcproj", "{0B9C97D4-61B8-4294-A1DF-BA90752A1779}"
EndProject
Project("{2150E333-8FDC-42A3-9474-1A3956D46DE8}") = "CodecWrappers", "CodecWrappers", "{85F88959-C9E9-4989-ACB1-67BA9D1BEFE7}"
EndProject
Project("{8BC9CEB8-8B4A-11D0-8D11-00A0C91BC942}") = "libFLAC_static", "..\flac\src\libFLAC\libFLAC_static.vcproj", "{4CEFBC84-C215-11DB-8314-0800200C9A66}"
EndProject
Project("{8BC9CEB8-8B4A-11D0-8D11-00A0C91BC942}") = "APETagsDotNet", "..\APETagsDotNet\APETagsDotNet.vcproj", "{A8662B81-5B09-487E-B8F6-28251A8C46AF}"
EndProject
Global
	GlobalSection(SolutionConfigurationPlatforms) = preSolution
		Debug|Any CPU = Debug|Any CPU
		Debug|Win32 = Debug|Win32
		Debug|x64 = Debug|x64
		Debug|x86 = Debug|x86
		Release|Any CPU = Release|Any CPU
		Release|Win32 = Release|Win32
		Release|x64 = Release|x64
		Release|x86 = Release|x86
	EndGlobalSection
	GlobalSection(ProjectConfigurationPlatforms) = postSolution
		{EF351583-A9CD-4530-92C3-20AC02136BC2}.Debug|Any CPU.ActiveCfg = Debug|Any CPU
		{EF351583-A9CD-4530-92C3-20AC02136BC2}.Debug|Any CPU.Build.0 = Debug|Any CPU
		{EF351583-A9CD-4530-92C3-20AC02136BC2}.Debug|Win32.ActiveCfg = Debug|x86
		{EF351583-A9CD-4530-92C3-20AC02136BC2}.Debug|Win32.Build.0 = Debug|x86
		{EF351583-A9CD-4530-92C3-20AC02136BC2}.Debug|x64.ActiveCfg = Debug|x64
		{EF351583-A9CD-4530-92C3-20AC02136BC2}.Debug|x64.Build.0 = Debug|x64
		{EF351583-A9CD-4530-92C3-20AC02136BC2}.Debug|x86.ActiveCfg = Debug|x86
		{EF351583-A9CD-4530-92C3-20AC02136BC2}.Debug|x86.Build.0 = Debug|x86
		{EF351583-A9CD-4530-92C3-20AC02136BC2}.Release|Any CPU.ActiveCfg = Release|Any CPU
		{EF351583-A9CD-4530-92C3-20AC02136BC2}.Release|Any CPU.Build.0 = Release|Any CPU
		{EF351583-A9CD-4530-92C3-20AC02136BC2}.Release|Win32.ActiveCfg = Release|x86
		{EF351583-A9CD-4530-92C3-20AC02136BC2}.Release|Win32.Build.0 = Release|x86
		{EF351583-A9CD-4530-92C3-20AC02136BC2}.Release|x64.ActiveCfg = Release|x64
		{EF351583-A9CD-4530-92C3-20AC02136BC2}.Release|x64.Build.0 = Release|x64
		{EF351583-A9CD-4530-92C3-20AC02136BC2}.Release|x86.ActiveCfg = Release|x86
		{EF351583-A9CD-4530-92C3-20AC02136BC2}.Release|x86.Build.0 = Release|x86
		{E70FA90A-7012-4A52-86B5-362B699D1540}.Debug|Any CPU.ActiveCfg = Debug|x64
		{E70FA90A-7012-4A52-86B5-362B699D1540}.Debug|Win32.ActiveCfg = Debug|Win32
		{E70FA90A-7012-4A52-86B5-362B699D1540}.Debug|Win32.Build.0 = Debug|Win32
		{E70FA90A-7012-4A52-86B5-362B699D1540}.Debug|x64.ActiveCfg = Debug|x64
		{E70FA90A-7012-4A52-86B5-362B699D1540}.Debug|x64.Build.0 = Debug|x64
		{E70FA90A-7012-4A52-86B5-362B699D1540}.Debug|x86.ActiveCfg = Debug|Win32
		{E70FA90A-7012-4A52-86B5-362B699D1540}.Debug|x86.Build.0 = Debug|Win32
		{E70FA90A-7012-4A52-86B5-362B699D1540}.Release|Any CPU.ActiveCfg = Release|x64
		{E70FA90A-7012-4A52-86B5-362B699D1540}.Release|Win32.ActiveCfg = Release|Win32
		{E70FA90A-7012-4A52-86B5-362B699D1540}.Release|Win32.Build.0 = Release|Win32
		{E70FA90A-7012-4A52-86B5-362B699D1540}.Release|x64.ActiveCfg = Release|x64
		{E70FA90A-7012-4A52-86B5-362B699D1540}.Release|x64.Build.0 = Release|x64
		{E70FA90A-7012-4A52-86B5-362B699D1540}.Release|x86.ActiveCfg = Release|Win32
		{E70FA90A-7012-4A52-86B5-362B699D1540}.Release|x86.Build.0 = Release|Win32
		{9AE965C4-301E-4C01-B90F-297AF341ACC6}.Debug|Any CPU.ActiveCfg = Debug|x64
		{9AE965C4-301E-4C01-B90F-297AF341ACC6}.Debug|Win32.ActiveCfg = Debug|Win32
		{9AE965C4-301E-4C01-B90F-297AF341ACC6}.Debug|Win32.Build.0 = Debug|Win32
		{9AE965C4-301E-4C01-B90F-297AF341ACC6}.Debug|x64.ActiveCfg = Debug|x64
		{9AE965C4-301E-4C01-B90F-297AF341ACC6}.Debug|x64.Build.0 = Debug|x64
		{9AE965C4-301E-4C01-B90F-297AF341ACC6}.Debug|x86.ActiveCfg = Debug|Win32
		{9AE965C4-301E-4C01-B90F-297AF341ACC6}.Debug|x86.Build.0 = Debug|Win32
		{9AE965C4-301E-4C01-B90F-297AF341ACC6}.Release|Any CPU.ActiveCfg = Release|x64
		{9AE965C4-301E-4C01-B90F-297AF341ACC6}.Release|Win32.ActiveCfg = Release|Win32
		{9AE965C4-301E-4C01-B90F-297AF341ACC6}.Release|Win32.Build.0 = Release|Win32
		{9AE965C4-301E-4C01-B90F-297AF341ACC6}.Release|x64.ActiveCfg = Release|x64
		{9AE965C4-301E-4C01-B90F-297AF341ACC6}.Release|x64.Build.0 = Release|x64
		{9AE965C4-301E-4C01-B90F-297AF341ACC6}.Release|x86.ActiveCfg = Release|Win32
		{9AE965C4-301E-4C01-B90F-297AF341ACC6}.Release|x86.Build.0 = Release|Win32
		{CC2E74B6-534A-43D8-9F16-AC03FE955000}.Debug|Any CPU.ActiveCfg = Debug|Win32
		{CC2E74B6-534A-43D8-9F16-AC03FE955000}.Debug|Win32.ActiveCfg = Debug|Win32
		{CC2E74B6-534A-43D8-9F16-AC03FE955000}.Debug|Win32.Build.0 = Debug|Win32
		{CC2E74B6-534A-43D8-9F16-AC03FE955000}.Debug|x64.ActiveCfg = Debug|Win32
		{CC2E74B6-534A-43D8-9F16-AC03FE955000}.Debug|x86.ActiveCfg = Debug|Win32
		{CC2E74B6-534A-43D8-9F16-AC03FE955000}.Debug|x86.Build.0 = Debug|Win32
		{CC2E74B6-534A-43D8-9F16-AC03FE955000}.Release|Any CPU.ActiveCfg = Release|Win32
		{CC2E74B6-534A-43D8-9F16-AC03FE955000}.Release|Win32.ActiveCfg = Release|Win32
		{CC2E74B6-534A-43D8-9F16-AC03FE955000}.Release|Win32.Build.0 = Release|Win32
		{CC2E74B6-534A-43D8-9F16-AC03FE955000}.Release|x64.ActiveCfg = Release|Win32
		{CC2E74B6-534A-43D8-9F16-AC03FE955000}.Release|x86.ActiveCfg = Release|Win32
		{CC2E74B6-534A-43D8-9F16-AC03FE955000}.Release|x86.Build.0 = Release|Win32
		{0B9C97D4-61B8-4294-A1DF-BA90752A1779}.Debug|Any CPU.ActiveCfg = Debug|x64
		{0B9C97D4-61B8-4294-A1DF-BA90752A1779}.Debug|Win32.ActiveCfg = Debug|Win32
		{0B9C97D4-61B8-4294-A1DF-BA90752A1779}.Debug|Win32.Build.0 = Debug|Win32
		{0B9C97D4-61B8-4294-A1DF-BA90752A1779}.Debug|x64.ActiveCfg = Debug|x64
		{0B9C97D4-61B8-4294-A1DF-BA90752A1779}.Debug|x64.Build.0 = Debug|x64
		{0B9C97D4-61B8-4294-A1DF-BA90752A1779}.Debug|x86.ActiveCfg = Debug|Win32
		{0B9C97D4-61B8-4294-A1DF-BA90752A1779}.Debug|x86.Build.0 = Debug|Win32
		{0B9C97D4-61B8-4294-A1DF-BA90752A1779}.Release|Any CPU.ActiveCfg = Release|x64
		{0B9C97D4-61B8-4294-A1DF-BA90752A1779}.Release|Win32.ActiveCfg = Release|Win32
		{0B9C97D4-61B8-4294-A1DF-BA90752A1779}.Release|Win32.Build.0 = Release|Win32
		{0B9C97D4-61B8-4294-A1DF-BA90752A1779}.Release|x64.ActiveCfg = Release|x64
		{0B9C97D4-61B8-4294-A1DF-BA90752A1779}.Release|x64.Build.0 = Release|x64
		{0B9C97D4-61B8-4294-A1DF-BA90752A1779}.Release|x86.ActiveCfg = Release|Win32
		{0B9C97D4-61B8-4294-A1DF-BA90752A1779}.Release|x86.Build.0 = Release|Win32
		{4CEFBC84-C215-11DB-8314-0800200C9A66}.Debug|Any CPU.ActiveCfg = Debug|x64
		{4CEFBC84-C215-11DB-8314-0800200C9A66}.Debug|Win32.ActiveCfg = Debug|Win32
		{4CEFBC84-C215-11DB-8314-0800200C9A66}.Debug|Win32.Build.0 = Debug|Win32
		{4CEFBC84-C215-11DB-8314-0800200C9A66}.Debug|x64.ActiveCfg = Debug|x64
		{4CEFBC84-C215-11DB-8314-0800200C9A66}.Debug|x64.Build.0 = Debug|x64
		{4CEFBC84-C215-11DB-8314-0800200C9A66}.Debug|x86.ActiveCfg = Debug|Win32
		{4CEFBC84-C215-11DB-8314-0800200C9A66}.Debug|x86.Build.0 = Debug|Win32
		{4CEFBC84-C215-11DB-8314-0800200C9A66}.Release|Any CPU.ActiveCfg = Release|x64
		{4CEFBC84-C215-11DB-8314-0800200C9A66}.Release|Win32.ActiveCfg = Release|Win32
		{4CEFBC84-C215-11DB-8314-0800200C9A66}.Release|Win32.Build.0 = Release|Win32
		{4CEFBC84-C215-11DB-8314-0800200C9A66}.Release|x64.ActiveCfg = Release|x64
		{4CEFBC84-C215-11DB-8314-0800200C9A66}.Release|x64.Build.0 = Release|x64
		{4CEFBC84-C215-11DB-8314-0800200C9A66}.Release|x86.ActiveCfg = Release|Win32
		{4CEFBC84-C215-11DB-8314-0800200C9A66}.Release|x86.Build.0 = Release|Win32
		{A8662B81-5B09-487E-B8F6-28251A8C46AF}.Debug|Any CPU.ActiveCfg = Debug|Win32
		{A8662B81-5B09-487E-B8F6-28251A8C46AF}.Debug|Win32.ActiveCfg = Debug|Win32
		{A8662B81-5B09-487E-B8F6-28251A8C46AF}.Debug|Win32.Build.0 = Debug|Win32
		{A8662B81-5B09-487E-B8F6-28251A8C46AF}.Debug|x64.ActiveCfg = Debug|x64
		{A8662B81-5B09-487E-B8F6-28251A8C46AF}.Debug|x64.Build.0 = Debug|x64
		{A8662B81-5B09-487E-B8F6-28251A8C46AF}.Debug|x86.ActiveCfg = Debug|Win32
		{A8662B81-5B09-487E-B8F6-28251A8C46AF}.Debug|x86.Build.0 = Debug|Win32
		{A8662B81-5B09-487E-B8F6-28251A8C46AF}.Release|Any CPU.ActiveCfg = Release|Win32
		{A8662B81-5B09-487E-B8F6-28251A8C46AF}.Release|Win32.ActiveCfg = Release|Win32
		{A8662B81-5B09-487E-B8F6-28251A8C46AF}.Release|Win32.Build.0 = Release|Win32
		{A8662B81-5B09-487E-B8F6-28251A8C46AF}.Release|x64.ActiveCfg = Release|x64
		{A8662B81-5B09-487E-B8F6-28251A8C46AF}.Release|x64.Build.0 = Release|x64
		{A8662B81-5B09-487E-B8F6-28251A8C46AF}.Release|x86.ActiveCfg = Release|Win32
		{A8662B81-5B09-487E-B8F6-28251A8C46AF}.Release|x86.Build.0 = Release|Win32
	EndGlobalSection
	GlobalSection(SolutionProperties) = preSolution
		HideSolutionNode = FALSE
	EndGlobalSection
	GlobalSection(NestedProjects) = preSolution
		{9AE965C4-301E-4C01-B90F-297AF341ACC6} = {85F88959-C9E9-4989-ACB1-67BA9D1BEFE7}
		{CC2E74B6-534A-43D8-9F16-AC03FE955000} = {85F88959-C9E9-4989-ACB1-67BA9D1BEFE7}
		{E70FA90A-7012-4A52-86B5-362B699D1540} = {85F88959-C9E9-4989-ACB1-67BA9D1BEFE7}
		{A8662B81-5B09-487E-B8F6-28251A8C46AF} = {85F88959-C9E9-4989-ACB1-67BA9D1BEFE7}
		{0B9C97D4-61B8-4294-A1DF-BA90752A1779} = {8B179853-B7D6-479C-B8B2-6CBCE835D040}
		{4CEFBC84-C215-11DB-8314-0800200C9A66} = {8B179853-B7D6-479C-B8B2-6CBCE835D040}
	EndGlobalSection
EndGlobal
