
Microsoft Visual Studio Solution File, Format Version 9.00
# Visual Studio 2005
Project("{FAE04EC0-301F-11D3-BF4B-00C04F79EFBC}") = "CUETools", "CUETools.csproj", "{EF351583-A9CD-4530-92C3-20AC02136BC2}"
EndProject
Project("{8BC9CEB8-8B4A-11D0-8D11-00A0C91BC942}") = "CUETools.Codecs.FLAC", "..\CUETools.Codecs.FLAC\CUETools.Codecs.FLAC.vcproj", "{E70FA90A-7012-4A52-86B5-362B699D1540}"
	ProjectSection(ProjectDependencies) = postProject
		{4CEFBC84-C215-11DB-8314-0800200C9A66} = {4CEFBC84-C215-11DB-8314-0800200C9A66}
	EndProjectSection
EndProject
Project("{8BC9CEB8-8B4A-11D0-8D11-00A0C91BC942}") = "CUETools.Codecs.APE", "..\CUETools.Codecs.APE\CUETools.Codecs.APE.vcproj", "{9AE965C4-301E-4C01-B90F-297AF341ACC6}"
	ProjectSection(ProjectDependencies) = postProject
		{0B9C97D4-61B8-4294-A1DF-BA90752A1779} = {0B9C97D4-61B8-4294-A1DF-BA90752A1779}
	EndProjectSection
EndProject
Project("{2150E333-8FDC-42A3-9474-1A3956D46DE8}") = "CodecLibs", "CodecLibs", "{8B179853-B7D6-479C-B8B2-6CBCE835D040}"
EndProject
Project("{8BC9CEB8-8B4A-11D0-8D11-00A0C91BC942}") = "CUETools.Codecs.WavPack", "..\CUETools.Codecs.WavPack\CUETools.Codecs.WavPack.vcproj", "{CC2E74B6-534A-43D8-9F16-AC03FE955000}"
	ProjectSection(ProjectDependencies) = postProject
		{5CCCB9CF-0384-458F-BA08-72B73866840F} = {5CCCB9CF-0384-458F-BA08-72B73866840F}
	EndProjectSection
EndProject
Project("{8BC9CEB8-8B4A-11D0-8D11-00A0C91BC942}") = "MACLib", "..\MAC_SDK\Source\MACLib\MACLib.vcproj", "{0B9C97D4-61B8-4294-A1DF-BA90752A1779}"
EndProject
Project("{8BC9CEB8-8B4A-11D0-8D11-00A0C91BC942}") = "libFLAC_static", "..\flac\src\libFLAC\libFLAC_static.vcproj", "{4CEFBC84-C215-11DB-8314-0800200C9A66}"
EndProject
Project("{8BC9CEB8-8B4A-11D0-8D11-00A0C91BC942}") = "libwavpack", "..\wavpack-4.5.0\src\libwavpack.vcproj", "{5CCCB9CF-0384-458F-BA08-72B73866840F}"
EndProject
Project("{FAE04EC0-301F-11D3-BF4B-00C04F79EFBC}") = "CUETools.ARCUE", "..\CUETools.ARCUE\CUETools.ARCUE.csproj", "{A5A8D8FA-9E32-4010-8AAF-AE580C5AF728}"
EndProject
Project("{FAE04EC0-301F-11D3-BF4B-00C04F79EFBC}") = "CUETools.Processor", "..\CUETools.Processor\CUETools.Processor.csproj", "{4911BD82-49EF-4858-8B51-5394F86739A4}"
EndProject
Project("{FAE04EC0-301F-11D3-BF4B-00C04F79EFBC}") = "CUETools.Codecs.HDCD", "..\CUETools.Codecs.HDCD\CUETools.Codecs.HDCD.csproj", "{32338A04-5B6B-4C63-8EE7-C6400F73B5D7}"
EndProject
Project("{FAE04EC0-301F-11D3-BF4B-00C04F79EFBC}") = "CUETools.Codecs", "..\CUETools.Codecs\CUETools.Codecs.csproj", "{6458A13A-30EF-45A9-9D58-E5031B17BEE2}"
EndProject
Project("{FAE04EC0-301F-11D3-BF4B-00C04F79EFBC}") = "CUETools.Codecs.ALAC", "..\CUETools.Codecs.ALAC\CUETools.Codecs.ALAC.csproj", "{F2EC7193-D5E5-4252-9803-5CEB407E910F}"
EndProject
Project("{FAE04EC0-301F-11D3-BF4B-00C04F79EFBC}") = "CUETools.Compression.Rar", "..\CUETools.Compression.Rar\CUETools.Compression.Rar.csproj", "{8427CAA5-80B8-4952-9A68-5F3DFCFBDF40}"
EndProject
Project("{FAE04EC0-301F-11D3-BF4B-00C04F79EFBC}") = "CUETools.Codecs.LossyWAV", "..\CUETools.Codecs.LossyWAV\CUETools.Codecs.LossyWAV.csproj", "{8A0426FA-0BC2-4C49-A6E5-1F9A68156F19}"
EndProject
Project("{FAE04EC0-301F-11D3-BF4B-00C04F79EFBC}") = "CUETools.LossyWAV", "..\CUETools.LossyWAV\CUETools.LossyWAV.csproj", "{A574F3B1-E38B-4EE4-9394-49D6E2DF52EA}"
EndProject
Project("{2150E333-8FDC-42A3-9474-1A3956D46DE8}") = "BWGBurn", "BWGBurn", "{B36BE134-D85A-437E-AB61-2DA1CCDE06C1}"
EndProject
Project("{FAE04EC0-301F-11D3-BF4B-00C04F79EFBC}") = "Bwg.Hardware", "..\Bwg.Hardware\Bwg.Hardware.csproj", "{B75FA7AD-968E-4990-B342-1B4B17C850DF}"
EndProject
Project("{FAE04EC0-301F-11D3-BF4B-00C04F79EFBC}") = "Bwg.Logging", "..\Bwg.Logging\Bwg.Logging.csproj", "{F2DFEB00-BB35-4665-85EA-CB8C7729A6B7}"
EndProject
Project("{FAE04EC0-301F-11D3-BF4B-00C04F79EFBC}") = "Bwg.Scsi", "..\Bwg.Scsi\Bwg.Scsi.csproj", "{A05B6AA6-0EC3-495D-BCC4-ECE1210071A8}"
EndProject
Project("{FAE04EC0-301F-11D3-BF4B-00C04F79EFBC}") = "CUETools.Ripper.SCSI", "..\CUETools.Ripper.SCSI\CUETools.Ripper.SCSI.csproj", "{8CF07381-BEA2-4AFC-B3DD-9B2F21C65A3A}"
EndProject
Project("{FAE04EC0-301F-11D3-BF4B-00C04F79EFBC}") = "CUETools.ConsoleRipper", "..\CUETools.Ripper.Console\CUETools.ConsoleRipper.csproj", "{9253A314-1821-42BF-B02F-2BF986B1765D}"
EndProject
Project("{2150E333-8FDC-42A3-9474-1A3956D46DE8}") = "Console Apps", "Console Apps", "{4B59E09C-A51F-4B80-91BE-987904DCEF7D}"
EndProject
Project("{FAE04EC0-301F-11D3-BF4B-00C04F79EFBC}") = "CUETools.CDImage", "..\CUETools.CDImage\CUETools.CDImage.csproj", "{1DD41038-D885-46C5-8DDE-E0B82F066584}"
EndProject
Project("{FAE04EC0-301F-11D3-BF4B-00C04F79EFBC}") = "CUETools.AccurateRip", "..\CUETools.AccurateRip\CUETools.AccurateRip.csproj", "{5802C7E9-157E-4124-946D-70B5AE48A5A1}"
EndProject
Project("{FAE04EC0-301F-11D3-BF4B-00C04F79EFBC}") = "MusicBrainz", "..\MusicBrainz\MusicBrainz.csproj", "{74C2036B-2C9B-4FC8-B7BD-AE81A8DCE533}"
EndProject
Project("{FAE04EC0-301F-11D3-BF4B-00C04F79EFBC}") = "CUERipper", "..\CUERipper\CUERipper.csproj", "{39B43BBB-BAFC-4D85-9BEA-3BCB7EFED89C}"
EndProject
Project("{FAE04EC0-301F-11D3-BF4B-00C04F79EFBC}") = "Freedb", "..\Freedb\Freedb.csproj", "{5ADCFD6D-BFEA-4B10-BB45-9083BBB56AF4}"
EndProject
Project("{8BC9CEB8-8B4A-11D0-8D11-00A0C91BC942}") = "TTALib", "..\ttalib-1.1\TTALib.vcproj", "{B3DF599C-1C8F-451D-91E4-DD766210DA1F}"
EndProject
Project("{8BC9CEB8-8B4A-11D0-8D11-00A0C91BC942}") = "CUETools.Codecs.TTA", "..\CUETools.Codecs.TTA\CUETools.Codecs.TTA.vcproj", "{1D1E99BC-6D22-41C0-BD94-FF4DD5EC725B}"
	ProjectSection(ProjectDependencies) = postProject
		{B3DF599C-1C8F-451D-91E4-DD766210DA1F} = {B3DF599C-1C8F-451D-91E4-DD766210DA1F}
		{6458A13A-30EF-45A9-9D58-E5031B17BEE2} = {6458A13A-30EF-45A9-9D58-E5031B17BEE2}
	EndProjectSection
EndProject
Project("{FAE04EC0-301F-11D3-BF4B-00C04F79EFBC}") = "CUETools.Converter", "..\CUETools.Converter\CUETools.Converter.csproj", "{115CC5B0-0385-41CD-8A23-6A7EA4C51926}"
EndProject
Project("{FAE04EC0-301F-11D3-BF4B-00C04F79EFBC}") = "CUEControls", "..\CUEControls\CUEControls.csproj", "{CA4D64E6-6544-4A29-8BA5-7DB08D50D072}"
EndProject
Project("{FAE04EC0-301F-11D3-BF4B-00C04F79EFBC}") = "CUETools.Codecs.FLAKE", "..\CUETools.Codecs.FLAKE\CUETools.Codecs.FLAKE.csproj", "{082D6B9E-326E-4D15-9798-EDAE9EDE70A6}"
EndProject
Project("{FAE04EC0-301F-11D3-BF4B-00C04F79EFBC}") = "CUETools.Flake", "..\CUETools.Flake\CUETools.Flake.csproj", "{2379BAAF-A406-4477-BF53-2D6A326C24C8}"
EndProject
Project("{FAE04EC0-301F-11D3-BF4B-00C04F79EFBC}") = "CUETools.ALACEnc", "..\CUETools.ALACEnc\CUETools.ALACEnc.csproj", "{8E6E1763-39AE-491D-A10F-44C8844ABA5B}"
EndProject
Project("{FAE04EC0-301F-11D3-BF4B-00C04F79EFBC}") = "CUETools.Codecs.FlaCuda", "..\CUETools.Codecs.FlaCuda\CUETools.Codecs.FlaCuda.csproj", "{DFE50673-906C-4B8F-993B-A24CAD1CA17D}"
EndProject
Project("{FAE04EC0-301F-11D3-BF4B-00C04F79EFBC}") = "CUETools.FlaCuda", "..\CUETools.FlaCudaExe\CUETools.FlaCuda.csproj", "{1FCA8834-34E6-47CF-B53F-D8DF49F0819E}"
EndProject
Project("{FAE04EC0-301F-11D3-BF4B-00C04F79EFBC}") = "CUETools.Codecs.CLAC", "..\CUETools.Codecs.CLAC\CUETools.Codecs.CLAC.csproj", "{DDE1EA77-637C-4D5F-96F3-1328BC45CE80}"
EndProject
Project("{FAE04EC0-301F-11D3-BF4B-00C04F79EFBC}") = "CUETools.CLACEncoder", "..\CUETools.CLACEncoder\CUETools.CLACEncoder.csproj", "{FC4BCF9B-F4C7-41AD-8A16-2A90A082954A}"
EndProject
Project("{FAE04EC0-301F-11D3-BF4B-00C04F79EFBC}") = "CUETools.TestCodecs", "CUETools.TestCodecs\CUETools.TestCodecs.csproj", "{04945FB2-8410-4F14-8262-2ED18DCDACD6}"
EndProject
Project("{2150E333-8FDC-42A3-9474-1A3956D46DE8}") = "Solution Items", "Solution Items", "{366B7C6D-3A2C-4767-9121-4FBB550B5DE2}"
	ProjectSection(SolutionItems) = preProject
		CUETools1.vsmdi = CUETools1.vsmdi
		localtestrun.testrunconfig = localtestrun.testrunconfig
	EndProjectSection
EndProject
Project("{FAE04EC0-301F-11D3-BF4B-00C04F79EFBC}") = "CUETools.TestProcessor", "CUETools.TestProcessor\CUETools.TestProcessor.csproj", "{A430AD28-B76A-4ED0-AF7D-D13B8969297F}"
EndProject
Project("{2150E333-8FDC-42A3-9474-1A3956D46DE8}") = "Native Codecs", "Native Codecs", "{39A17A65-E893-44B8-A312-DDCDD990D9D1}"
EndProject
Project("{FAE04EC0-301F-11D3-BF4B-00C04F79EFBC}") = "CUETools.Compression", "..\CUETools.Compression\CUETools.Compression.csproj", "{14EE067E-C218-4625-9540-2361AB27C4A6}"
EndProject
Project("{FAE04EC0-301F-11D3-BF4B-00C04F79EFBC}") = "CUETools.Compression.Zip", "..\CUETools.Compression.Zip\CUETools.Compression.Zip.csproj", "{EA2CAE21-940C-4F51-A802-E02ABB97A9B5}"
EndProject
Project("{2150E333-8FDC-42A3-9474-1A3956D46DE8}") = "Plugins", "Plugins", "{FD0D49DB-8F02-4A64-A9A3-A5AF54481770}"
EndProject
Project("{2150E333-8FDC-42A3-9474-1A3956D46DE8}") = "Managed Codecs", "Managed Codecs", "{93B7AE1D-DEF6-4A04-A222-5CDE09DF262D}"
EndProject
Project("{2150E333-8FDC-42A3-9474-1A3956D46DE8}") = "Tests", "Tests", "{D9D97BB6-002F-4858-8EF2-49B4C4C4DDB4}"
EndProject
Project("{2150E333-8FDC-42A3-9474-1A3956D46DE8}") = "Ripper", "Ripper", "{90FD290C-5D65-42A6-AC9C-928730432116}"
EndProject
Project("{2150E333-8FDC-42A3-9474-1A3956D46DE8}") = "Compression", "Compression", "{FD1DD69E-EC51-443D-B6A7-908B8E0EF9E2}"
EndProject
Project("{FAE04EC0-301F-11D3-BF4B-00C04F79EFBC}") = "CUETools.Ripper", "..\CUETools.Ripper\CUETools.Ripper.csproj", "{D2700165-3E77-4B28-928D-551F5FC11954}"
EndProject
Project("{2150E333-8FDC-42A3-9474-1A3956D46DE8}") = "Third party binaries", "Third party binaries", "{5D823ABE-D280-4800-824C-2633CBAB2EA9}"
	ProjectSection(SolutionItems) = preProject
		..\ThirdParty\CSScriptLibrary.v1.1.dll = ..\ThirdParty\CSScriptLibrary.v1.1.dll
		..\ThirdParty\CUDA.NET.dll = ..\ThirdParty\CUDA.NET.dll
		..\ThirdParty\CUDA.NET.xml = ..\ThirdParty\CUDA.NET.xml
		..\ThirdParty\Freedb.dll = ..\ThirdParty\Freedb.dll
		..\ThirdParty\ICSharpCode.SharpZipLib.dll = ..\ThirdParty\ICSharpCode.SharpZipLib.dll
		..\ThirdParty\MusicBrainz.dll = ..\ThirdParty\MusicBrainz.dll
		..\ThirdParty\taglib-sharp.dll = ..\ThirdParty\taglib-sharp.dll
	EndProjectSection
EndProject
Project("{2150E333-8FDC-42A3-9474-1A3956D46DE8}") = "Win32", "Win32", "{9A0D1EB8-269E-4165-971C-541C96AA506F}"
	ProjectSection(SolutionItems) = preProject
		..\ThirdParty\Win32\hdcd.dll = ..\ThirdParty\Win32\hdcd.dll
		..\ThirdParty\Win32\unrar.dll = ..\ThirdParty\Win32\unrar.dll
	EndProjectSection
EndProject
Project("{2150E333-8FDC-42A3-9474-1A3956D46DE8}") = "x64", "x64", "{0E404B8B-FF82-427F-ADE4-77B54A29219F}"
	ProjectSection(SolutionItems) = preProject
		..\ThirdParty\x64\hdcd.dll = ..\ThirdParty\x64\hdcd.dll
		..\ThirdParty\x64\Unrar.dll = ..\ThirdParty\x64\Unrar.dll
	EndProjectSection
EndProject
Global
	GlobalSection(TestCaseManagementSettings) = postSolution
		CategoryFile = CUETools1.vsmdi
	EndGlobalSection
	GlobalSection(SolutionConfigurationPlatforms) = preSolution
		Debug|Any CPU = Debug|Any CPU
		Debug|Win32 = Debug|Win32
		Debug|x64 = Debug|x64
		Release|Any CPU = Release|Any CPU
		Release|Win32 = Release|Win32
		Release|x64 = Release|x64
	EndGlobalSection
	GlobalSection(ProjectConfigurationPlatforms) = postSolution
		{EF351583-A9CD-4530-92C3-20AC02136BC2}.Debug|Any CPU.ActiveCfg = Debug|Any CPU
		{EF351583-A9CD-4530-92C3-20AC02136BC2}.Debug|Any CPU.Build.0 = Debug|Any CPU
		{EF351583-A9CD-4530-92C3-20AC02136BC2}.Debug|Win32.ActiveCfg = Debug|Any CPU
		{EF351583-A9CD-4530-92C3-20AC02136BC2}.Debug|x64.ActiveCfg = Debug|Any CPU
		{EF351583-A9CD-4530-92C3-20AC02136BC2}.Release|Any CPU.ActiveCfg = Release|Any CPU
		{EF351583-A9CD-4530-92C3-20AC02136BC2}.Release|Any CPU.Build.0 = Release|Any CPU
		{EF351583-A9CD-4530-92C3-20AC02136BC2}.Release|Win32.ActiveCfg = Release|Any CPU
		{EF351583-A9CD-4530-92C3-20AC02136BC2}.Release|x64.ActiveCfg = Release|Any CPU
		{E70FA90A-7012-4A52-86B5-362B699D1540}.Debug|Any CPU.ActiveCfg = Debug|x64
		{E70FA90A-7012-4A52-86B5-362B699D1540}.Debug|Win32.ActiveCfg = Debug|Win32
		{E70FA90A-7012-4A52-86B5-362B699D1540}.Debug|Win32.Build.0 = Debug|Win32
		{E70FA90A-7012-4A52-86B5-362B699D1540}.Debug|x64.ActiveCfg = Debug|x64
		{E70FA90A-7012-4A52-86B5-362B699D1540}.Debug|x64.Build.0 = Debug|x64
		{E70FA90A-7012-4A52-86B5-362B699D1540}.Release|Any CPU.ActiveCfg = Release|x64
		{E70FA90A-7012-4A52-86B5-362B699D1540}.Release|Win32.ActiveCfg = Release|Win32
		{E70FA90A-7012-4A52-86B5-362B699D1540}.Release|Win32.Build.0 = Release|Win32
		{E70FA90A-7012-4A52-86B5-362B699D1540}.Release|x64.ActiveCfg = Release|x64
		{E70FA90A-7012-4A52-86B5-362B699D1540}.Release|x64.Build.0 = Release|x64
		{9AE965C4-301E-4C01-B90F-297AF341ACC6}.Debug|Any CPU.ActiveCfg = Debug|x64
		{9AE965C4-301E-4C01-B90F-297AF341ACC6}.Debug|Win32.ActiveCfg = Debug|Win32
		{9AE965C4-301E-4C01-B90F-297AF341ACC6}.Debug|Win32.Build.0 = Debug|Win32
		{9AE965C4-301E-4C01-B90F-297AF341ACC6}.Debug|x64.ActiveCfg = Debug|x64
		{9AE965C4-301E-4C01-B90F-297AF341ACC6}.Debug|x64.Build.0 = Debug|x64
		{9AE965C4-301E-4C01-B90F-297AF341ACC6}.Release|Any CPU.ActiveCfg = Release|x64
		{9AE965C4-301E-4C01-B90F-297AF341ACC6}.Release|Win32.ActiveCfg = Release|Win32
		{9AE965C4-301E-4C01-B90F-297AF341ACC6}.Release|Win32.Build.0 = Release|Win32
		{9AE965C4-301E-4C01-B90F-297AF341ACC6}.Release|x64.ActiveCfg = Release|x64
		{9AE965C4-301E-4C01-B90F-297AF341ACC6}.Release|x64.Build.0 = Release|x64
		{CC2E74B6-534A-43D8-9F16-AC03FE955000}.Debug|Any CPU.ActiveCfg = Debug|x64
		{CC2E74B6-534A-43D8-9F16-AC03FE955000}.Debug|Win32.ActiveCfg = Debug|Win32
		{CC2E74B6-534A-43D8-9F16-AC03FE955000}.Debug|Win32.Build.0 = Debug|Win32
		{CC2E74B6-534A-43D8-9F16-AC03FE955000}.Debug|x64.ActiveCfg = Debug|x64
		{CC2E74B6-534A-43D8-9F16-AC03FE955000}.Debug|x64.Build.0 = Debug|x64
		{CC2E74B6-534A-43D8-9F16-AC03FE955000}.Release|Any CPU.ActiveCfg = Release|Win32
		{CC2E74B6-534A-43D8-9F16-AC03FE955000}.Release|Win32.ActiveCfg = Release|Win32
		{CC2E74B6-534A-43D8-9F16-AC03FE955000}.Release|Win32.Build.0 = Release|Win32
		{CC2E74B6-534A-43D8-9F16-AC03FE955000}.Release|x64.ActiveCfg = Release|x64
		{CC2E74B6-534A-43D8-9F16-AC03FE955000}.Release|x64.Build.0 = Release|x64
		{0B9C97D4-61B8-4294-A1DF-BA90752A1779}.Debug|Any CPU.ActiveCfg = Debug|x64
		{0B9C97D4-61B8-4294-A1DF-BA90752A1779}.Debug|Win32.ActiveCfg = Debug|Win32
		{0B9C97D4-61B8-4294-A1DF-BA90752A1779}.Debug|Win32.Build.0 = Debug|Win32
		{0B9C97D4-61B8-4294-A1DF-BA90752A1779}.Debug|x64.ActiveCfg = Debug|x64
		{0B9C97D4-61B8-4294-A1DF-BA90752A1779}.Debug|x64.Build.0 = Debug|x64
		{0B9C97D4-61B8-4294-A1DF-BA90752A1779}.Release|Any CPU.ActiveCfg = Release|x64
		{0B9C97D4-61B8-4294-A1DF-BA90752A1779}.Release|Win32.ActiveCfg = Release|Win32
		{0B9C97D4-61B8-4294-A1DF-BA90752A1779}.Release|Win32.Build.0 = Release|Win32
		{0B9C97D4-61B8-4294-A1DF-BA90752A1779}.Release|x64.ActiveCfg = Release|x64
		{0B9C97D4-61B8-4294-A1DF-BA90752A1779}.Release|x64.Build.0 = Release|x64
		{4CEFBC84-C215-11DB-8314-0800200C9A66}.Debug|Any CPU.ActiveCfg = Debug|x64
		{4CEFBC84-C215-11DB-8314-0800200C9A66}.Debug|Win32.ActiveCfg = Debug|Win32
		{4CEFBC84-C215-11DB-8314-0800200C9A66}.Debug|Win32.Build.0 = Debug|Win32
		{4CEFBC84-C215-11DB-8314-0800200C9A66}.Debug|x64.ActiveCfg = Debug|x64
		{4CEFBC84-C215-11DB-8314-0800200C9A66}.Debug|x64.Build.0 = Debug|x64
		{4CEFBC84-C215-11DB-8314-0800200C9A66}.Release|Any CPU.ActiveCfg = Release|x64
		{4CEFBC84-C215-11DB-8314-0800200C9A66}.Release|Win32.ActiveCfg = Release|Win32
		{4CEFBC84-C215-11DB-8314-0800200C9A66}.Release|Win32.Build.0 = Release|Win32
		{4CEFBC84-C215-11DB-8314-0800200C9A66}.Release|x64.ActiveCfg = Release|x64
		{4CEFBC84-C215-11DB-8314-0800200C9A66}.Release|x64.Build.0 = Release|x64
		{5CCCB9CF-0384-458F-BA08-72B73866840F}.Debug|Any CPU.ActiveCfg = Debug|x64
		{5CCCB9CF-0384-458F-BA08-72B73866840F}.Debug|Win32.ActiveCfg = Debug|Win32
		{5CCCB9CF-0384-458F-BA08-72B73866840F}.Debug|Win32.Build.0 = Debug|Win32
		{5CCCB9CF-0384-458F-BA08-72B73866840F}.Debug|x64.ActiveCfg = Debug|x64
		{5CCCB9CF-0384-458F-BA08-72B73866840F}.Debug|x64.Build.0 = Debug|x64
		{5CCCB9CF-0384-458F-BA08-72B73866840F}.Release|Any CPU.ActiveCfg = Release|x64
		{5CCCB9CF-0384-458F-BA08-72B73866840F}.Release|Win32.ActiveCfg = Release|Win32
		{5CCCB9CF-0384-458F-BA08-72B73866840F}.Release|Win32.Build.0 = Release|Win32
		{5CCCB9CF-0384-458F-BA08-72B73866840F}.Release|x64.ActiveCfg = Release|x64
		{5CCCB9CF-0384-458F-BA08-72B73866840F}.Release|x64.Build.0 = Release|x64
		{A5A8D8FA-9E32-4010-8AAF-AE580C5AF728}.Debug|Any CPU.ActiveCfg = Debug|Any CPU
		{A5A8D8FA-9E32-4010-8AAF-AE580C5AF728}.Debug|Any CPU.Build.0 = Debug|Any CPU
		{A5A8D8FA-9E32-4010-8AAF-AE580C5AF728}.Debug|Win32.ActiveCfg = Debug|Any CPU
		{A5A8D8FA-9E32-4010-8AAF-AE580C5AF728}.Debug|x64.ActiveCfg = Debug|Any CPU
		{A5A8D8FA-9E32-4010-8AAF-AE580C5AF728}.Release|Any CPU.ActiveCfg = Release|Any CPU
		{A5A8D8FA-9E32-4010-8AAF-AE580C5AF728}.Release|Any CPU.Build.0 = Release|Any CPU
		{A5A8D8FA-9E32-4010-8AAF-AE580C5AF728}.Release|Win32.ActiveCfg = Release|Any CPU
		{A5A8D8FA-9E32-4010-8AAF-AE580C5AF728}.Release|x64.ActiveCfg = Release|Any CPU
		{4911BD82-49EF-4858-8B51-5394F86739A4}.Debug|Any CPU.ActiveCfg = Debug|Any CPU
		{4911BD82-49EF-4858-8B51-5394F86739A4}.Debug|Any CPU.Build.0 = Debug|Any CPU
		{4911BD82-49EF-4858-8B51-5394F86739A4}.Debug|Win32.ActiveCfg = Debug|Any CPU
		{4911BD82-49EF-4858-8B51-5394F86739A4}.Debug|x64.ActiveCfg = Debug|Any CPU
		{4911BD82-49EF-4858-8B51-5394F86739A4}.Debug|x64.Build.0 = Debug|Any CPU
		{4911BD82-49EF-4858-8B51-5394F86739A4}.Release|Any CPU.ActiveCfg = Release|Any CPU
		{4911BD82-49EF-4858-8B51-5394F86739A4}.Release|Any CPU.Build.0 = Release|Any CPU
		{4911BD82-49EF-4858-8B51-5394F86739A4}.Release|Win32.ActiveCfg = Release|Any CPU
		{4911BD82-49EF-4858-8B51-5394F86739A4}.Release|x64.ActiveCfg = Release|Any CPU
		{32338A04-5B6B-4C63-8EE7-C6400F73B5D7}.Debug|Any CPU.ActiveCfg = Debug|Any CPU
		{32338A04-5B6B-4C63-8EE7-C6400F73B5D7}.Debug|Any CPU.Build.0 = Debug|Any CPU
		{32338A04-5B6B-4C63-8EE7-C6400F73B5D7}.Debug|Win32.ActiveCfg = Debug|Any CPU
		{32338A04-5B6B-4C63-8EE7-C6400F73B5D7}.Debug|x64.ActiveCfg = Debug|x64
		{32338A04-5B6B-4C63-8EE7-C6400F73B5D7}.Debug|x64.Build.0 = Debug|x64
		{32338A04-5B6B-4C63-8EE7-C6400F73B5D7}.Release|Any CPU.ActiveCfg = Release|Any CPU
		{32338A04-5B6B-4C63-8EE7-C6400F73B5D7}.Release|Win32.ActiveCfg = Release|Any CPU
		{32338A04-5B6B-4C63-8EE7-C6400F73B5D7}.Release|x64.ActiveCfg = Release|Any CPU
		{6458A13A-30EF-45A9-9D58-E5031B17BEE2}.Debug|Any CPU.ActiveCfg = Debug|Any CPU
		{6458A13A-30EF-45A9-9D58-E5031B17BEE2}.Debug|Any CPU.Build.0 = Debug|Any CPU
		{6458A13A-30EF-45A9-9D58-E5031B17BEE2}.Debug|Win32.ActiveCfg = Debug|Any CPU
		{6458A13A-30EF-45A9-9D58-E5031B17BEE2}.Debug|x64.ActiveCfg = Debug|Any CPU
		{6458A13A-30EF-45A9-9D58-E5031B17BEE2}.Debug|x64.Build.0 = Debug|Any CPU
		{6458A13A-30EF-45A9-9D58-E5031B17BEE2}.Release|Any CPU.ActiveCfg = Release|Any CPU
		{6458A13A-30EF-45A9-9D58-E5031B17BEE2}.Release|Any CPU.Build.0 = Release|Any CPU
		{6458A13A-30EF-45A9-9D58-E5031B17BEE2}.Release|Win32.ActiveCfg = Release|Any CPU
		{6458A13A-30EF-45A9-9D58-E5031B17BEE2}.Release|x64.ActiveCfg = Release|Any CPU
		{F2EC7193-D5E5-4252-9803-5CEB407E910F}.Debug|Any CPU.ActiveCfg = Debug|Any CPU
		{F2EC7193-D5E5-4252-9803-5CEB407E910F}.Debug|Any CPU.Build.0 = Debug|Any CPU
		{F2EC7193-D5E5-4252-9803-5CEB407E910F}.Debug|Win32.ActiveCfg = Debug|Any CPU
		{F2EC7193-D5E5-4252-9803-5CEB407E910F}.Debug|x64.ActiveCfg = Debug|Any CPU
		{F2EC7193-D5E5-4252-9803-5CEB407E910F}.Debug|x64.Build.0 = Debug|Any CPU
		{F2EC7193-D5E5-4252-9803-5CEB407E910F}.Release|Any CPU.ActiveCfg = Release|Any CPU
		{F2EC7193-D5E5-4252-9803-5CEB407E910F}.Release|Any CPU.Build.0 = Release|Any CPU
		{F2EC7193-D5E5-4252-9803-5CEB407E910F}.Release|Win32.ActiveCfg = Release|Any CPU
		{F2EC7193-D5E5-4252-9803-5CEB407E910F}.Release|x64.ActiveCfg = Release|Any CPU
		{8427CAA5-80B8-4952-9A68-5F3DFCFBDF40}.Debug|Any CPU.ActiveCfg = Debug|Any CPU
		{8427CAA5-80B8-4952-9A68-5F3DFCFBDF40}.Debug|Any CPU.Build.0 = Debug|Any CPU
		{8427CAA5-80B8-4952-9A68-5F3DFCFBDF40}.Debug|Win32.ActiveCfg = Debug|Any CPU
		{8427CAA5-80B8-4952-9A68-5F3DFCFBDF40}.Debug|x64.ActiveCfg = Debug|Any CPU
		{8427CAA5-80B8-4952-9A68-5F3DFCFBDF40}.Release|Any CPU.ActiveCfg = Release|Any CPU
		{8427CAA5-80B8-4952-9A68-5F3DFCFBDF40}.Release|Win32.ActiveCfg = Release|Any CPU
		{8427CAA5-80B8-4952-9A68-5F3DFCFBDF40}.Release|x64.ActiveCfg = Release|Any CPU
		{8A0426FA-0BC2-4C49-A6E5-1F9A68156F19}.Debug|Any CPU.ActiveCfg = Debug|Any CPU
		{8A0426FA-0BC2-4C49-A6E5-1F9A68156F19}.Debug|Any CPU.Build.0 = Debug|Any CPU
		{8A0426FA-0BC2-4C49-A6E5-1F9A68156F19}.Debug|Win32.ActiveCfg = Debug|Any CPU
		{8A0426FA-0BC2-4C49-A6E5-1F9A68156F19}.Debug|x64.ActiveCfg = Debug|Any CPU
		{8A0426FA-0BC2-4C49-A6E5-1F9A68156F19}.Debug|x64.Build.0 = Debug|Any CPU
		{8A0426FA-0BC2-4C49-A6E5-1F9A68156F19}.Release|Any CPU.ActiveCfg = Release|Any CPU
		{8A0426FA-0BC2-4C49-A6E5-1F9A68156F19}.Release|Any CPU.Build.0 = Release|Any CPU
		{8A0426FA-0BC2-4C49-A6E5-1F9A68156F19}.Release|Win32.ActiveCfg = Release|Any CPU
		{8A0426FA-0BC2-4C49-A6E5-1F9A68156F19}.Release|x64.ActiveCfg = Release|Any CPU
		{A574F3B1-E38B-4EE4-9394-49D6E2DF52EA}.Debug|Any CPU.ActiveCfg = Debug|Any CPU
		{A574F3B1-E38B-4EE4-9394-49D6E2DF52EA}.Debug|Any CPU.Build.0 = Debug|Any CPU
		{A574F3B1-E38B-4EE4-9394-49D6E2DF52EA}.Debug|Win32.ActiveCfg = Debug|Any CPU
		{A574F3B1-E38B-4EE4-9394-49D6E2DF52EA}.Debug|x64.ActiveCfg = Debug|Any CPU
		{A574F3B1-E38B-4EE4-9394-49D6E2DF52EA}.Release|Any CPU.ActiveCfg = Release|Any CPU
		{A574F3B1-E38B-4EE4-9394-49D6E2DF52EA}.Release|Any CPU.Build.0 = Release|Any CPU
		{A574F3B1-E38B-4EE4-9394-49D6E2DF52EA}.Release|Win32.ActiveCfg = Release|Any CPU
		{A574F3B1-E38B-4EE4-9394-49D6E2DF52EA}.Release|x64.ActiveCfg = Release|Any CPU
		{B75FA7AD-968E-4990-B342-1B4B17C850DF}.Debug|Any CPU.ActiveCfg = Debug|Any CPU
		{B75FA7AD-968E-4990-B342-1B4B17C850DF}.Debug|Any CPU.Build.0 = Debug|Any CPU
		{B75FA7AD-968E-4990-B342-1B4B17C850DF}.Debug|Win32.ActiveCfg = Debug|Any CPU
		{B75FA7AD-968E-4990-B342-1B4B17C850DF}.Debug|x64.ActiveCfg = Debug|Any CPU
		{B75FA7AD-968E-4990-B342-1B4B17C850DF}.Release|Any CPU.ActiveCfg = Release|Any CPU
		{B75FA7AD-968E-4990-B342-1B4B17C850DF}.Release|Any CPU.Build.0 = Release|Any CPU
		{B75FA7AD-968E-4990-B342-1B4B17C850DF}.Release|Win32.ActiveCfg = Release|Any CPU
		{B75FA7AD-968E-4990-B342-1B4B17C850DF}.Release|x64.ActiveCfg = Release|Any CPU
		{F2DFEB00-BB35-4665-85EA-CB8C7729A6B7}.Debug|Any CPU.ActiveCfg = Debug|Any CPU
		{F2DFEB00-BB35-4665-85EA-CB8C7729A6B7}.Debug|Any CPU.Build.0 = Debug|Any CPU
		{F2DFEB00-BB35-4665-85EA-CB8C7729A6B7}.Debug|Win32.ActiveCfg = Debug|Any CPU
		{F2DFEB00-BB35-4665-85EA-CB8C7729A6B7}.Debug|x64.ActiveCfg = Debug|Any CPU
		{F2DFEB00-BB35-4665-85EA-CB8C7729A6B7}.Release|Any CPU.ActiveCfg = Release|Any CPU
		{F2DFEB00-BB35-4665-85EA-CB8C7729A6B7}.Release|Any CPU.Build.0 = Release|Any CPU
		{F2DFEB00-BB35-4665-85EA-CB8C7729A6B7}.Release|Win32.ActiveCfg = Release|Any CPU
		{F2DFEB00-BB35-4665-85EA-CB8C7729A6B7}.Release|x64.ActiveCfg = Release|Any CPU
		{A05B6AA6-0EC3-495D-BCC4-ECE1210071A8}.Debug|Any CPU.ActiveCfg = Debug|Any CPU
		{A05B6AA6-0EC3-495D-BCC4-ECE1210071A8}.Debug|Any CPU.Build.0 = Debug|Any CPU
		{A05B6AA6-0EC3-495D-BCC4-ECE1210071A8}.Debug|Win32.ActiveCfg = Debug|Any CPU
		{A05B6AA6-0EC3-495D-BCC4-ECE1210071A8}.Debug|x64.ActiveCfg = Debug|Any CPU
		{A05B6AA6-0EC3-495D-BCC4-ECE1210071A8}.Release|Any CPU.ActiveCfg = Release|Any CPU
		{A05B6AA6-0EC3-495D-BCC4-ECE1210071A8}.Release|Any CPU.Build.0 = Release|Any CPU
		{A05B6AA6-0EC3-495D-BCC4-ECE1210071A8}.Release|Win32.ActiveCfg = Release|Any CPU
		{A05B6AA6-0EC3-495D-BCC4-ECE1210071A8}.Release|x64.ActiveCfg = Release|Any CPU
		{8CF07381-BEA2-4AFC-B3DD-9B2F21C65A3A}.Debug|Any CPU.ActiveCfg = Debug|Any CPU
		{8CF07381-BEA2-4AFC-B3DD-9B2F21C65A3A}.Debug|Any CPU.Build.0 = Debug|Any CPU
		{8CF07381-BEA2-4AFC-B3DD-9B2F21C65A3A}.Debug|Win32.ActiveCfg = Debug|Any CPU
		{8CF07381-BEA2-4AFC-B3DD-9B2F21C65A3A}.Debug|x64.ActiveCfg = Debug|Any CPU
		{8CF07381-BEA2-4AFC-B3DD-9B2F21C65A3A}.Release|Any CPU.ActiveCfg = Release|Any CPU
		{8CF07381-BEA2-4AFC-B3DD-9B2F21C65A3A}.Release|Any CPU.Build.0 = Release|Any CPU
		{8CF07381-BEA2-4AFC-B3DD-9B2F21C65A3A}.Release|Win32.ActiveCfg = Release|Any CPU
		{8CF07381-BEA2-4AFC-B3DD-9B2F21C65A3A}.Release|x64.ActiveCfg = Release|Any CPU
		{9253A314-1821-42BF-B02F-2BF986B1765D}.Debug|Any CPU.ActiveCfg = Debug|Any CPU
		{9253A314-1821-42BF-B02F-2BF986B1765D}.Debug|Any CPU.Build.0 = Debug|Any CPU
		{9253A314-1821-42BF-B02F-2BF986B1765D}.Debug|Win32.ActiveCfg = Debug|Any CPU
		{9253A314-1821-42BF-B02F-2BF986B1765D}.Debug|x64.ActiveCfg = Debug|Any CPU
		{9253A314-1821-42BF-B02F-2BF986B1765D}.Release|Any CPU.ActiveCfg = Release|Any CPU
		{9253A314-1821-42BF-B02F-2BF986B1765D}.Release|Any CPU.Build.0 = Release|Any CPU
		{9253A314-1821-42BF-B02F-2BF986B1765D}.Release|Win32.ActiveCfg = Release|Any CPU
		{9253A314-1821-42BF-B02F-2BF986B1765D}.Release|x64.ActiveCfg = Release|Any CPU
		{1DD41038-D885-46C5-8DDE-E0B82F066584}.Debug|Any CPU.ActiveCfg = Debug|Any CPU
		{1DD41038-D885-46C5-8DDE-E0B82F066584}.Debug|Any CPU.Build.0 = Debug|Any CPU
		{1DD41038-D885-46C5-8DDE-E0B82F066584}.Debug|Win32.ActiveCfg = Debug|Any CPU
		{1DD41038-D885-46C5-8DDE-E0B82F066584}.Debug|x64.ActiveCfg = Debug|Any CPU
		{1DD41038-D885-46C5-8DDE-E0B82F066584}.Release|Any CPU.ActiveCfg = Release|Any CPU
		{1DD41038-D885-46C5-8DDE-E0B82F066584}.Release|Any CPU.Build.0 = Release|Any CPU
		{1DD41038-D885-46C5-8DDE-E0B82F066584}.Release|Win32.ActiveCfg = Release|Any CPU
		{1DD41038-D885-46C5-8DDE-E0B82F066584}.Release|x64.ActiveCfg = Release|Any CPU
		{5802C7E9-157E-4124-946D-70B5AE48A5A1}.Debug|Any CPU.ActiveCfg = Debug|Any CPU
		{5802C7E9-157E-4124-946D-70B5AE48A5A1}.Debug|Any CPU.Build.0 = Debug|Any CPU
		{5802C7E9-157E-4124-946D-70B5AE48A5A1}.Debug|Win32.ActiveCfg = Debug|Any CPU
		{5802C7E9-157E-4124-946D-70B5AE48A5A1}.Debug|x64.ActiveCfg = Debug|Any CPU
		{5802C7E9-157E-4124-946D-70B5AE48A5A1}.Release|Any CPU.ActiveCfg = Release|Any CPU
		{5802C7E9-157E-4124-946D-70B5AE48A5A1}.Release|Any CPU.Build.0 = Release|Any CPU
		{5802C7E9-157E-4124-946D-70B5AE48A5A1}.Release|Win32.ActiveCfg = Release|Any CPU
		{5802C7E9-157E-4124-946D-70B5AE48A5A1}.Release|x64.ActiveCfg = Release|Any CPU
		{74C2036B-2C9B-4FC8-B7BD-AE81A8DCE533}.Debug|Any CPU.ActiveCfg = Debug|Any CPU
		{74C2036B-2C9B-4FC8-B7BD-AE81A8DCE533}.Debug|Any CPU.Build.0 = Debug|Any CPU
		{74C2036B-2C9B-4FC8-B7BD-AE81A8DCE533}.Debug|Win32.ActiveCfg = Debug|Any CPU
		{74C2036B-2C9B-4FC8-B7BD-AE81A8DCE533}.Debug|x64.ActiveCfg = Debug|Any CPU
		{74C2036B-2C9B-4FC8-B7BD-AE81A8DCE533}.Debug|x64.Build.0 = Debug|Any CPU
		{74C2036B-2C9B-4FC8-B7BD-AE81A8DCE533}.Release|Any CPU.ActiveCfg = Release|Any CPU
		{74C2036B-2C9B-4FC8-B7BD-AE81A8DCE533}.Release|Any CPU.Build.0 = Release|Any CPU
		{74C2036B-2C9B-4FC8-B7BD-AE81A8DCE533}.Release|Win32.ActiveCfg = Release|Any CPU
		{74C2036B-2C9B-4FC8-B7BD-AE81A8DCE533}.Release|x64.ActiveCfg = Release|Any CPU
		{39B43BBB-BAFC-4D85-9BEA-3BCB7EFED89C}.Debug|Any CPU.ActiveCfg = Debug|Any CPU
		{39B43BBB-BAFC-4D85-9BEA-3BCB7EFED89C}.Debug|Any CPU.Build.0 = Debug|Any CPU
		{39B43BBB-BAFC-4D85-9BEA-3BCB7EFED89C}.Debug|Win32.ActiveCfg = Debug|Any CPU
		{39B43BBB-BAFC-4D85-9BEA-3BCB7EFED89C}.Debug|x64.ActiveCfg = Debug|Any CPU
		{39B43BBB-BAFC-4D85-9BEA-3BCB7EFED89C}.Release|Any CPU.ActiveCfg = Release|Any CPU
		{39B43BBB-BAFC-4D85-9BEA-3BCB7EFED89C}.Release|Any CPU.Build.0 = Release|Any CPU
		{39B43BBB-BAFC-4D85-9BEA-3BCB7EFED89C}.Release|Win32.ActiveCfg = Release|Any CPU
		{39B43BBB-BAFC-4D85-9BEA-3BCB7EFED89C}.Release|x64.ActiveCfg = Release|Any CPU
		{5ADCFD6D-BFEA-4B10-BB45-9083BBB56AF4}.Debug|Any CPU.ActiveCfg = Debug|Any CPU
		{5ADCFD6D-BFEA-4B10-BB45-9083BBB56AF4}.Debug|Any CPU.Build.0 = Debug|Any CPU
		{5ADCFD6D-BFEA-4B10-BB45-9083BBB56AF4}.Debug|Win32.ActiveCfg = Debug|Any CPU
		{5ADCFD6D-BFEA-4B10-BB45-9083BBB56AF4}.Debug|x64.ActiveCfg = Debug|Any CPU
		{5ADCFD6D-BFEA-4B10-BB45-9083BBB56AF4}.Debug|x64.Build.0 = Debug|Any CPU
		{5ADCFD6D-BFEA-4B10-BB45-9083BBB56AF4}.Release|Any CPU.ActiveCfg = Release|Any CPU
		{5ADCFD6D-BFEA-4B10-BB45-9083BBB56AF4}.Release|Any CPU.Build.0 = Release|Any CPU
		{5ADCFD6D-BFEA-4B10-BB45-9083BBB56AF4}.Release|Win32.ActiveCfg = Release|Any CPU
		{5ADCFD6D-BFEA-4B10-BB45-9083BBB56AF4}.Release|x64.ActiveCfg = Release|Any CPU
		{B3DF599C-1C8F-451D-91E4-DD766210DA1F}.Debug|Any CPU.ActiveCfg = Debug|Win32
		{B3DF599C-1C8F-451D-91E4-DD766210DA1F}.Debug|Win32.ActiveCfg = Debug|Win32
		{B3DF599C-1C8F-451D-91E4-DD766210DA1F}.Debug|Win32.Build.0 = Debug|Win32
		{B3DF599C-1C8F-451D-91E4-DD766210DA1F}.Debug|x64.ActiveCfg = Debug|x64
		{B3DF599C-1C8F-451D-91E4-DD766210DA1F}.Debug|x64.Build.0 = Debug|x64
		{B3DF599C-1C8F-451D-91E4-DD766210DA1F}.Release|Any CPU.ActiveCfg = Release|Win32
		{B3DF599C-1C8F-451D-91E4-DD766210DA1F}.Release|Win32.ActiveCfg = Release|Win32
		{B3DF599C-1C8F-451D-91E4-DD766210DA1F}.Release|Win32.Build.0 = Release|Win32
		{B3DF599C-1C8F-451D-91E4-DD766210DA1F}.Release|x64.ActiveCfg = Release|x64
		{B3DF599C-1C8F-451D-91E4-DD766210DA1F}.Release|x64.Build.0 = Release|x64
		{1D1E99BC-6D22-41C0-BD94-FF4DD5EC725B}.Debug|Any CPU.ActiveCfg = Debug|Win32
		{1D1E99BC-6D22-41C0-BD94-FF4DD5EC725B}.Debug|Win32.ActiveCfg = Debug|Win32
		{1D1E99BC-6D22-41C0-BD94-FF4DD5EC725B}.Debug|Win32.Build.0 = Debug|Win32
		{1D1E99BC-6D22-41C0-BD94-FF4DD5EC725B}.Debug|x64.ActiveCfg = Debug|x64
		{1D1E99BC-6D22-41C0-BD94-FF4DD5EC725B}.Debug|x64.Build.0 = Debug|x64
		{1D1E99BC-6D22-41C0-BD94-FF4DD5EC725B}.Release|Any CPU.ActiveCfg = Release|Win32
		{1D1E99BC-6D22-41C0-BD94-FF4DD5EC725B}.Release|Win32.ActiveCfg = Release|Win32
		{1D1E99BC-6D22-41C0-BD94-FF4DD5EC725B}.Release|Win32.Build.0 = Release|Win32
		{1D1E99BC-6D22-41C0-BD94-FF4DD5EC725B}.Release|x64.ActiveCfg = Release|x64
		{1D1E99BC-6D22-41C0-BD94-FF4DD5EC725B}.Release|x64.Build.0 = Release|x64
		{115CC5B0-0385-41CD-8A23-6A7EA4C51926}.Debug|Any CPU.ActiveCfg = Debug|Any CPU
		{115CC5B0-0385-41CD-8A23-6A7EA4C51926}.Debug|Any CPU.Build.0 = Debug|Any CPU
		{115CC5B0-0385-41CD-8A23-6A7EA4C51926}.Debug|Win32.ActiveCfg = Debug|Any CPU
		{115CC5B0-0385-41CD-8A23-6A7EA4C51926}.Debug|x64.ActiveCfg = Debug|Any CPU
		{115CC5B0-0385-41CD-8A23-6A7EA4C51926}.Release|Any CPU.ActiveCfg = Release|Any CPU
		{115CC5B0-0385-41CD-8A23-6A7EA4C51926}.Release|Any CPU.Build.0 = Release|Any CPU
		{115CC5B0-0385-41CD-8A23-6A7EA4C51926}.Release|Win32.ActiveCfg = Release|Any CPU
		{115CC5B0-0385-41CD-8A23-6A7EA4C51926}.Release|x64.ActiveCfg = Release|Any CPU
		{CA4D64E6-6544-4A29-8BA5-7DB08D50D072}.Debug|Any CPU.ActiveCfg = Debug|Any CPU
		{CA4D64E6-6544-4A29-8BA5-7DB08D50D072}.Debug|Any CPU.Build.0 = Debug|Any CPU
		{CA4D64E6-6544-4A29-8BA5-7DB08D50D072}.Debug|Win32.ActiveCfg = Debug|Any CPU
		{CA4D64E6-6544-4A29-8BA5-7DB08D50D072}.Debug|x64.ActiveCfg = Debug|Any CPU
		{CA4D64E6-6544-4A29-8BA5-7DB08D50D072}.Release|Any CPU.ActiveCfg = Release|Any CPU
		{CA4D64E6-6544-4A29-8BA5-7DB08D50D072}.Release|Any CPU.Build.0 = Release|Any CPU
		{CA4D64E6-6544-4A29-8BA5-7DB08D50D072}.Release|Win32.ActiveCfg = Release|Any CPU
		{CA4D64E6-6544-4A29-8BA5-7DB08D50D072}.Release|x64.ActiveCfg = Release|Any CPU
		{082D6B9E-326E-4D15-9798-EDAE9EDE70A6}.Debug|Any CPU.ActiveCfg = Debug|Any CPU
		{082D6B9E-326E-4D15-9798-EDAE9EDE70A6}.Debug|Any CPU.Build.0 = Debug|Any CPU
		{082D6B9E-326E-4D15-9798-EDAE9EDE70A6}.Debug|Win32.ActiveCfg = Debug|Any CPU
		{082D6B9E-326E-4D15-9798-EDAE9EDE70A6}.Debug|x64.ActiveCfg = Debug|Any CPU
		{082D6B9E-326E-4D15-9798-EDAE9EDE70A6}.Debug|x64.Build.0 = Debug|Any CPU
		{082D6B9E-326E-4D15-9798-EDAE9EDE70A6}.Release|Any CPU.ActiveCfg = Release|Any CPU
		{082D6B9E-326E-4D15-9798-EDAE9EDE70A6}.Release|Any CPU.Build.0 = Release|Any CPU
		{082D6B9E-326E-4D15-9798-EDAE9EDE70A6}.Release|Win32.ActiveCfg = Release|Any CPU
		{082D6B9E-326E-4D15-9798-EDAE9EDE70A6}.Release|x64.ActiveCfg = Release|Any CPU
		{2379BAAF-A406-4477-BF53-2D6A326C24C8}.Debug|Any CPU.ActiveCfg = Debug|Any CPU
		{2379BAAF-A406-4477-BF53-2D6A326C24C8}.Debug|Any CPU.Build.0 = Debug|Any CPU
		{2379BAAF-A406-4477-BF53-2D6A326C24C8}.Debug|Win32.ActiveCfg = Debug|Any CPU
		{2379BAAF-A406-4477-BF53-2D6A326C24C8}.Debug|x64.ActiveCfg = Debug|Any CPU
		{2379BAAF-A406-4477-BF53-2D6A326C24C8}.Debug|x64.Build.0 = Debug|Any CPU
		{2379BAAF-A406-4477-BF53-2D6A326C24C8}.Release|Any CPU.ActiveCfg = Release|Any CPU
		{2379BAAF-A406-4477-BF53-2D6A326C24C8}.Release|Any CPU.Build.0 = Release|Any CPU
		{2379BAAF-A406-4477-BF53-2D6A326C24C8}.Release|Win32.ActiveCfg = Release|Any CPU
		{2379BAAF-A406-4477-BF53-2D6A326C24C8}.Release|x64.ActiveCfg = Release|Any CPU
		{8E6E1763-39AE-491D-A10F-44C8844ABA5B}.Debug|Any CPU.ActiveCfg = Debug|Any CPU
		{8E6E1763-39AE-491D-A10F-44C8844ABA5B}.Debug|Any CPU.Build.0 = Debug|Any CPU
		{8E6E1763-39AE-491D-A10F-44C8844ABA5B}.Debug|Win32.ActiveCfg = Debug|Any CPU
		{8E6E1763-39AE-491D-A10F-44C8844ABA5B}.Debug|x64.ActiveCfg = Debug|Any CPU
		{8E6E1763-39AE-491D-A10F-44C8844ABA5B}.Release|Any CPU.ActiveCfg = Release|Any CPU
		{8E6E1763-39AE-491D-A10F-44C8844ABA5B}.Release|Any CPU.Build.0 = Release|Any CPU
		{8E6E1763-39AE-491D-A10F-44C8844ABA5B}.Release|Win32.ActiveCfg = Release|Any CPU
		{8E6E1763-39AE-491D-A10F-44C8844ABA5B}.Release|x64.ActiveCfg = Release|Any CPU
		{DFE50673-906C-4B8F-993B-A24CAD1CA17D}.Debug|Any CPU.ActiveCfg = Debug|Any CPU
		{DFE50673-906C-4B8F-993B-A24CAD1CA17D}.Debug|Any CPU.Build.0 = Debug|Any CPU
		{DFE50673-906C-4B8F-993B-A24CAD1CA17D}.Debug|Win32.ActiveCfg = Debug|Any CPU
		{DFE50673-906C-4B8F-993B-A24CAD1CA17D}.Debug|x64.ActiveCfg = Debug|Any CPU
		{DFE50673-906C-4B8F-993B-A24CAD1CA17D}.Debug|x64.Build.0 = Debug|Any CPU
		{DFE50673-906C-4B8F-993B-A24CAD1CA17D}.Release|Any CPU.ActiveCfg = Release|Any CPU
		{DFE50673-906C-4B8F-993B-A24CAD1CA17D}.Release|Any CPU.Build.0 = Release|Any CPU
		{DFE50673-906C-4B8F-993B-A24CAD1CA17D}.Release|Win32.ActiveCfg = Release|Any CPU
		{DFE50673-906C-4B8F-993B-A24CAD1CA17D}.Release|x64.ActiveCfg = Release|Any CPU
		{1FCA8834-34E6-47CF-B53F-D8DF49F0819E}.Debug|Any CPU.ActiveCfg = Debug|Any CPU
		{1FCA8834-34E6-47CF-B53F-D8DF49F0819E}.Debug|Any CPU.Build.0 = Debug|Any CPU
		{1FCA8834-34E6-47CF-B53F-D8DF49F0819E}.Debug|Win32.ActiveCfg = Debug|Any CPU
		{1FCA8834-34E6-47CF-B53F-D8DF49F0819E}.Debug|x64.ActiveCfg = Debug|Any CPU
		{1FCA8834-34E6-47CF-B53F-D8DF49F0819E}.Debug|x64.Build.0 = Debug|Any CPU
		{1FCA8834-34E6-47CF-B53F-D8DF49F0819E}.Release|Any CPU.ActiveCfg = Release|Any CPU
		{1FCA8834-34E6-47CF-B53F-D8DF49F0819E}.Release|Any CPU.Build.0 = Release|Any CPU
		{1FCA8834-34E6-47CF-B53F-D8DF49F0819E}.Release|Win32.ActiveCfg = Release|Any CPU
		{1FCA8834-34E6-47CF-B53F-D8DF49F0819E}.Release|x64.ActiveCfg = Release|Any CPU
		{DDE1EA77-637C-4D5F-96F3-1328BC45CE80}.Debug|Any CPU.ActiveCfg = Debug|Any CPU
		{DDE1EA77-637C-4D5F-96F3-1328BC45CE80}.Debug|Any CPU.Build.0 = Debug|Any CPU
		{DDE1EA77-637C-4D5F-96F3-1328BC45CE80}.Debug|Win32.ActiveCfg = Debug|Any CPU
		{DDE1EA77-637C-4D5F-96F3-1328BC45CE80}.Debug|x64.ActiveCfg = Debug|Any CPU
		{DDE1EA77-637C-4D5F-96F3-1328BC45CE80}.Release|Any CPU.ActiveCfg = Release|Any CPU
		{DDE1EA77-637C-4D5F-96F3-1328BC45CE80}.Release|Any CPU.Build.0 = Release|Any CPU
		{DDE1EA77-637C-4D5F-96F3-1328BC45CE80}.Release|Win32.ActiveCfg = Release|Any CPU
		{DDE1EA77-637C-4D5F-96F3-1328BC45CE80}.Release|x64.ActiveCfg = Release|Any CPU
		{FC4BCF9B-F4C7-41AD-8A16-2A90A082954A}.Debug|Any CPU.ActiveCfg = Debug|Any CPU
		{FC4BCF9B-F4C7-41AD-8A16-2A90A082954A}.Debug|Any CPU.Build.0 = Debug|Any CPU
		{FC4BCF9B-F4C7-41AD-8A16-2A90A082954A}.Debug|Win32.ActiveCfg = Debug|Any CPU
		{FC4BCF9B-F4C7-41AD-8A16-2A90A082954A}.Debug|x64.ActiveCfg = Debug|Any CPU
		{FC4BCF9B-F4C7-41AD-8A16-2A90A082954A}.Release|Any CPU.ActiveCfg = Release|Any CPU
		{FC4BCF9B-F4C7-41AD-8A16-2A90A082954A}.Release|Any CPU.Build.0 = Release|Any CPU
		{FC4BCF9B-F4C7-41AD-8A16-2A90A082954A}.Release|Win32.ActiveCfg = Release|Any CPU
		{FC4BCF9B-F4C7-41AD-8A16-2A90A082954A}.Release|x64.ActiveCfg = Release|Any CPU
		{04945FB2-8410-4F14-8262-2ED18DCDACD6}.Debug|Any CPU.ActiveCfg = Debug|Any CPU
		{04945FB2-8410-4F14-8262-2ED18DCDACD6}.Debug|Any CPU.Build.0 = Debug|Any CPU
		{04945FB2-8410-4F14-8262-2ED18DCDACD6}.Debug|Win32.ActiveCfg = Debug|Any CPU
		{04945FB2-8410-4F14-8262-2ED18DCDACD6}.Debug|x64.ActiveCfg = Debug|Any CPU
		{04945FB2-8410-4F14-8262-2ED18DCDACD6}.Debug|x64.Build.0 = Debug|Any CPU
		{04945FB2-8410-4F14-8262-2ED18DCDACD6}.Release|Any CPU.ActiveCfg = Release|Any CPU
		{04945FB2-8410-4F14-8262-2ED18DCDACD6}.Release|Any CPU.Build.0 = Release|Any CPU
		{04945FB2-8410-4F14-8262-2ED18DCDACD6}.Release|Win32.ActiveCfg = Release|Any CPU
		{04945FB2-8410-4F14-8262-2ED18DCDACD6}.Release|x64.ActiveCfg = Release|Any CPU
		{A430AD28-B76A-4ED0-AF7D-D13B8969297F}.Debug|Any CPU.ActiveCfg = Debug|Any CPU
		{A430AD28-B76A-4ED0-AF7D-D13B8969297F}.Debug|Any CPU.Build.0 = Debug|Any CPU
		{A430AD28-B76A-4ED0-AF7D-D13B8969297F}.Debug|Win32.ActiveCfg = Debug|Any CPU
		{A430AD28-B76A-4ED0-AF7D-D13B8969297F}.Debug|x64.ActiveCfg = Debug|Any CPU
		{A430AD28-B76A-4ED0-AF7D-D13B8969297F}.Release|Any CPU.ActiveCfg = Release|Any CPU
		{A430AD28-B76A-4ED0-AF7D-D13B8969297F}.Release|Any CPU.Build.0 = Release|Any CPU
		{A430AD28-B76A-4ED0-AF7D-D13B8969297F}.Release|Win32.ActiveCfg = Release|Any CPU
		{A430AD28-B76A-4ED0-AF7D-D13B8969297F}.Release|x64.ActiveCfg = Release|Any CPU
		{14EE067E-C218-4625-9540-2361AB27C4A6}.Debug|Any CPU.ActiveCfg = Debug|Any CPU
		{14EE067E-C218-4625-9540-2361AB27C4A6}.Debug|Any CPU.Build.0 = Debug|Any CPU
		{14EE067E-C218-4625-9540-2361AB27C4A6}.Debug|Win32.ActiveCfg = Debug|Any CPU
		{14EE067E-C218-4625-9540-2361AB27C4A6}.Debug|x64.ActiveCfg = Debug|Any CPU
		{14EE067E-C218-4625-9540-2361AB27C4A6}.Release|Any CPU.ActiveCfg = Release|Any CPU
		{14EE067E-C218-4625-9540-2361AB27C4A6}.Release|Any CPU.Build.0 = Release|Any CPU
		{14EE067E-C218-4625-9540-2361AB27C4A6}.Release|Win32.ActiveCfg = Release|Any CPU
		{14EE067E-C218-4625-9540-2361AB27C4A6}.Release|x64.ActiveCfg = Release|Any CPU
		{EA2CAE21-940C-4F51-A802-E02ABB97A9B5}.Debug|Any CPU.ActiveCfg = Debug|Any CPU
		{EA2CAE21-940C-4F51-A802-E02ABB97A9B5}.Debug|Any CPU.Build.0 = Debug|Any CPU
		{EA2CAE21-940C-4F51-A802-E02ABB97A9B5}.Debug|Win32.ActiveCfg = Debug|Any CPU
		{EA2CAE21-940C-4F51-A802-E02ABB97A9B5}.Debug|x64.ActiveCfg = Debug|Any CPU
		{EA2CAE21-940C-4F51-A802-E02ABB97A9B5}.Release|Any CPU.ActiveCfg = Release|Any CPU
		{EA2CAE21-940C-4F51-A802-E02ABB97A9B5}.Release|Any CPU.Build.0 = Release|Any CPU
		{EA2CAE21-940C-4F51-A802-E02ABB97A9B5}.Release|Win32.ActiveCfg = Release|Any CPU
		{EA2CAE21-940C-4F51-A802-E02ABB97A9B5}.Release|x64.ActiveCfg = Release|Any CPU
		{D2700165-3E77-4B28-928D-551F5FC11954}.Debug|Any CPU.ActiveCfg = Debug|Any CPU
		{D2700165-3E77-4B28-928D-551F5FC11954}.Debug|Any CPU.Build.0 = Debug|Any CPU
		{D2700165-3E77-4B28-928D-551F5FC11954}.Debug|Win32.ActiveCfg = Debug|Any CPU
		{D2700165-3E77-4B28-928D-551F5FC11954}.Debug|x64.ActiveCfg = Debug|Any CPU
		{D2700165-3E77-4B28-928D-551F5FC11954}.Release|Any CPU.ActiveCfg = Release|Any CPU
		{D2700165-3E77-4B28-928D-551F5FC11954}.Release|Any CPU.Build.0 = Release|Any CPU
		{D2700165-3E77-4B28-928D-551F5FC11954}.Release|Win32.ActiveCfg = Release|Any CPU
		{D2700165-3E77-4B28-928D-551F5FC11954}.Release|x64.ActiveCfg = Release|Any CPU
	EndGlobalSection
	GlobalSection(SolutionProperties) = preSolution
		HideSolutionNode = FALSE
	EndGlobalSection
	GlobalSection(NestedProjects) = preSolution
		{39A17A65-E893-44B8-A312-DDCDD990D9D1} = {FD0D49DB-8F02-4A64-A9A3-A5AF54481770}
		{32338A04-5B6B-4C63-8EE7-C6400F73B5D7} = {FD0D49DB-8F02-4A64-A9A3-A5AF54481770}
		{93B7AE1D-DEF6-4A04-A222-5CDE09DF262D} = {FD0D49DB-8F02-4A64-A9A3-A5AF54481770}
		{FD1DD69E-EC51-443D-B6A7-908B8E0EF9E2} = {FD0D49DB-8F02-4A64-A9A3-A5AF54481770}
		{8B179853-B7D6-479C-B8B2-6CBCE835D040} = {39A17A65-E893-44B8-A312-DDCDD990D9D1}
		{CC2E74B6-534A-43D8-9F16-AC03FE955000} = {39A17A65-E893-44B8-A312-DDCDD990D9D1}
		{1D1E99BC-6D22-41C0-BD94-FF4DD5EC725B} = {39A17A65-E893-44B8-A312-DDCDD990D9D1}
		{9AE965C4-301E-4C01-B90F-297AF341ACC6} = {39A17A65-E893-44B8-A312-DDCDD990D9D1}
		{E70FA90A-7012-4A52-86B5-362B699D1540} = {39A17A65-E893-44B8-A312-DDCDD990D9D1}
		{0B9C97D4-61B8-4294-A1DF-BA90752A1779} = {8B179853-B7D6-479C-B8B2-6CBCE835D040}
		{4CEFBC84-C215-11DB-8314-0800200C9A66} = {8B179853-B7D6-479C-B8B2-6CBCE835D040}
		{5CCCB9CF-0384-458F-BA08-72B73866840F} = {8B179853-B7D6-479C-B8B2-6CBCE835D040}
		{B3DF599C-1C8F-451D-91E4-DD766210DA1F} = {8B179853-B7D6-479C-B8B2-6CBCE835D040}
		{A574F3B1-E38B-4EE4-9394-49D6E2DF52EA} = {4B59E09C-A51F-4B80-91BE-987904DCEF7D}
		{9253A314-1821-42BF-B02F-2BF986B1765D} = {4B59E09C-A51F-4B80-91BE-987904DCEF7D}
		{A5A8D8FA-9E32-4010-8AAF-AE580C5AF728} = {4B59E09C-A51F-4B80-91BE-987904DCEF7D}
		{115CC5B0-0385-41CD-8A23-6A7EA4C51926} = {4B59E09C-A51F-4B80-91BE-987904DCEF7D}
		{2379BAAF-A406-4477-BF53-2D6A326C24C8} = {4B59E09C-A51F-4B80-91BE-987904DCEF7D}
		{8E6E1763-39AE-491D-A10F-44C8844ABA5B} = {4B59E09C-A51F-4B80-91BE-987904DCEF7D}
		{1FCA8834-34E6-47CF-B53F-D8DF49F0819E} = {4B59E09C-A51F-4B80-91BE-987904DCEF7D}
		{FC4BCF9B-F4C7-41AD-8A16-2A90A082954A} = {4B59E09C-A51F-4B80-91BE-987904DCEF7D}
		{082D6B9E-326E-4D15-9798-EDAE9EDE70A6} = {93B7AE1D-DEF6-4A04-A222-5CDE09DF262D}
		{DFE50673-906C-4B8F-993B-A24CAD1CA17D} = {93B7AE1D-DEF6-4A04-A222-5CDE09DF262D}
		{DDE1EA77-637C-4D5F-96F3-1328BC45CE80} = {93B7AE1D-DEF6-4A04-A222-5CDE09DF262D}
		{F2EC7193-D5E5-4252-9803-5CEB407E910F} = {93B7AE1D-DEF6-4A04-A222-5CDE09DF262D}
		{EA2CAE21-940C-4F51-A802-E02ABB97A9B5} = {FD1DD69E-EC51-443D-B6A7-908B8E0EF9E2}
		{8427CAA5-80B8-4952-9A68-5F3DFCFBDF40} = {FD1DD69E-EC51-443D-B6A7-908B8E0EF9E2}
		{B36BE134-D85A-437E-AB61-2DA1CCDE06C1} = {90FD290C-5D65-42A6-AC9C-928730432116}
		{8CF07381-BEA2-4AFC-B3DD-9B2F21C65A3A} = {90FD290C-5D65-42A6-AC9C-928730432116}
		{39B43BBB-BAFC-4D85-9BEA-3BCB7EFED89C} = {90FD290C-5D65-42A6-AC9C-928730432116}
		{D2700165-3E77-4B28-928D-551F5FC11954} = {90FD290C-5D65-42A6-AC9C-928730432116}
		{F2DFEB00-BB35-4665-85EA-CB8C7729A6B7} = {B36BE134-D85A-437E-AB61-2DA1CCDE06C1}
		{A05B6AA6-0EC3-495D-BCC4-ECE1210071A8} = {B36BE134-D85A-437E-AB61-2DA1CCDE06C1}
		{B75FA7AD-968E-4990-B342-1B4B17C850DF} = {B36BE134-D85A-437E-AB61-2DA1CCDE06C1}
		{A430AD28-B76A-4ED0-AF7D-D13B8969297F} = {D9D97BB6-002F-4858-8EF2-49B4C4C4DDB4}
		{04945FB2-8410-4F14-8262-2ED18DCDACD6} = {D9D97BB6-002F-4858-8EF2-49B4C4C4DDB4}
		{9A0D1EB8-269E-4165-971C-541C96AA506F} = {5D823ABE-D280-4800-824C-2633CBAB2EA9}
		{0E404B8B-FF82-427F-ADE4-77B54A29219F} = {5D823ABE-D280-4800-824C-2633CBAB2EA9}
	EndGlobalSection
EndGlobal
