
Microsoft Visual Studio Solution File, Format Version 12.00
# Visual Studio 15
VisualStudioVersion = 15.0.27130.2036
MinimumVisualStudioVersion = 10.0.40219.1
Project("{2150E333-8FDC-42A3-9474-1A3956D46DE8}") = "CodecLibs", "CodecLibs", "{8B179853-B7D6-479C-B8B2-6CBCE835D040}"
EndProject
Project("{2150E333-8FDC-42A3-9474-1A3956D46DE8}") = "BWGBurn", "BWGBurn", "{B36BE134-D85A-437E-AB61-2DA1CCDE06C1}"
EndProject
Project("{2150E333-8FDC-42A3-9474-1A3956D46DE8}") = "Console Apps", "Console Apps", "{4B59E09C-A51F-4B80-91BE-987904DCEF7D}"
EndProject
Project("{2150E333-8FDC-42A3-9474-1A3956D46DE8}") = "Solution Items", "Solution Items", "{366B7C6D-3A2C-4767-9121-4FBB550B5DE2}"
	ProjectSection(SolutionItems) = preProject
		CUETools1.vsmdi = CUETools1.vsmdi
		localtestrun.testrunconfig = localtestrun.testrunconfig
	EndProjectSection
EndProject
Project("{2150E333-8FDC-42A3-9474-1A3956D46DE8}") = "Native Codecs", "Native Codecs", "{39A17A65-E893-44B8-A312-DDCDD990D9D1}"
EndProject
Project("{2150E333-8FDC-42A3-9474-1A3956D46DE8}") = "Plugins", "Plugins", "{FD0D49DB-8F02-4A64-A9A3-A5AF54481770}"
EndProject
Project("{2150E333-8FDC-42A3-9474-1A3956D46DE8}") = "Managed Codecs", "Managed Codecs", "{93B7AE1D-DEF6-4A04-A222-5CDE09DF262D}"
EndProject
Project("{2150E333-8FDC-42A3-9474-1A3956D46DE8}") = "Tests", "Tests", "{D9D97BB6-002F-4858-8EF2-49B4C4C4DDB4}"
EndProject
Project("{2150E333-8FDC-42A3-9474-1A3956D46DE8}") = "Ripper", "Ripper", "{90FD290C-5D65-42A6-AC9C-928730432116}"
EndProject
Project("{2150E333-8FDC-42A3-9474-1A3956D46DE8}") = "Compression", "Compression", "{FD1DD69E-EC51-443D-B6A7-908B8E0EF9E2}"
EndProject
Project("{2150E333-8FDC-42A3-9474-1A3956D46DE8}") = "Third party binaries", "Third party binaries", "{5D823ABE-D280-4800-824C-2633CBAB2EA9}"
	ProjectSection(SolutionItems) = preProject
		..\ThirdParty\CSScriptLibrary.v1.1.dll = ..\ThirdParty\CSScriptLibrary.v1.1.dll
		..\ThirdParty\CUDA.NET.dll = ..\ThirdParty\CUDA.NET.dll
		..\ThirdParty\CUDA.NET.xml = ..\ThirdParty\CUDA.NET.xml
		..\ThirdParty\Freedb.dll = ..\ThirdParty\Freedb.dll
		..\ThirdParty\ICSharpCode.SharpZipLib.dll = ..\ThirdParty\ICSharpCode.SharpZipLib.dll
		..\ThirdParty\MusicBrainz.dll = ..\ThirdParty\MusicBrainz.dll
	EndProjectSection
EndProject
Project("{2150E333-8FDC-42A3-9474-1A3956D46DE8}") = "Win32", "Win32", "{9A0D1EB8-269E-4165-971C-541C96AA506F}"
	ProjectSection(SolutionItems) = preProject
		..\ThirdParty\Win32\hdcd.dll = ..\ThirdParty\Win32\hdcd.dll
		..\ThirdParty\Win32\libFLAC_dynamic.dll = ..\ThirdParty\Win32\libFLAC_dynamic.dll
		..\ThirdParty\Win32\unrar.dll = ..\ThirdParty\Win32\unrar.dll
	EndProjectSection
EndProject
Project("{2150E333-8FDC-42A3-9474-1A3956D46DE8}") = "x64", "x64", "{0E404B8B-FF82-427F-ADE4-77B54A29219F}"
	ProjectSection(SolutionItems) = preProject
		..\ThirdParty\x64\hdcd.dll = ..\ThirdParty\x64\hdcd.dll
		..\ThirdParty\x64\libFLAC_dynamic.dll = ..\ThirdParty\x64\libFLAC_dynamic.dll
		..\ThirdParty\x64\Unrar.dll = ..\ThirdParty\x64\Unrar.dll
	EndProjectSection
EndProject
Project("{2150E333-8FDC-42A3-9474-1A3956D46DE8}") = "Interop", "Interop", "{86BBE3FC-E4E5-4190-B675-C6745EAF4E64}"
EndProject
Project("{FAE04EC0-301F-11D3-BF4B-00C04F79EFBC}") = "CUETools", "CUETools.csproj", "{EF351583-A9CD-4530-92C3-20AC02136BC2}"
EndProject
Project("{9A19103F-16F7-4668-BE54-9A1E7A4F7556}") = "CUETools.ARCUE", "..\CUETools.ARCUE\CUETools.ARCUE.csproj", "{A5A8D8FA-9E32-4010-8AAF-AE580C5AF728}"
	ProjectSection(ProjectDependencies) = postProject
		{6458A13A-30EF-45A9-9D58-E5031B17BEE2} = {6458A13A-30EF-45A9-9D58-E5031B17BEE2}
		{AA2A9A7E-45FB-4632-AD85-85B0E556F818} = {AA2A9A7E-45FB-4632-AD85-85B0E556F818}
	EndProjectSection
EndProject
Project("{9A19103F-16F7-4668-BE54-9A1E7A4F7556}") = "CUETools.Processor", "..\CUETools.Processor\CUETools.Processor.csproj", "{4911BD82-49EF-4858-8B51-5394F86739A4}"
EndProject
Project("{9A19103F-16F7-4668-BE54-9A1E7A4F7556}") = "CUETools.Codecs.HDCD", "..\CUETools.Codecs.HDCD\CUETools.Codecs.HDCD.csproj", "{32338A04-5B6B-4C63-8EE7-C6400F73B5D7}"
EndProject
Project("{9A19103F-16F7-4668-BE54-9A1E7A4F7556}") = "CUETools.Codecs", "..\CUETools.Codecs\CUETools.Codecs.csproj", "{6458A13A-30EF-45A9-9D58-E5031B17BEE2}"
EndProject
Project("{9A19103F-16F7-4668-BE54-9A1E7A4F7556}") = "CUETools.Codecs.ALAC", "..\CUETools.Codecs.ALAC\CUETools.Codecs.ALAC.csproj", "{F2EC7193-D5E5-4252-9803-5CEB407E910F}"
EndProject
Project("{9A19103F-16F7-4668-BE54-9A1E7A4F7556}") = "CUETools.Compression.Rar", "..\CUETools.Compression.Rar\CUETools.Compression.Rar.csproj", "{8427CAA5-80B8-4952-9A68-5F3DFCFBDF40}"
EndProject
Project("{9A19103F-16F7-4668-BE54-9A1E7A4F7556}") = "CUETools.Codecs.LossyWAV", "..\CUETools.Codecs.LossyWAV\CUETools.Codecs.LossyWAV.csproj", "{8A0426FA-0BC2-4C49-A6E5-1F9A68156F19}"
EndProject
Project("{9A19103F-16F7-4668-BE54-9A1E7A4F7556}") = "CUETools.LossyWAV", "..\CUETools.LossyWAV\CUETools.LossyWAV.csproj", "{A574F3B1-E38B-4EE4-9394-49D6E2DF52EA}"
EndProject
Project("{9A19103F-16F7-4668-BE54-9A1E7A4F7556}") = "Bwg.Hardware", "..\Bwg.Hardware\Bwg.Hardware.csproj", "{B75FA7AD-968E-4990-B342-1B4B17C850DF}"
EndProject
Project("{9A19103F-16F7-4668-BE54-9A1E7A4F7556}") = "Bwg.Logging", "..\Bwg.Logging\Bwg.Logging.csproj", "{F2DFEB00-BB35-4665-85EA-CB8C7729A6B7}"
EndProject
Project("{9A19103F-16F7-4668-BE54-9A1E7A4F7556}") = "Bwg.Scsi", "..\Bwg.Scsi\Bwg.Scsi.csproj", "{A05B6AA6-0EC3-495D-BCC4-ECE1210071A8}"
EndProject
Project("{9A19103F-16F7-4668-BE54-9A1E7A4F7556}") = "CUETools.Ripper.SCSI", "..\CUETools.Ripper.SCSI\CUETools.Ripper.SCSI.csproj", "{8CF07381-BEA2-4AFC-B3DD-9B2F21C65A3A}"
EndProject
Project("{9A19103F-16F7-4668-BE54-9A1E7A4F7556}") = "CUETools.ConsoleRipper", "..\CUETools.Ripper.Console\CUETools.ConsoleRipper.csproj", "{9253A314-1821-42BF-B02F-2BF986B1765D}"
EndProject
Project("{9A19103F-16F7-4668-BE54-9A1E7A4F7556}") = "CUETools.CDImage", "..\CUETools.CDImage\CUETools.CDImage.csproj", "{1DD41038-D885-46C5-8DDE-E0B82F066584}"
EndProject
Project("{9A19103F-16F7-4668-BE54-9A1E7A4F7556}") = "CUETools.AccurateRip", "..\CUETools.AccurateRip\CUETools.AccurateRip.csproj", "{5802C7E9-157E-4124-946D-70B5AE48A5A1}"
EndProject
Project("{FAE04EC0-301F-11D3-BF4B-00C04F79EFBC}") = "CUERipper", "..\CUERipper\CUERipper.csproj", "{39B43BBB-BAFC-4D85-9BEA-3BCB7EFED89C}"
EndProject
Project("{FAE04EC0-301F-11D3-BF4B-00C04F79EFBC}") = "Freedb", "..\Freedb\Freedb.csproj", "{5ADCFD6D-BFEA-4B10-BB45-9083BBB56AF4}"
EndProject
Project("{8BC9CEB8-8B4A-11D0-8D11-00A0C91BC942}") = "TTALib", "..\ttalib-1.1\TTALib.vcxproj", "{B3DF599C-1C8F-451D-91E4-DD766210DA1F}"
EndProject
Project("{8BC9CEB8-8B4A-11D0-8D11-00A0C91BC942}") = "CUETools.Codecs.TTA", "..\CUETools.Codecs.TTA\CUETools.Codecs.TTA.vcxproj", "{1D1E99BC-6D22-41C0-BD94-FF4DD5EC725B}"
EndProject
Project("{9A19103F-16F7-4668-BE54-9A1E7A4F7556}") = "CUETools.Converter", "..\CUETools.Converter\CUETools.Converter.csproj", "{115CC5B0-0385-41CD-8A23-6A7EA4C51926}"
EndProject
Project("{9A19103F-16F7-4668-BE54-9A1E7A4F7556}") = "CUEControls", "..\CUEControls\CUEControls.csproj", "{CA4D64E6-6544-4A29-8BA5-7DB08D50D072}"
EndProject
Project("{9A19103F-16F7-4668-BE54-9A1E7A4F7556}") = "CUETools.Codecs.Flake", "..\CUETools.Codecs.Flake\CUETools.Codecs.Flake.csproj", "{082D6B9E-326E-4D15-9798-EDAE9EDE70A6}"
EndProject
Project("{9A19103F-16F7-4668-BE54-9A1E7A4F7556}") = "CUETools.Flake", "..\CUETools.Flake\CUETools.Flake.csproj", "{2379BAAF-A406-4477-BF53-2D6A326C24C8}"
EndProject
Project("{9A19103F-16F7-4668-BE54-9A1E7A4F7556}") = "CUETools.ALACEnc", "..\CUETools.ALACEnc\CUETools.ALACEnc.csproj", "{8E6E1763-39AE-491D-A10F-44C8844ABA5B}"
EndProject
Project("{FAE04EC0-301F-11D3-BF4B-00C04F79EFBC}") = "CUETools.TestCodecs", "CUETools.TestCodecs\CUETools.TestCodecs.csproj", "{04945FB2-8410-4F14-8262-2ED18DCDACD6}"
EndProject
Project("{FAE04EC0-301F-11D3-BF4B-00C04F79EFBC}") = "CUETools.TestProcessor", "CUETools.TestProcessor\CUETools.TestProcessor.csproj", "{A430AD28-B76A-4ED0-AF7D-D13B8969297F}"
EndProject
Project("{9A19103F-16F7-4668-BE54-9A1E7A4F7556}") = "CUETools.Compression", "..\CUETools.Compression\CUETools.Compression.csproj", "{14EE067E-C218-4625-9540-2361AB27C4A6}"
EndProject
Project("{9A19103F-16F7-4668-BE54-9A1E7A4F7556}") = "CUETools.Compression.Zip", "..\CUETools.Compression.Zip\CUETools.Compression.Zip.csproj", "{EA2CAE21-940C-4F51-A802-E02ABB97A9B5}"
EndProject
Project("{9A19103F-16F7-4668-BE54-9A1E7A4F7556}") = "CUETools.Ripper", "..\CUETools.Ripper\CUETools.Ripper.csproj", "{D2700165-3E77-4B28-928D-551F5FC11954}"
EndProject
Project("{FAE04EC0-301F-11D3-BF4B-00C04F79EFBC}") = "TestRipper", "TestRipper\TestRipper.csproj", "{5C8B61C0-BC3D-4316-B8A7-419D55BB5796}"
EndProject
Project("{9A19103F-16F7-4668-BE54-9A1E7A4F7556}") = "CUETools.Parity", "..\CUETools.Parity\CUETools.Parity.csproj", "{ECEB839C-171B-4535-958F-9899310A0342}"
EndProject
Project("{FAE04EC0-301F-11D3-BF4B-00C04F79EFBC}") = "CUETools.TestParity", "CUETools.TestParity\CUETools.TestParity.csproj", "{6C74652F-1EF4-459E-84F4-99D93D3D17DA}"
EndProject
Project("{9A19103F-16F7-4668-BE54-9A1E7A4F7556}") = "CUETools.CTDB", "..\CUETools.CTDB\CUETools.CTDB.csproj", "{AA2A9A7E-45FB-4632-AD85-85B0E556F818}"
EndProject
Project("{FAE04EC0-301F-11D3-BF4B-00C04F79EFBC}") = "ProgressODoom", "..\ProgressODoom\ProgressODoom.csproj", "{8DD1E84B-0B03-4C0B-9B42-1E49F75E7CB1}"
EndProject
Project("{FAE04EC0-301F-11D3-BF4B-00C04F79EFBC}") = "CUEPlayer", "..\CUEPlayer\CUEPlayer.csproj", "{04E59836-0C5A-4B9B-8899-848D56911758}"
EndProject
Project("{9A19103F-16F7-4668-BE54-9A1E7A4F7556}") = "CUETools.Codecs.CoreAudio", "..\CUETools.Codecs.CoreAudio\CUETools.Codecs.CoreAudio.csproj", "{FAD09EE2-D6B2-4A8E-9F1C-2A9FB293661A}"
EndProject
Project("{9A19103F-16F7-4668-BE54-9A1E7A4F7556}") = "CUETools.Codecs.libmp3lame", "..\CUETools.Codecs.libmp3lame\CUETools.Codecs.libmp3lame.csproj", "{1AF02E2C-2CB2-44B5-B417-37653071FEC6}"
EndProject
Project("{FAE04EC0-301F-11D3-BF4B-00C04F79EFBC}") = "CUETools.Codecs.DirectSound", "..\CUETools.Codecs.DirectSound\CUETools.Codecs.DirectSound.csproj", "{5A9FB016-6388-475D-AB33-6F86AD49FDAD}"
EndProject
Project("{9A19103F-16F7-4668-BE54-9A1E7A4F7556}") = "CUETools.DSP.Mixer", "..\CUETools.DSP.Mixer\CUETools.DSP.Mixer.csproj", "{AFF1AFF9-839D-4892-88CD-8BD09BAFC1D2}"
EndProject
Project("{9A19103F-16F7-4668-BE54-9A1E7A4F7556}") = "CUETools.DSP.Resampler", "..\CUETools.DSP.Resampler\CUETools.DSP.Resampler.csproj", "{A6303861-CA06-4C2C-A104-BA9291538F6F}"
EndProject
Project("{9A19103F-16F7-4668-BE54-9A1E7A4F7556}") = "CUETools.Codecs.Icecast", "..\CUETools.Codecs.Icecast\CUETools.Codecs.Icecast.csproj", "{8FC5DA7C-F6AC-4D04-85BC-1233DDF569E7}"
EndProject
Project("{FAE04EC0-301F-11D3-BF4B-00C04F79EFBC}") = "CUETools.Codecs.FLACCL", "..\CUETools.Codecs.FLACCL\CUETools.Codecs.FLACCL.csproj", "{DFE55765-564C-4B8F-993B-A94C4D1C212E}"
EndProject
Project("{FAE04EC0-301F-11D3-BF4B-00C04F79EFBC}") = "CUETools.FLACCL.cmd", "..\CUETools.FLACCL.cmd\CUETools.FLACCL.cmd.csproj", "{1FCA8834-34E6-47CF-B53F-D8DF35345363}"
EndProject
Project("{FAE04EC0-301F-11D3-BF4B-00C04F79EFBC}") = "CUETools.CTDB.EACPlugin", "..\CUETools.CTDB.EACPlugin\CUETools.CTDB.EACPlugin.csproj", "{816D964C-9772-46C5-AF1D-49E8C78A1E7C}"
EndProject
Project("{FAE04EC0-301F-11D3-BF4B-00C04F79EFBC}") = "CUETools.TestHelpers", "..\CUETools.TestHelpers\CUETools.TestHelpers.csproj", "{84EBB7CB-02C9-40A9-9D32-C641B822DAA2}"
EndProject
Project("{FAE04EC0-301F-11D3-BF4B-00C04F79EFBC}") = "CUETools.CLParity", "..\CUETools.CLParity\CUETools.CLParity.csproj", "{D41FEFF9-9D43-4049-BF9B-B13D9AC7E192}"
EndProject
Project("{54435603-DBB4-11D2-8724-00A0C9A8B90C}") = "CUETools.CTDB.EACPlugin.Installer", "..\CUETools.CTDB.EACPlugin.Installer\CUETools.CTDB.EACPlugin.Installer.vdproj", "{0AC7691C-562A-4879-8A11-6C7890BF659B}"
EndProject
Project("{9A19103F-16F7-4668-BE54-9A1E7A4F7556}") = "CUETools.CTDB.Converter", "..\CUETools.CTDB.Converter\CUETools.CTDB.Converter.csproj", "{F8C29953-A697-4462-82DC-DA7146654A64}"
EndProject
Project("{8BC9CEB8-8B4A-11D0-8D11-00A0C91BC942}") = "CUETools.AVX", "..\CUETools.AVX\CUETools.AVX.vcxproj", "{CC022842-F2E9-4016-82B8-65A264B642D5}"
EndProject
Project("{2150E333-8FDC-42A3-9474-1A3956D46DE8}") = "Third Party Libraries", "Third Party Libraries", "{7E402406-7E51-4F0D-8209-60824C1CD6E8}"
EndProject
Project("{9A19103F-16F7-4668-BE54-9A1E7A4F7556}") = "WindowsMediaLib", "..\ThirdParty\WindowsMediaLib\wmlib\src\WindowsMediaLib.csproj", "{7EA4160F-3BBD-47C9-A38C-4053B64B24A8}"
EndProject
Project("{9A19103F-16F7-4668-BE54-9A1E7A4F7556}") = "CUETools.Codecs.WMA", "..\CUETools.Codecs.WMA\CUETools.Codecs.WMA.csproj", "{082D6B9E-326E-4D15-9798-DE70A6EDAE9E}"
EndProject
Project("{9A19103F-16F7-4668-BE54-9A1E7A4F7556}") = "CUETools.Codecs.MPEG", "..\CUETools.Codecs.MPEG\CUETools.Codecs.MPEG.csproj", "{E75F7CCD-4266-42E1-A039-DC7EB5EDD8F6}"
EndProject
Project("{9A19103F-16F7-4668-BE54-9A1E7A4F7556}") = "CUETools.eac3to", "..\CUETools.eac3to\CUETools.eac3to.csproj", "{E3FF7539-6B22-4922-8FEF-6D26F2C2E3CE}"
EndProject
Project("{2150E333-8FDC-42A3-9474-1A3956D46DE8}") = "GUI", "GUI", "{BC0C1801-0212-4ECC-92D5-8F2D6F69E888}"
EndProject
Project("{FAE04EC0-301F-11D3-BF4B-00C04F79EFBC}") = "BLUTools", "..\CUETools.eac3ui\BLUTools.csproj", "{678875A6-6B3A-4AAC-83B6-D9A72D9016CF}"
EndProject
Project("{FAE04EC0-301F-11D3-BF4B-00C04F79EFBC}") = "CUERipper.WPF", "..\CUERipper.WPF\CUERipper.WPF.csproj", "{2D8D7A03-DFFA-44EF-9299-8BB56D122245}"
EndProject
Project("{9A19103F-16F7-4668-BE54-9A1E7A4F7556}") = "CUETools.CTDB.Types", "..\CUETools.CTDB.Types\CUETools.CTDB.Types.csproj", "{C36EFAA5-4F81-4A29-800D-BA866FF13BC8}"
EndProject
Project("{9A19103F-16F7-4668-BE54-9A1E7A4F7556}") = "CUETools.Codecs.libFLAC", "..\CUETools.Codecs.libFLAC\CUETools.Codecs.libFLAC.csproj", "{F10AB92C-9AFB-4FC0-94E0-06FCD3CA8155}"
EndProject
Project("{9A19103F-16F7-4668-BE54-9A1E7A4F7556}") = "taglib-sharp", "..\ThirdParty\taglib-sharp\src\taglib-sharp.csproj", "{1219A514-D3FA-40DB-BBB2-92CE05E35839}"
EndProject
Project("{8BC9CEB8-8B4A-11D0-8D11-00A0C91BC942}") = "libFLAC_dynamic", "..\ThirdParty\flac\src\libFLAC\libFLAC_dynamic.vcxproj", "{4CEFBC83-C215-11DB-8314-0800200C9A66}"
EndProject
Project("{8BC9CEB8-8B4A-11D0-8D11-00A0C91BC942}") = "MACLib", "..\ThirdParty\MAC_SDK\Source\Projects\VS2017\MACLib\MACLib.vcxproj", "{21BF980F-C022-4DCC-9250-7C73528E422B}"
EndProject
Project("{9A19103F-16F7-4668-BE54-9A1E7A4F7556}") = "OpenCLNet", "..\ThirdParty\openclnet\source\OpenCLNet.csproj", "{8373E3B2-16F0-4FD3-A13B-0B0248FFC228}"
EndProject
Project("{9A19103F-16F7-4668-BE54-9A1E7A4F7556}") = "CUETools.Codecs.libwavpack", "..\CUETools.Codecs.libwavpack\CUETools.Codecs.libwavpack.csproj", "{4D1B3411-F4F7-4E62-B7CB-A3AC3D530443}"
EndProject
Project("{8BC9CEB8-8B4A-11D0-8D11-00A0C91BC942}") = "libwavpack", "..\ThirdParty\WavPack\src\libwavpack.vcxproj", "{5CCCB9CF-0384-458F-BA08-72B73866840F}"
EndProject
Project("{8BC9CEB8-8B4A-11D0-8D11-00A0C91BC942}") = "wavpackdll", "..\ThirdParty\WavPack\wavpackdll\wavpackdll.vcxproj", "{1A87F412-BA74-4DBB-9F77-FD55C042FB63}"
EndProject
Project("{8BC9CEB8-8B4A-11D0-8D11-00A0C91BC942}") = "MACLibDll", "..\ThirdParty\MAC_SDK\Source\Projects\VS2017\MACLibDll\MACLibDll.vcxproj", "{CEE4A179-49FC-4D51-B045-F717D3A6C13A}"
EndProject
Project("{9A19103F-16F7-4668-BE54-9A1E7A4F7556}") = "CUETools.Codecs.MACLib", "..\CUETools.Codecs.MACLib\CUETools.Codecs.MACLib.csproj", "{8FE405A0-E837-4088-88AD-B63652E34790}"
EndProject
Project("{9A19103F-16F7-4668-BE54-9A1E7A4F7556}") = "CUETools.Codecs.ffmpeg", "..\CUETools.Codecs.ffmpeg\CUETools.Codecs.ffmpeg.csproj", "{A2C09014-C430-4E58-A323-306CCDF313C5}"
EndProject
Project("{9A19103F-16F7-4668-BE54-9A1E7A4F7556}") = "FFmpeg.AutoGen", "..\ThirdParty\FFmpeg.AutoGen\FFmpeg.AutoGen\FFmpeg.AutoGen.csproj", "{B0A0C17A-C1BC-4CB1-BE1E-F545F54A7923}"
EndProject
Project("{FAE04EC0-301F-11D3-BF4B-00C04F79EFBC}") = "CUETools.ChaptersToCue", "..\CUETools.ChaptersToCue\CUETools.ChaptersToCue.csproj", "{6ADBBF4B-AD3A-4782-A694-18662196780B}"
EndProject
Global
	GlobalSection(SolutionConfigurationPlatforms) = preSolution
		Debug|Any CPU = Debug|Any CPU
		Debug|Win32 = Debug|Win32
		Debug|x64 = Debug|x64
		Release|Any CPU = Release|Any CPU
		Release|Win32 = Release|Win32
		Release|x64 = Release|x64
	EndGlobalSection
	GlobalSection(ProjectConfigurationPlatforms) = postSolution
		{EF351583-A9CD-4530-92C3-20AC02136BC2}.Debug|Any CPU.ActiveCfg = Debug|Any CPU
		{EF351583-A9CD-4530-92C3-20AC02136BC2}.Debug|Any CPU.Build.0 = Debug|Any CPU
		{EF351583-A9CD-4530-92C3-20AC02136BC2}.Debug|Win32.ActiveCfg = Debug|Any CPU
		{EF351583-A9CD-4530-92C3-20AC02136BC2}.Debug|x64.ActiveCfg = Debug|Any CPU
		{EF351583-A9CD-4530-92C3-20AC02136BC2}.Release|Any CPU.ActiveCfg = Release|Any CPU
		{EF351583-A9CD-4530-92C3-20AC02136BC2}.Release|Any CPU.Build.0 = Release|Any CPU
		{EF351583-A9CD-4530-92C3-20AC02136BC2}.Release|Win32.ActiveCfg = Release|Any CPU
		{EF351583-A9CD-4530-92C3-20AC02136BC2}.Release|x64.ActiveCfg = Release|Any CPU
		{A5A8D8FA-9E32-4010-8AAF-AE580C5AF728}.Debug|Any CPU.ActiveCfg = Debug|Any CPU
		{A5A8D8FA-9E32-4010-8AAF-AE580C5AF728}.Debug|Any CPU.Build.0 = Debug|Any CPU
		{A5A8D8FA-9E32-4010-8AAF-AE580C5AF728}.Debug|Win32.ActiveCfg = Debug|Any CPU
		{A5A8D8FA-9E32-4010-8AAF-AE580C5AF728}.Debug|x64.ActiveCfg = Debug|Any CPU
		{A5A8D8FA-9E32-4010-8AAF-AE580C5AF728}.Release|Any CPU.ActiveCfg = Release|Any CPU
		{A5A8D8FA-9E32-4010-8AAF-AE580C5AF728}.Release|Any CPU.Build.0 = Release|Any CPU
		{A5A8D8FA-9E32-4010-8AAF-AE580C5AF728}.Release|Win32.ActiveCfg = Release|Any CPU
		{A5A8D8FA-9E32-4010-8AAF-AE580C5AF728}.Release|x64.ActiveCfg = Release|Any CPU
		{4911BD82-49EF-4858-8B51-5394F86739A4}.Debug|Any CPU.ActiveCfg = Debug|Any CPU
		{4911BD82-49EF-4858-8B51-5394F86739A4}.Debug|Any CPU.Build.0 = Debug|Any CPU
		{4911BD82-49EF-4858-8B51-5394F86739A4}.Debug|Win32.ActiveCfg = Debug|Any CPU
		{4911BD82-49EF-4858-8B51-5394F86739A4}.Debug|x64.ActiveCfg = Debug|Any CPU
		{4911BD82-49EF-4858-8B51-5394F86739A4}.Release|Any CPU.ActiveCfg = Release|Any CPU
		{4911BD82-49EF-4858-8B51-5394F86739A4}.Release|Any CPU.Build.0 = Release|Any CPU
		{4911BD82-49EF-4858-8B51-5394F86739A4}.Release|Win32.ActiveCfg = Release|Any CPU
		{4911BD82-49EF-4858-8B51-5394F86739A4}.Release|x64.ActiveCfg = Release|Any CPU
		{32338A04-5B6B-4C63-8EE7-C6400F73B5D7}.Debug|Any CPU.ActiveCfg = Debug|Any CPU
		{32338A04-5B6B-4C63-8EE7-C6400F73B5D7}.Debug|Any CPU.Build.0 = Debug|Any CPU
		{32338A04-5B6B-4C63-8EE7-C6400F73B5D7}.Debug|Win32.ActiveCfg = Debug|Any CPU
		{32338A04-5B6B-4C63-8EE7-C6400F73B5D7}.Debug|x64.ActiveCfg = Debug|Any CPU
		{32338A04-5B6B-4C63-8EE7-C6400F73B5D7}.Release|Any CPU.ActiveCfg = Release|Any CPU
		{32338A04-5B6B-4C63-8EE7-C6400F73B5D7}.Release|Any CPU.Build.0 = Release|Any CPU
		{32338A04-5B6B-4C63-8EE7-C6400F73B5D7}.Release|Win32.ActiveCfg = Release|Any CPU
		{32338A04-5B6B-4C63-8EE7-C6400F73B5D7}.Release|x64.ActiveCfg = Release|Any CPU
		{6458A13A-30EF-45A9-9D58-E5031B17BEE2}.Debug|Any CPU.ActiveCfg = Debug|Any CPU
		{6458A13A-30EF-45A9-9D58-E5031B17BEE2}.Debug|Any CPU.Build.0 = Debug|Any CPU
		{6458A13A-30EF-45A9-9D58-E5031B17BEE2}.Debug|Win32.ActiveCfg = Debug|Any CPU
		{6458A13A-30EF-45A9-9D58-E5031B17BEE2}.Debug|x64.ActiveCfg = Debug|Any CPU
		{6458A13A-30EF-45A9-9D58-E5031B17BEE2}.Release|Any CPU.ActiveCfg = Release|Any CPU
		{6458A13A-30EF-45A9-9D58-E5031B17BEE2}.Release|Any CPU.Build.0 = Release|Any CPU
		{6458A13A-30EF-45A9-9D58-E5031B17BEE2}.Release|Win32.ActiveCfg = Release|Any CPU
		{6458A13A-30EF-45A9-9D58-E5031B17BEE2}.Release|x64.ActiveCfg = Release|Any CPU
		{F2EC7193-D5E5-4252-9803-5CEB407E910F}.Debug|Any CPU.ActiveCfg = Debug|Any CPU
		{F2EC7193-D5E5-4252-9803-5CEB407E910F}.Debug|Any CPU.Build.0 = Debug|Any CPU
		{F2EC7193-D5E5-4252-9803-5CEB407E910F}.Debug|Win32.ActiveCfg = Debug|Any CPU
		{F2EC7193-D5E5-4252-9803-5CEB407E910F}.Debug|x64.ActiveCfg = Debug|Any CPU
		{F2EC7193-D5E5-4252-9803-5CEB407E910F}.Release|Any CPU.ActiveCfg = Release|Any CPU
		{F2EC7193-D5E5-4252-9803-5CEB407E910F}.Release|Any CPU.Build.0 = Release|Any CPU
		{F2EC7193-D5E5-4252-9803-5CEB407E910F}.Release|Win32.ActiveCfg = Release|Any CPU
		{F2EC7193-D5E5-4252-9803-5CEB407E910F}.Release|x64.ActiveCfg = Release|Any CPU
		{8427CAA5-80B8-4952-9A68-5F3DFCFBDF40}.Debug|Any CPU.ActiveCfg = Debug|Any CPU
		{8427CAA5-80B8-4952-9A68-5F3DFCFBDF40}.Debug|Any CPU.Build.0 = Debug|Any CPU
		{8427CAA5-80B8-4952-9A68-5F3DFCFBDF40}.Debug|Win32.ActiveCfg = Debug|Any CPU
		{8427CAA5-80B8-4952-9A68-5F3DFCFBDF40}.Debug|x64.ActiveCfg = Debug|Any CPU
		{8427CAA5-80B8-4952-9A68-5F3DFCFBDF40}.Release|Any CPU.ActiveCfg = Release|Any CPU
		{8427CAA5-80B8-4952-9A68-5F3DFCFBDF40}.Release|Any CPU.Build.0 = Release|Any CPU
		{8427CAA5-80B8-4952-9A68-5F3DFCFBDF40}.Release|Win32.ActiveCfg = Release|Any CPU
		{8427CAA5-80B8-4952-9A68-5F3DFCFBDF40}.Release|x64.ActiveCfg = Release|Any CPU
		{8A0426FA-0BC2-4C49-A6E5-1F9A68156F19}.Debug|Any CPU.ActiveCfg = Debug|Any CPU
		{8A0426FA-0BC2-4C49-A6E5-1F9A68156F19}.Debug|Any CPU.Build.0 = Debug|Any CPU
		{8A0426FA-0BC2-4C49-A6E5-1F9A68156F19}.Debug|Win32.ActiveCfg = Debug|Any CPU
		{8A0426FA-0BC2-4C49-A6E5-1F9A68156F19}.Debug|x64.ActiveCfg = Debug|Any CPU
		{8A0426FA-0BC2-4C49-A6E5-1F9A68156F19}.Release|Any CPU.ActiveCfg = Release|Any CPU
		{8A0426FA-0BC2-4C49-A6E5-1F9A68156F19}.Release|Any CPU.Build.0 = Release|Any CPU
		{8A0426FA-0BC2-4C49-A6E5-1F9A68156F19}.Release|Win32.ActiveCfg = Release|Any CPU
		{8A0426FA-0BC2-4C49-A6E5-1F9A68156F19}.Release|x64.ActiveCfg = Release|Any CPU
		{A574F3B1-E38B-4EE4-9394-49D6E2DF52EA}.Debug|Any CPU.ActiveCfg = Debug|Any CPU
		{A574F3B1-E38B-4EE4-9394-49D6E2DF52EA}.Debug|Any CPU.Build.0 = Debug|Any CPU
		{A574F3B1-E38B-4EE4-9394-49D6E2DF52EA}.Debug|Win32.ActiveCfg = Debug|Any CPU
		{A574F3B1-E38B-4EE4-9394-49D6E2DF52EA}.Debug|x64.ActiveCfg = Debug|Any CPU
		{A574F3B1-E38B-4EE4-9394-49D6E2DF52EA}.Release|Any CPU.ActiveCfg = Release|Any CPU
		{A574F3B1-E38B-4EE4-9394-49D6E2DF52EA}.Release|Any CPU.Build.0 = Release|Any CPU
		{A574F3B1-E38B-4EE4-9394-49D6E2DF52EA}.Release|Win32.ActiveCfg = Release|Any CPU
		{A574F3B1-E38B-4EE4-9394-49D6E2DF52EA}.Release|x64.ActiveCfg = Release|Any CPU
		{B75FA7AD-968E-4990-B342-1B4B17C850DF}.Debug|Any CPU.ActiveCfg = Debug|Any CPU
		{B75FA7AD-968E-4990-B342-1B4B17C850DF}.Debug|Any CPU.Build.0 = Debug|Any CPU
		{B75FA7AD-968E-4990-B342-1B4B17C850DF}.Debug|Win32.ActiveCfg = Debug|Any CPU
		{B75FA7AD-968E-4990-B342-1B4B17C850DF}.Debug|x64.ActiveCfg = Debug|Any CPU
		{B75FA7AD-968E-4990-B342-1B4B17C850DF}.Release|Any CPU.ActiveCfg = Release|Any CPU
		{B75FA7AD-968E-4990-B342-1B4B17C850DF}.Release|Any CPU.Build.0 = Release|Any CPU
		{B75FA7AD-968E-4990-B342-1B4B17C850DF}.Release|Win32.ActiveCfg = Release|Any CPU
		{B75FA7AD-968E-4990-B342-1B4B17C850DF}.Release|x64.ActiveCfg = Release|Any CPU
		{F2DFEB00-BB35-4665-85EA-CB8C7729A6B7}.Debug|Any CPU.ActiveCfg = Debug|Any CPU
		{F2DFEB00-BB35-4665-85EA-CB8C7729A6B7}.Debug|Any CPU.Build.0 = Debug|Any CPU
		{F2DFEB00-BB35-4665-85EA-CB8C7729A6B7}.Debug|Win32.ActiveCfg = Debug|Any CPU
		{F2DFEB00-BB35-4665-85EA-CB8C7729A6B7}.Debug|x64.ActiveCfg = Debug|Any CPU
		{F2DFEB00-BB35-4665-85EA-CB8C7729A6B7}.Release|Any CPU.ActiveCfg = Release|Any CPU
		{F2DFEB00-BB35-4665-85EA-CB8C7729A6B7}.Release|Any CPU.Build.0 = Release|Any CPU
		{F2DFEB00-BB35-4665-85EA-CB8C7729A6B7}.Release|Win32.ActiveCfg = Release|Any CPU
		{F2DFEB00-BB35-4665-85EA-CB8C7729A6B7}.Release|x64.ActiveCfg = Release|Any CPU
		{A05B6AA6-0EC3-495D-BCC4-ECE1210071A8}.Debug|Any CPU.ActiveCfg = Debug|Any CPU
		{A05B6AA6-0EC3-495D-BCC4-ECE1210071A8}.Debug|Any CPU.Build.0 = Debug|Any CPU
		{A05B6AA6-0EC3-495D-BCC4-ECE1210071A8}.Debug|Win32.ActiveCfg = Debug|Any CPU
		{A05B6AA6-0EC3-495D-BCC4-ECE1210071A8}.Debug|x64.ActiveCfg = Debug|Any CPU
		{A05B6AA6-0EC3-495D-BCC4-ECE1210071A8}.Release|Any CPU.ActiveCfg = Release|Any CPU
		{A05B6AA6-0EC3-495D-BCC4-ECE1210071A8}.Release|Any CPU.Build.0 = Release|Any CPU
		{A05B6AA6-0EC3-495D-BCC4-ECE1210071A8}.Release|Win32.ActiveCfg = Release|Any CPU
		{A05B6AA6-0EC3-495D-BCC4-ECE1210071A8}.Release|x64.ActiveCfg = Release|Any CPU
		{8CF07381-BEA2-4AFC-B3DD-9B2F21C65A3A}.Debug|Any CPU.ActiveCfg = Debug|Any CPU
		{8CF07381-BEA2-4AFC-B3DD-9B2F21C65A3A}.Debug|Any CPU.Build.0 = Debug|Any CPU
		{8CF07381-BEA2-4AFC-B3DD-9B2F21C65A3A}.Debug|Win32.ActiveCfg = Debug|Any CPU
		{8CF07381-BEA2-4AFC-B3DD-9B2F21C65A3A}.Debug|x64.ActiveCfg = Debug|Any CPU
		{8CF07381-BEA2-4AFC-B3DD-9B2F21C65A3A}.Release|Any CPU.ActiveCfg = Release|Any CPU
		{8CF07381-BEA2-4AFC-B3DD-9B2F21C65A3A}.Release|Any CPU.Build.0 = Release|Any CPU
		{8CF07381-BEA2-4AFC-B3DD-9B2F21C65A3A}.Release|Win32.ActiveCfg = Release|Any CPU
		{8CF07381-BEA2-4AFC-B3DD-9B2F21C65A3A}.Release|x64.ActiveCfg = Release|Any CPU
		{9253A314-1821-42BF-B02F-2BF986B1765D}.Debug|Any CPU.ActiveCfg = Debug|Any CPU
		{9253A314-1821-42BF-B02F-2BF986B1765D}.Debug|Any CPU.Build.0 = Debug|Any CPU
		{9253A314-1821-42BF-B02F-2BF986B1765D}.Debug|Win32.ActiveCfg = Debug|Any CPU
		{9253A314-1821-42BF-B02F-2BF986B1765D}.Debug|x64.ActiveCfg = Debug|Any CPU
		{9253A314-1821-42BF-B02F-2BF986B1765D}.Release|Any CPU.ActiveCfg = Release|Any CPU
		{9253A314-1821-42BF-B02F-2BF986B1765D}.Release|Any CPU.Build.0 = Release|Any CPU
		{9253A314-1821-42BF-B02F-2BF986B1765D}.Release|Win32.ActiveCfg = Release|Any CPU
		{9253A314-1821-42BF-B02F-2BF986B1765D}.Release|x64.ActiveCfg = Release|Any CPU
		{1DD41038-D885-46C5-8DDE-E0B82F066584}.Debug|Any CPU.ActiveCfg = Debug|Any CPU
		{1DD41038-D885-46C5-8DDE-E0B82F066584}.Debug|Any CPU.Build.0 = Debug|Any CPU
		{1DD41038-D885-46C5-8DDE-E0B82F066584}.Debug|Win32.ActiveCfg = Debug|Any CPU
		{1DD41038-D885-46C5-8DDE-E0B82F066584}.Debug|x64.ActiveCfg = Debug|Any CPU
		{1DD41038-D885-46C5-8DDE-E0B82F066584}.Release|Any CPU.ActiveCfg = Release|Any CPU
		{1DD41038-D885-46C5-8DDE-E0B82F066584}.Release|Any CPU.Build.0 = Release|Any CPU
		{1DD41038-D885-46C5-8DDE-E0B82F066584}.Release|Win32.ActiveCfg = Release|Any CPU
		{1DD41038-D885-46C5-8DDE-E0B82F066584}.Release|x64.ActiveCfg = Release|Any CPU
		{5802C7E9-157E-4124-946D-70B5AE48A5A1}.Debug|Any CPU.ActiveCfg = Debug|Any CPU
		{5802C7E9-157E-4124-946D-70B5AE48A5A1}.Debug|Any CPU.Build.0 = Debug|Any CPU
		{5802C7E9-157E-4124-946D-70B5AE48A5A1}.Debug|Win32.ActiveCfg = Debug|Any CPU
		{5802C7E9-157E-4124-946D-70B5AE48A5A1}.Debug|x64.ActiveCfg = Debug|Any CPU
		{5802C7E9-157E-4124-946D-70B5AE48A5A1}.Release|Any CPU.ActiveCfg = Release|Any CPU
		{5802C7E9-157E-4124-946D-70B5AE48A5A1}.Release|Any CPU.Build.0 = Release|Any CPU
		{5802C7E9-157E-4124-946D-70B5AE48A5A1}.Release|Win32.ActiveCfg = Release|Any CPU
		{5802C7E9-157E-4124-946D-70B5AE48A5A1}.Release|x64.ActiveCfg = Release|Any CPU
		{39B43BBB-BAFC-4D85-9BEA-3BCB7EFED89C}.Debug|Any CPU.ActiveCfg = Debug|Any CPU
		{39B43BBB-BAFC-4D85-9BEA-3BCB7EFED89C}.Debug|Any CPU.Build.0 = Debug|Any CPU
		{39B43BBB-BAFC-4D85-9BEA-3BCB7EFED89C}.Debug|Win32.ActiveCfg = Debug|Any CPU
		{39B43BBB-BAFC-4D85-9BEA-3BCB7EFED89C}.Debug|x64.ActiveCfg = Debug|Any CPU
		{39B43BBB-BAFC-4D85-9BEA-3BCB7EFED89C}.Release|Any CPU.ActiveCfg = Release|Any CPU
		{39B43BBB-BAFC-4D85-9BEA-3BCB7EFED89C}.Release|Any CPU.Build.0 = Release|Any CPU
		{39B43BBB-BAFC-4D85-9BEA-3BCB7EFED89C}.Release|Win32.ActiveCfg = Release|Any CPU
		{39B43BBB-BAFC-4D85-9BEA-3BCB7EFED89C}.Release|x64.ActiveCfg = Release|Any CPU
		{5ADCFD6D-BFEA-4B10-BB45-9083BBB56AF4}.Debug|Any CPU.ActiveCfg = Debug|Any CPU
		{5ADCFD6D-BFEA-4B10-BB45-9083BBB56AF4}.Debug|Any CPU.Build.0 = Debug|Any CPU
		{5ADCFD6D-BFEA-4B10-BB45-9083BBB56AF4}.Debug|Win32.ActiveCfg = Debug|Any CPU
		{5ADCFD6D-BFEA-4B10-BB45-9083BBB56AF4}.Debug|x64.ActiveCfg = Debug|Any CPU
		{5ADCFD6D-BFEA-4B10-BB45-9083BBB56AF4}.Release|Any CPU.ActiveCfg = Release|Any CPU
		{5ADCFD6D-BFEA-4B10-BB45-9083BBB56AF4}.Release|Any CPU.Build.0 = Release|Any CPU
		{5ADCFD6D-BFEA-4B10-BB45-9083BBB56AF4}.Release|Win32.ActiveCfg = Release|Any CPU
		{5ADCFD6D-BFEA-4B10-BB45-9083BBB56AF4}.Release|x64.ActiveCfg = Release|Any CPU
		{B3DF599C-1C8F-451D-91E4-DD766210DA1F}.Debug|Any CPU.ActiveCfg = Debug|Win32
		{B3DF599C-1C8F-451D-91E4-DD766210DA1F}.Debug|Win32.ActiveCfg = Debug|Win32
		{B3DF599C-1C8F-451D-91E4-DD766210DA1F}.Debug|Win32.Build.0 = Debug|Win32
		{B3DF599C-1C8F-451D-91E4-DD766210DA1F}.Debug|x64.ActiveCfg = Debug|x64
		{B3DF599C-1C8F-451D-91E4-DD766210DA1F}.Debug|x64.Build.0 = Debug|x64
		{B3DF599C-1C8F-451D-91E4-DD766210DA1F}.Release|Any CPU.ActiveCfg = Release|Win32
		{B3DF599C-1C8F-451D-91E4-DD766210DA1F}.Release|Win32.ActiveCfg = Release|Win32
		{B3DF599C-1C8F-451D-91E4-DD766210DA1F}.Release|Win32.Build.0 = Release|Win32
		{B3DF599C-1C8F-451D-91E4-DD766210DA1F}.Release|x64.ActiveCfg = Release|x64
		{B3DF599C-1C8F-451D-91E4-DD766210DA1F}.Release|x64.Build.0 = Release|x64
		{1D1E99BC-6D22-41C0-BD94-FF4DD5EC725B}.Debug|Any CPU.ActiveCfg = Debug|Win32
		{1D1E99BC-6D22-41C0-BD94-FF4DD5EC725B}.Debug|Win32.ActiveCfg = Debug|Win32
		{1D1E99BC-6D22-41C0-BD94-FF4DD5EC725B}.Debug|Win32.Build.0 = Debug|Win32
		{1D1E99BC-6D22-41C0-BD94-FF4DD5EC725B}.Debug|x64.ActiveCfg = Debug|x64
		{1D1E99BC-6D22-41C0-BD94-FF4DD5EC725B}.Debug|x64.Build.0 = Debug|x64
		{1D1E99BC-6D22-41C0-BD94-FF4DD5EC725B}.Release|Any CPU.ActiveCfg = Release|Win32
		{1D1E99BC-6D22-41C0-BD94-FF4DD5EC725B}.Release|Win32.ActiveCfg = Release|Win32
		{1D1E99BC-6D22-41C0-BD94-FF4DD5EC725B}.Release|Win32.Build.0 = Release|Win32
		{1D1E99BC-6D22-41C0-BD94-FF4DD5EC725B}.Release|x64.ActiveCfg = Release|x64
		{1D1E99BC-6D22-41C0-BD94-FF4DD5EC725B}.Release|x64.Build.0 = Release|x64
		{115CC5B0-0385-41CD-8A23-6A7EA4C51926}.Debug|Any CPU.ActiveCfg = Debug|Any CPU
		{115CC5B0-0385-41CD-8A23-6A7EA4C51926}.Debug|Any CPU.Build.0 = Debug|Any CPU
		{115CC5B0-0385-41CD-8A23-6A7EA4C51926}.Debug|Win32.ActiveCfg = Debug|Any CPU
		{115CC5B0-0385-41CD-8A23-6A7EA4C51926}.Debug|x64.ActiveCfg = Debug|Any CPU
		{115CC5B0-0385-41CD-8A23-6A7EA4C51926}.Release|Any CPU.ActiveCfg = Release|Any CPU
		{115CC5B0-0385-41CD-8A23-6A7EA4C51926}.Release|Any CPU.Build.0 = Release|Any CPU
		{115CC5B0-0385-41CD-8A23-6A7EA4C51926}.Release|Win32.ActiveCfg = Release|Any CPU
		{115CC5B0-0385-41CD-8A23-6A7EA4C51926}.Release|x64.ActiveCfg = Release|Any CPU
		{CA4D64E6-6544-4A29-8BA5-7DB08D50D072}.Debug|Any CPU.ActiveCfg = Debug|Any CPU
		{CA4D64E6-6544-4A29-8BA5-7DB08D50D072}.Debug|Any CPU.Build.0 = Debug|Any CPU
		{CA4D64E6-6544-4A29-8BA5-7DB08D50D072}.Debug|Win32.ActiveCfg = Debug|Any CPU
		{CA4D64E6-6544-4A29-8BA5-7DB08D50D072}.Debug|x64.ActiveCfg = Debug|Any CPU
		{CA4D64E6-6544-4A29-8BA5-7DB08D50D072}.Release|Any CPU.ActiveCfg = Release|Any CPU
		{CA4D64E6-6544-4A29-8BA5-7DB08D50D072}.Release|Any CPU.Build.0 = Release|Any CPU
		{CA4D64E6-6544-4A29-8BA5-7DB08D50D072}.Release|Win32.ActiveCfg = Release|Any CPU
		{CA4D64E6-6544-4A29-8BA5-7DB08D50D072}.Release|x64.ActiveCfg = Release|Any CPU
		{082D6B9E-326E-4D15-9798-EDAE9EDE70A6}.Debug|Any CPU.ActiveCfg = Debug|Any CPU
		{082D6B9E-326E-4D15-9798-EDAE9EDE70A6}.Debug|Any CPU.Build.0 = Debug|Any CPU
		{082D6B9E-326E-4D15-9798-EDAE9EDE70A6}.Debug|Win32.ActiveCfg = Debug|Any CPU
		{082D6B9E-326E-4D15-9798-EDAE9EDE70A6}.Debug|x64.ActiveCfg = Debug|Any CPU
		{082D6B9E-326E-4D15-9798-EDAE9EDE70A6}.Release|Any CPU.ActiveCfg = Release|Any CPU
		{082D6B9E-326E-4D15-9798-EDAE9EDE70A6}.Release|Any CPU.Build.0 = Release|Any CPU
		{082D6B9E-326E-4D15-9798-EDAE9EDE70A6}.Release|Win32.ActiveCfg = Release|Any CPU
		{082D6B9E-326E-4D15-9798-EDAE9EDE70A6}.Release|x64.ActiveCfg = Release|Any CPU
		{2379BAAF-A406-4477-BF53-2D6A326C24C8}.Debug|Any CPU.ActiveCfg = Debug|Any CPU
		{2379BAAF-A406-4477-BF53-2D6A326C24C8}.Debug|Any CPU.Build.0 = Debug|Any CPU
		{2379BAAF-A406-4477-BF53-2D6A326C24C8}.Debug|Win32.ActiveCfg = Debug|Any CPU
		{2379BAAF-A406-4477-BF53-2D6A326C24C8}.Debug|x64.ActiveCfg = Debug|Any CPU
		{2379BAAF-A406-4477-BF53-2D6A326C24C8}.Release|Any CPU.ActiveCfg = Release|Any CPU
		{2379BAAF-A406-4477-BF53-2D6A326C24C8}.Release|Any CPU.Build.0 = Release|Any CPU
		{2379BAAF-A406-4477-BF53-2D6A326C24C8}.Release|Win32.ActiveCfg = Release|Any CPU
		{2379BAAF-A406-4477-BF53-2D6A326C24C8}.Release|x64.ActiveCfg = Release|Any CPU
		{8E6E1763-39AE-491D-A10F-44C8844ABA5B}.Debug|Any CPU.ActiveCfg = Debug|Any CPU
		{8E6E1763-39AE-491D-A10F-44C8844ABA5B}.Debug|Any CPU.Build.0 = Debug|Any CPU
		{8E6E1763-39AE-491D-A10F-44C8844ABA5B}.Debug|Win32.ActiveCfg = Debug|Any CPU
		{8E6E1763-39AE-491D-A10F-44C8844ABA5B}.Debug|x64.ActiveCfg = Debug|Any CPU
		{8E6E1763-39AE-491D-A10F-44C8844ABA5B}.Release|Any CPU.ActiveCfg = Release|Any CPU
		{8E6E1763-39AE-491D-A10F-44C8844ABA5B}.Release|Any CPU.Build.0 = Release|Any CPU
		{8E6E1763-39AE-491D-A10F-44C8844ABA5B}.Release|Win32.ActiveCfg = Release|Any CPU
		{8E6E1763-39AE-491D-A10F-44C8844ABA5B}.Release|x64.ActiveCfg = Release|Any CPU
		{04945FB2-8410-4F14-8262-2ED18DCDACD6}.Debug|Any CPU.ActiveCfg = Debug|Any CPU
		{04945FB2-8410-4F14-8262-2ED18DCDACD6}.Debug|Any CPU.Build.0 = Debug|Any CPU
		{04945FB2-8410-4F14-8262-2ED18DCDACD6}.Debug|Win32.ActiveCfg = Debug|Any CPU
		{04945FB2-8410-4F14-8262-2ED18DCDACD6}.Debug|x64.ActiveCfg = Debug|Any CPU
		{04945FB2-8410-4F14-8262-2ED18DCDACD6}.Release|Any CPU.ActiveCfg = Release|Any CPU
		{04945FB2-8410-4F14-8262-2ED18DCDACD6}.Release|Any CPU.Build.0 = Release|Any CPU
		{04945FB2-8410-4F14-8262-2ED18DCDACD6}.Release|Win32.ActiveCfg = Release|Any CPU
		{04945FB2-8410-4F14-8262-2ED18DCDACD6}.Release|x64.ActiveCfg = Release|Any CPU
		{A430AD28-B76A-4ED0-AF7D-D13B8969297F}.Debug|Any CPU.ActiveCfg = Debug|Any CPU
		{A430AD28-B76A-4ED0-AF7D-D13B8969297F}.Debug|Any CPU.Build.0 = Debug|Any CPU
		{A430AD28-B76A-4ED0-AF7D-D13B8969297F}.Debug|Win32.ActiveCfg = Debug|Any CPU
		{A430AD28-B76A-4ED0-AF7D-D13B8969297F}.Debug|x64.ActiveCfg = Debug|Any CPU
		{A430AD28-B76A-4ED0-AF7D-D13B8969297F}.Release|Any CPU.ActiveCfg = Release|Any CPU
		{A430AD28-B76A-4ED0-AF7D-D13B8969297F}.Release|Any CPU.Build.0 = Release|Any CPU
		{A430AD28-B76A-4ED0-AF7D-D13B8969297F}.Release|Win32.ActiveCfg = Release|Any CPU
		{A430AD28-B76A-4ED0-AF7D-D13B8969297F}.Release|x64.ActiveCfg = Release|Any CPU
		{14EE067E-C218-4625-9540-2361AB27C4A6}.Debug|Any CPU.ActiveCfg = Debug|Any CPU
		{14EE067E-C218-4625-9540-2361AB27C4A6}.Debug|Any CPU.Build.0 = Debug|Any CPU
		{14EE067E-C218-4625-9540-2361AB27C4A6}.Debug|Win32.ActiveCfg = Debug|Any CPU
		{14EE067E-C218-4625-9540-2361AB27C4A6}.Debug|x64.ActiveCfg = Debug|Any CPU
		{14EE067E-C218-4625-9540-2361AB27C4A6}.Release|Any CPU.ActiveCfg = Release|Any CPU
		{14EE067E-C218-4625-9540-2361AB27C4A6}.Release|Any CPU.Build.0 = Release|Any CPU
		{14EE067E-C218-4625-9540-2361AB27C4A6}.Release|Win32.ActiveCfg = Release|Any CPU
		{14EE067E-C218-4625-9540-2361AB27C4A6}.Release|x64.ActiveCfg = Release|Any CPU
		{EA2CAE21-940C-4F51-A802-E02ABB97A9B5}.Debug|Any CPU.ActiveCfg = Debug|Any CPU
		{EA2CAE21-940C-4F51-A802-E02ABB97A9B5}.Debug|Any CPU.Build.0 = Debug|Any CPU
		{EA2CAE21-940C-4F51-A802-E02ABB97A9B5}.Debug|Win32.ActiveCfg = Debug|Any CPU
		{EA2CAE21-940C-4F51-A802-E02ABB97A9B5}.Debug|x64.ActiveCfg = Debug|Any CPU
		{EA2CAE21-940C-4F51-A802-E02ABB97A9B5}.Release|Any CPU.ActiveCfg = Release|Any CPU
		{EA2CAE21-940C-4F51-A802-E02ABB97A9B5}.Release|Any CPU.Build.0 = Release|Any CPU
		{EA2CAE21-940C-4F51-A802-E02ABB97A9B5}.Release|Win32.ActiveCfg = Release|Any CPU
		{EA2CAE21-940C-4F51-A802-E02ABB97A9B5}.Release|x64.ActiveCfg = Release|Any CPU
		{D2700165-3E77-4B28-928D-551F5FC11954}.Debug|Any CPU.ActiveCfg = Debug|Any CPU
		{D2700165-3E77-4B28-928D-551F5FC11954}.Debug|Any CPU.Build.0 = Debug|Any CPU
		{D2700165-3E77-4B28-928D-551F5FC11954}.Debug|Win32.ActiveCfg = Debug|Any CPU
		{D2700165-3E77-4B28-928D-551F5FC11954}.Debug|x64.ActiveCfg = Debug|Any CPU
		{D2700165-3E77-4B28-928D-551F5FC11954}.Release|Any CPU.ActiveCfg = Release|Any CPU
		{D2700165-3E77-4B28-928D-551F5FC11954}.Release|Any CPU.Build.0 = Release|Any CPU
		{D2700165-3E77-4B28-928D-551F5FC11954}.Release|Win32.ActiveCfg = Release|Any CPU
		{D2700165-3E77-4B28-928D-551F5FC11954}.Release|x64.ActiveCfg = Release|Any CPU
		{5C8B61C0-BC3D-4316-B8A7-419D55BB5796}.Debug|Any CPU.ActiveCfg = Debug|Any CPU
		{5C8B61C0-BC3D-4316-B8A7-419D55BB5796}.Debug|Any CPU.Build.0 = Debug|Any CPU
		{5C8B61C0-BC3D-4316-B8A7-419D55BB5796}.Debug|Win32.ActiveCfg = Debug|Any CPU
		{5C8B61C0-BC3D-4316-B8A7-419D55BB5796}.Debug|x64.ActiveCfg = Debug|Any CPU
		{5C8B61C0-BC3D-4316-B8A7-419D55BB5796}.Release|Any CPU.ActiveCfg = Release|Any CPU
		{5C8B61C0-BC3D-4316-B8A7-419D55BB5796}.Release|Any CPU.Build.0 = Release|Any CPU
		{5C8B61C0-BC3D-4316-B8A7-419D55BB5796}.Release|Win32.ActiveCfg = Release|Any CPU
		{5C8B61C0-BC3D-4316-B8A7-419D55BB5796}.Release|x64.ActiveCfg = Release|Any CPU
		{ECEB839C-171B-4535-958F-9899310A0342}.Debug|Any CPU.ActiveCfg = Debug|Any CPU
		{ECEB839C-171B-4535-958F-9899310A0342}.Debug|Any CPU.Build.0 = Debug|Any CPU
		{ECEB839C-171B-4535-958F-9899310A0342}.Debug|Win32.ActiveCfg = Debug|Any CPU
		{ECEB839C-171B-4535-958F-9899310A0342}.Debug|x64.ActiveCfg = Debug|Any CPU
		{ECEB839C-171B-4535-958F-9899310A0342}.Release|Any CPU.ActiveCfg = Release|Any CPU
		{ECEB839C-171B-4535-958F-9899310A0342}.Release|Any CPU.Build.0 = Release|Any CPU
		{ECEB839C-171B-4535-958F-9899310A0342}.Release|Win32.ActiveCfg = Release|Any CPU
		{ECEB839C-171B-4535-958F-9899310A0342}.Release|x64.ActiveCfg = Release|Any CPU
		{6C74652F-1EF4-459E-84F4-99D93D3D17DA}.Debug|Any CPU.ActiveCfg = Debug|Any CPU
		{6C74652F-1EF4-459E-84F4-99D93D3D17DA}.Debug|Any CPU.Build.0 = Debug|Any CPU
		{6C74652F-1EF4-459E-84F4-99D93D3D17DA}.Debug|Win32.ActiveCfg = Debug|Any CPU
		{6C74652F-1EF4-459E-84F4-99D93D3D17DA}.Debug|x64.ActiveCfg = Debug|Any CPU
		{6C74652F-1EF4-459E-84F4-99D93D3D17DA}.Release|Any CPU.ActiveCfg = Release|Any CPU
		{6C74652F-1EF4-459E-84F4-99D93D3D17DA}.Release|Any CPU.Build.0 = Release|Any CPU
		{6C74652F-1EF4-459E-84F4-99D93D3D17DA}.Release|Win32.ActiveCfg = Release|Any CPU
		{6C74652F-1EF4-459E-84F4-99D93D3D17DA}.Release|x64.ActiveCfg = Release|Any CPU
		{AA2A9A7E-45FB-4632-AD85-85B0E556F818}.Debug|Any CPU.ActiveCfg = Debug|Any CPU
		{AA2A9A7E-45FB-4632-AD85-85B0E556F818}.Debug|Any CPU.Build.0 = Debug|Any CPU
		{AA2A9A7E-45FB-4632-AD85-85B0E556F818}.Debug|Win32.ActiveCfg = Debug|Any CPU
		{AA2A9A7E-45FB-4632-AD85-85B0E556F818}.Debug|x64.ActiveCfg = Debug|Any CPU
		{AA2A9A7E-45FB-4632-AD85-85B0E556F818}.Release|Any CPU.ActiveCfg = Release|Any CPU
		{AA2A9A7E-45FB-4632-AD85-85B0E556F818}.Release|Any CPU.Build.0 = Release|Any CPU
		{AA2A9A7E-45FB-4632-AD85-85B0E556F818}.Release|Win32.ActiveCfg = Release|Any CPU
		{AA2A9A7E-45FB-4632-AD85-85B0E556F818}.Release|x64.ActiveCfg = Release|Any CPU
		{8DD1E84B-0B03-4C0B-9B42-1E49F75E7CB1}.Debug|Any CPU.ActiveCfg = Debug|Any CPU
		{8DD1E84B-0B03-4C0B-9B42-1E49F75E7CB1}.Debug|Any CPU.Build.0 = Debug|Any CPU
		{8DD1E84B-0B03-4C0B-9B42-1E49F75E7CB1}.Debug|Win32.ActiveCfg = Debug|Any CPU
		{8DD1E84B-0B03-4C0B-9B42-1E49F75E7CB1}.Debug|x64.ActiveCfg = Debug|Any CPU
		{8DD1E84B-0B03-4C0B-9B42-1E49F75E7CB1}.Release|Any CPU.ActiveCfg = Release|Any CPU
		{8DD1E84B-0B03-4C0B-9B42-1E49F75E7CB1}.Release|Any CPU.Build.0 = Release|Any CPU
		{8DD1E84B-0B03-4C0B-9B42-1E49F75E7CB1}.Release|Win32.ActiveCfg = Release|Any CPU
		{8DD1E84B-0B03-4C0B-9B42-1E49F75E7CB1}.Release|x64.ActiveCfg = Release|Any CPU
		{04E59836-0C5A-4B9B-8899-848D56911758}.Debug|Any CPU.ActiveCfg = Debug|Any CPU
		{04E59836-0C5A-4B9B-8899-848D56911758}.Debug|Win32.ActiveCfg = Debug|Any CPU
		{04E59836-0C5A-4B9B-8899-848D56911758}.Debug|x64.ActiveCfg = Debug|Any CPU
		{04E59836-0C5A-4B9B-8899-848D56911758}.Release|Any CPU.ActiveCfg = Release|Any CPU
		{04E59836-0C5A-4B9B-8899-848D56911758}.Release|Win32.ActiveCfg = Release|Any CPU
		{04E59836-0C5A-4B9B-8899-848D56911758}.Release|x64.ActiveCfg = Release|Any CPU
		{FAD09EE2-D6B2-4A8E-9F1C-2A9FB293661A}.Debug|Any CPU.ActiveCfg = Debug|Any CPU
		{FAD09EE2-D6B2-4A8E-9F1C-2A9FB293661A}.Debug|Any CPU.Build.0 = Debug|Any CPU
		{FAD09EE2-D6B2-4A8E-9F1C-2A9FB293661A}.Debug|Win32.ActiveCfg = Debug|Any CPU
		{FAD09EE2-D6B2-4A8E-9F1C-2A9FB293661A}.Debug|x64.ActiveCfg = Debug|Any CPU
		{FAD09EE2-D6B2-4A8E-9F1C-2A9FB293661A}.Release|Any CPU.ActiveCfg = Release|Any CPU
		{FAD09EE2-D6B2-4A8E-9F1C-2A9FB293661A}.Release|Any CPU.Build.0 = Release|Any CPU
		{FAD09EE2-D6B2-4A8E-9F1C-2A9FB293661A}.Release|Win32.ActiveCfg = Release|Any CPU
		{FAD09EE2-D6B2-4A8E-9F1C-2A9FB293661A}.Release|x64.ActiveCfg = Release|Any CPU
		{1AF02E2C-2CB2-44B5-B417-37653071FEC6}.Debug|Any CPU.ActiveCfg = Debug|Any CPU
		{1AF02E2C-2CB2-44B5-B417-37653071FEC6}.Debug|Any CPU.Build.0 = Debug|Any CPU
		{1AF02E2C-2CB2-44B5-B417-37653071FEC6}.Debug|Win32.ActiveCfg = Debug|Any CPU
		{1AF02E2C-2CB2-44B5-B417-37653071FEC6}.Debug|x64.ActiveCfg = Debug|Any CPU
		{1AF02E2C-2CB2-44B5-B417-37653071FEC6}.Release|Any CPU.ActiveCfg = Release|Any CPU
		{1AF02E2C-2CB2-44B5-B417-37653071FEC6}.Release|Any CPU.Build.0 = Release|Any CPU
		{1AF02E2C-2CB2-44B5-B417-37653071FEC6}.Release|Win32.ActiveCfg = Release|Any CPU
		{1AF02E2C-2CB2-44B5-B417-37653071FEC6}.Release|x64.ActiveCfg = Release|Any CPU
		{5A9FB016-6388-475D-AB33-6F86AD49FDAD}.Debug|Any CPU.ActiveCfg = Debug|Any CPU
		{5A9FB016-6388-475D-AB33-6F86AD49FDAD}.Debug|Win32.ActiveCfg = Debug|Any CPU
		{5A9FB016-6388-475D-AB33-6F86AD49FDAD}.Debug|x64.ActiveCfg = Debug|Any CPU
		{5A9FB016-6388-475D-AB33-6F86AD49FDAD}.Release|Any CPU.ActiveCfg = Release|Any CPU
		{5A9FB016-6388-475D-AB33-6F86AD49FDAD}.Release|Win32.ActiveCfg = Release|Any CPU
		{5A9FB016-6388-475D-AB33-6F86AD49FDAD}.Release|x64.ActiveCfg = Release|Any CPU
		{AFF1AFF9-839D-4892-88CD-8BD09BAFC1D2}.Debug|Any CPU.ActiveCfg = Debug|Any CPU
		{AFF1AFF9-839D-4892-88CD-8BD09BAFC1D2}.Debug|Any CPU.Build.0 = Debug|Any CPU
		{AFF1AFF9-839D-4892-88CD-8BD09BAFC1D2}.Debug|Win32.ActiveCfg = Debug|Any CPU
		{AFF1AFF9-839D-4892-88CD-8BD09BAFC1D2}.Debug|x64.ActiveCfg = Debug|Any CPU
		{AFF1AFF9-839D-4892-88CD-8BD09BAFC1D2}.Release|Any CPU.ActiveCfg = Release|Any CPU
		{AFF1AFF9-839D-4892-88CD-8BD09BAFC1D2}.Release|Any CPU.Build.0 = Release|Any CPU
		{AFF1AFF9-839D-4892-88CD-8BD09BAFC1D2}.Release|Win32.ActiveCfg = Release|Any CPU
		{AFF1AFF9-839D-4892-88CD-8BD09BAFC1D2}.Release|x64.ActiveCfg = Release|Any CPU
		{A6303861-CA06-4C2C-A104-BA9291538F6F}.Debug|Any CPU.ActiveCfg = Debug|Any CPU
		{A6303861-CA06-4C2C-A104-BA9291538F6F}.Debug|Any CPU.Build.0 = Debug|Any CPU
		{A6303861-CA06-4C2C-A104-BA9291538F6F}.Debug|Win32.ActiveCfg = Debug|Any CPU
		{A6303861-CA06-4C2C-A104-BA9291538F6F}.Debug|x64.ActiveCfg = Debug|Any CPU
		{A6303861-CA06-4C2C-A104-BA9291538F6F}.Release|Any CPU.ActiveCfg = Release|Any CPU
		{A6303861-CA06-4C2C-A104-BA9291538F6F}.Release|Any CPU.Build.0 = Release|Any CPU
		{A6303861-CA06-4C2C-A104-BA9291538F6F}.Release|Win32.ActiveCfg = Release|Any CPU
		{A6303861-CA06-4C2C-A104-BA9291538F6F}.Release|x64.ActiveCfg = Release|Any CPU
		{8FC5DA7C-F6AC-4D04-85BC-1233DDF569E7}.Debug|Any CPU.ActiveCfg = Debug|Any CPU
		{8FC5DA7C-F6AC-4D04-85BC-1233DDF569E7}.Debug|Any CPU.Build.0 = Debug|Any CPU
		{8FC5DA7C-F6AC-4D04-85BC-1233DDF569E7}.Debug|Win32.ActiveCfg = Debug|Any CPU
		{8FC5DA7C-F6AC-4D04-85BC-1233DDF569E7}.Debug|x64.ActiveCfg = Debug|Any CPU
		{8FC5DA7C-F6AC-4D04-85BC-1233DDF569E7}.Release|Any CPU.ActiveCfg = Release|Any CPU
		{8FC5DA7C-F6AC-4D04-85BC-1233DDF569E7}.Release|Any CPU.Build.0 = Release|Any CPU
		{8FC5DA7C-F6AC-4D04-85BC-1233DDF569E7}.Release|Win32.ActiveCfg = Release|Any CPU
		{8FC5DA7C-F6AC-4D04-85BC-1233DDF569E7}.Release|x64.ActiveCfg = Release|Any CPU
		{DFE55765-564C-4B8F-993B-A94C4D1C212E}.Debug|Any CPU.ActiveCfg = Debug|Any CPU
		{DFE55765-564C-4B8F-993B-A94C4D1C212E}.Debug|Any CPU.Build.0 = Debug|Any CPU
		{DFE55765-564C-4B8F-993B-A94C4D1C212E}.Debug|Win32.ActiveCfg = Debug|Any CPU
		{DFE55765-564C-4B8F-993B-A94C4D1C212E}.Debug|x64.ActiveCfg = Debug|Any CPU
		{DFE55765-564C-4B8F-993B-A94C4D1C212E}.Release|Any CPU.ActiveCfg = Release|Any CPU
		{DFE55765-564C-4B8F-993B-A94C4D1C212E}.Release|Any CPU.Build.0 = Release|Any CPU
		{DFE55765-564C-4B8F-993B-A94C4D1C212E}.Release|Win32.ActiveCfg = Release|Any CPU
		{DFE55765-564C-4B8F-993B-A94C4D1C212E}.Release|x64.ActiveCfg = Release|Any CPU
		{1FCA8834-34E6-47CF-B53F-D8DF35345363}.Debug|Any CPU.ActiveCfg = Debug|Any CPU
		{1FCA8834-34E6-47CF-B53F-D8DF35345363}.Debug|Any CPU.Build.0 = Debug|Any CPU
		{1FCA8834-34E6-47CF-B53F-D8DF35345363}.Debug|Win32.ActiveCfg = Debug|Any CPU
		{1FCA8834-34E6-47CF-B53F-D8DF35345363}.Debug|x64.ActiveCfg = Debug|Any CPU
		{1FCA8834-34E6-47CF-B53F-D8DF35345363}.Release|Any CPU.ActiveCfg = Release|Any CPU
		{1FCA8834-34E6-47CF-B53F-D8DF35345363}.Release|Any CPU.Build.0 = Release|Any CPU
		{1FCA8834-34E6-47CF-B53F-D8DF35345363}.Release|Win32.ActiveCfg = Release|Any CPU
		{1FCA8834-34E6-47CF-B53F-D8DF35345363}.Release|x64.ActiveCfg = Release|Any CPU
		{816D964C-9772-46C5-AF1D-49E8C78A1E7C}.Debug|Any CPU.ActiveCfg = Debug|Any CPU
		{816D964C-9772-46C5-AF1D-49E8C78A1E7C}.Debug|Any CPU.Build.0 = Debug|Any CPU
		{816D964C-9772-46C5-AF1D-49E8C78A1E7C}.Debug|Win32.ActiveCfg = Debug|Any CPU
		{816D964C-9772-46C5-AF1D-49E8C78A1E7C}.Debug|x64.ActiveCfg = Debug|Any CPU
		{816D964C-9772-46C5-AF1D-49E8C78A1E7C}.Release|Any CPU.ActiveCfg = Release|Any CPU
		{816D964C-9772-46C5-AF1D-49E8C78A1E7C}.Release|Any CPU.Build.0 = Release|Any CPU
		{816D964C-9772-46C5-AF1D-49E8C78A1E7C}.Release|Win32.ActiveCfg = Release|Any CPU
		{816D964C-9772-46C5-AF1D-49E8C78A1E7C}.Release|x64.ActiveCfg = Release|Any CPU
		{84EBB7CB-02C9-40A9-9D32-C641B822DAA2}.Debug|Any CPU.ActiveCfg = Debug|Any CPU
		{84EBB7CB-02C9-40A9-9D32-C641B822DAA2}.Debug|Any CPU.Build.0 = Debug|Any CPU
		{84EBB7CB-02C9-40A9-9D32-C641B822DAA2}.Debug|Win32.ActiveCfg = Debug|Any CPU
		{84EBB7CB-02C9-40A9-9D32-C641B822DAA2}.Debug|x64.ActiveCfg = Debug|Any CPU
		{84EBB7CB-02C9-40A9-9D32-C641B822DAA2}.Release|Any CPU.ActiveCfg = Release|Any CPU
		{84EBB7CB-02C9-40A9-9D32-C641B822DAA2}.Release|Any CPU.Build.0 = Release|Any CPU
		{84EBB7CB-02C9-40A9-9D32-C641B822DAA2}.Release|Win32.ActiveCfg = Release|Any CPU
		{84EBB7CB-02C9-40A9-9D32-C641B822DAA2}.Release|x64.ActiveCfg = Release|Any CPU
		{D41FEFF9-9D43-4049-BF9B-B13D9AC7E192}.Debug|Any CPU.ActiveCfg = Debug|Any CPU
		{D41FEFF9-9D43-4049-BF9B-B13D9AC7E192}.Debug|Win32.ActiveCfg = Debug|Any CPU
		{D41FEFF9-9D43-4049-BF9B-B13D9AC7E192}.Debug|x64.ActiveCfg = Debug|Any CPU
		{D41FEFF9-9D43-4049-BF9B-B13D9AC7E192}.Release|Any CPU.ActiveCfg = Release|Any CPU
		{D41FEFF9-9D43-4049-BF9B-B13D9AC7E192}.Release|Win32.ActiveCfg = Release|Any CPU
		{D41FEFF9-9D43-4049-BF9B-B13D9AC7E192}.Release|x64.ActiveCfg = Release|Any CPU
		{0AC7691C-562A-4879-8A11-6C7890BF659B}.Debug|Any CPU.ActiveCfg = Debug
		{0AC7691C-562A-4879-8A11-6C7890BF659B}.Debug|Win32.ActiveCfg = Debug
		{0AC7691C-562A-4879-8A11-6C7890BF659B}.Debug|x64.ActiveCfg = Debug
		{0AC7691C-562A-4879-8A11-6C7890BF659B}.Release|Any CPU.ActiveCfg = Release
		{0AC7691C-562A-4879-8A11-6C7890BF659B}.Release|Win32.ActiveCfg = Release
		{0AC7691C-562A-4879-8A11-6C7890BF659B}.Release|x64.ActiveCfg = Release
		{F8C29953-A697-4462-82DC-DA7146654A64}.Debug|Any CPU.ActiveCfg = Debug|Any CPU
		{F8C29953-A697-4462-82DC-DA7146654A64}.Debug|Any CPU.Build.0 = Debug|Any CPU
		{F8C29953-A697-4462-82DC-DA7146654A64}.Debug|Win32.ActiveCfg = Debug|Any CPU
		{F8C29953-A697-4462-82DC-DA7146654A64}.Debug|x64.ActiveCfg = Debug|Any CPU
		{F8C29953-A697-4462-82DC-DA7146654A64}.Release|Any CPU.ActiveCfg = Release|Any CPU
		{F8C29953-A697-4462-82DC-DA7146654A64}.Release|Any CPU.Build.0 = Release|Any CPU
		{F8C29953-A697-4462-82DC-DA7146654A64}.Release|Win32.ActiveCfg = Release|Any CPU
		{F8C29953-A697-4462-82DC-DA7146654A64}.Release|x64.ActiveCfg = Release|Any CPU
		{CC022842-F2E9-4016-82B8-65A264B642D5}.Debug|Any CPU.ActiveCfg = Debug|Win32
		{CC022842-F2E9-4016-82B8-65A264B642D5}.Debug|Win32.ActiveCfg = Debug|Win32
		{CC022842-F2E9-4016-82B8-65A264B642D5}.Debug|x64.ActiveCfg = Debug|Win32
		{CC022842-F2E9-4016-82B8-65A264B642D5}.Release|Any CPU.ActiveCfg = Release|x64
		{CC022842-F2E9-4016-82B8-65A264B642D5}.Release|Win32.ActiveCfg = Release|Win32
		{CC022842-F2E9-4016-82B8-65A264B642D5}.Release|x64.ActiveCfg = Release|x64
		{7EA4160F-3BBD-47C9-A38C-4053B64B24A8}.Debug|Any CPU.ActiveCfg = Debug|Any CPU
		{7EA4160F-3BBD-47C9-A38C-4053B64B24A8}.Debug|Any CPU.Build.0 = Debug|Any CPU
		{7EA4160F-3BBD-47C9-A38C-4053B64B24A8}.Debug|Win32.ActiveCfg = Debug|Any CPU
		{7EA4160F-3BBD-47C9-A38C-4053B64B24A8}.Debug|x64.ActiveCfg = Debug|Any CPU
		{7EA4160F-3BBD-47C9-A38C-4053B64B24A8}.Release|Any CPU.ActiveCfg = Release|Any CPU
		{7EA4160F-3BBD-47C9-A38C-4053B64B24A8}.Release|Any CPU.Build.0 = Release|Any CPU
		{7EA4160F-3BBD-47C9-A38C-4053B64B24A8}.Release|Win32.ActiveCfg = Release|Any CPU
		{7EA4160F-3BBD-47C9-A38C-4053B64B24A8}.Release|x64.ActiveCfg = Release|Any CPU
		{082D6B9E-326E-4D15-9798-DE70A6EDAE9E}.Debug|Any CPU.ActiveCfg = Debug|Any CPU
		{082D6B9E-326E-4D15-9798-DE70A6EDAE9E}.Debug|Any CPU.Build.0 = Debug|Any CPU
		{082D6B9E-326E-4D15-9798-DE70A6EDAE9E}.Debug|Win32.ActiveCfg = Debug|Any CPU
		{082D6B9E-326E-4D15-9798-DE70A6EDAE9E}.Debug|x64.ActiveCfg = Debug|Any CPU
		{082D6B9E-326E-4D15-9798-DE70A6EDAE9E}.Release|Any CPU.ActiveCfg = Release|Any CPU
		{082D6B9E-326E-4D15-9798-DE70A6EDAE9E}.Release|Any CPU.Build.0 = Release|Any CPU
		{082D6B9E-326E-4D15-9798-DE70A6EDAE9E}.Release|Win32.ActiveCfg = Release|Any CPU
		{082D6B9E-326E-4D15-9798-DE70A6EDAE9E}.Release|x64.ActiveCfg = Release|Any CPU
		{E75F7CCD-4266-42E1-A039-DC7EB5EDD8F6}.Debug|Any CPU.ActiveCfg = Debug|Any CPU
		{E75F7CCD-4266-42E1-A039-DC7EB5EDD8F6}.Debug|Any CPU.Build.0 = Debug|Any CPU
		{E75F7CCD-4266-42E1-A039-DC7EB5EDD8F6}.Debug|Win32.ActiveCfg = Debug|Any CPU
		{E75F7CCD-4266-42E1-A039-DC7EB5EDD8F6}.Debug|x64.ActiveCfg = Debug|Any CPU
		{E75F7CCD-4266-42E1-A039-DC7EB5EDD8F6}.Release|Any CPU.ActiveCfg = Release|Any CPU
		{E75F7CCD-4266-42E1-A039-DC7EB5EDD8F6}.Release|Any CPU.Build.0 = Release|Any CPU
		{E75F7CCD-4266-42E1-A039-DC7EB5EDD8F6}.Release|Win32.ActiveCfg = Release|Any CPU
		{E75F7CCD-4266-42E1-A039-DC7EB5EDD8F6}.Release|x64.ActiveCfg = Release|Any CPU
		{E3FF7539-6B22-4922-8FEF-6D26F2C2E3CE}.Debug|Any CPU.ActiveCfg = Debug|Any CPU
		{E3FF7539-6B22-4922-8FEF-6D26F2C2E3CE}.Debug|Any CPU.Build.0 = Debug|Any CPU
		{E3FF7539-6B22-4922-8FEF-6D26F2C2E3CE}.Debug|Win32.ActiveCfg = Debug|Any CPU
		{E3FF7539-6B22-4922-8FEF-6D26F2C2E3CE}.Debug|x64.ActiveCfg = Debug|Any CPU
		{E3FF7539-6B22-4922-8FEF-6D26F2C2E3CE}.Release|Any CPU.ActiveCfg = Release|Any CPU
		{E3FF7539-6B22-4922-8FEF-6D26F2C2E3CE}.Release|Any CPU.Build.0 = Release|Any CPU
		{E3FF7539-6B22-4922-8FEF-6D26F2C2E3CE}.Release|Win32.ActiveCfg = Release|Any CPU
		{E3FF7539-6B22-4922-8FEF-6D26F2C2E3CE}.Release|x64.ActiveCfg = Release|Any CPU
		{678875A6-6B3A-4AAC-83B6-D9A72D9016CF}.Debug|Any CPU.ActiveCfg = Debug|Any CPU
		{678875A6-6B3A-4AAC-83B6-D9A72D9016CF}.Debug|Any CPU.Build.0 = Debug|Any CPU
		{678875A6-6B3A-4AAC-83B6-D9A72D9016CF}.Debug|Win32.ActiveCfg = Debug|Any CPU
		{678875A6-6B3A-4AAC-83B6-D9A72D9016CF}.Debug|x64.ActiveCfg = Debug|Any CPU
		{678875A6-6B3A-4AAC-83B6-D9A72D9016CF}.Release|Any CPU.ActiveCfg = Release|Any CPU
		{678875A6-6B3A-4AAC-83B6-D9A72D9016CF}.Release|Any CPU.Build.0 = Release|Any CPU
		{678875A6-6B3A-4AAC-83B6-D9A72D9016CF}.Release|Win32.ActiveCfg = Release|Any CPU
		{678875A6-6B3A-4AAC-83B6-D9A72D9016CF}.Release|x64.ActiveCfg = Release|Any CPU
		{2D8D7A03-DFFA-44EF-9299-8BB56D122245}.Debug|Any CPU.ActiveCfg = Debug|Any CPU
		{2D8D7A03-DFFA-44EF-9299-8BB56D122245}.Debug|Any CPU.Build.0 = Debug|Any CPU
		{2D8D7A03-DFFA-44EF-9299-8BB56D122245}.Debug|Win32.ActiveCfg = Debug|Any CPU
		{2D8D7A03-DFFA-44EF-9299-8BB56D122245}.Debug|x64.ActiveCfg = Debug|Any CPU
		{2D8D7A03-DFFA-44EF-9299-8BB56D122245}.Release|Any CPU.ActiveCfg = Release|Any CPU
		{2D8D7A03-DFFA-44EF-9299-8BB56D122245}.Release|Any CPU.Build.0 = Release|Any CPU
		{2D8D7A03-DFFA-44EF-9299-8BB56D122245}.Release|Win32.ActiveCfg = Release|Any CPU
		{2D8D7A03-DFFA-44EF-9299-8BB56D122245}.Release|x64.ActiveCfg = Release|Any CPU
		{C36EFAA5-4F81-4A29-800D-BA866FF13BC8}.Debug|Any CPU.ActiveCfg = Debug|Any CPU
		{C36EFAA5-4F81-4A29-800D-BA866FF13BC8}.Debug|Any CPU.Build.0 = Debug|Any CPU
		{C36EFAA5-4F81-4A29-800D-BA866FF13BC8}.Debug|Win32.ActiveCfg = Debug|Any CPU
		{C36EFAA5-4F81-4A29-800D-BA866FF13BC8}.Debug|x64.ActiveCfg = Debug|Any CPU
		{C36EFAA5-4F81-4A29-800D-BA866FF13BC8}.Release|Any CPU.ActiveCfg = Release|Any CPU
		{C36EFAA5-4F81-4A29-800D-BA866FF13BC8}.Release|Any CPU.Build.0 = Release|Any CPU
		{C36EFAA5-4F81-4A29-800D-BA866FF13BC8}.Release|Win32.ActiveCfg = Release|Any CPU
		{C36EFAA5-4F81-4A29-800D-BA866FF13BC8}.Release|x64.ActiveCfg = Release|Any CPU
		{F10AB92C-9AFB-4FC0-94E0-06FCD3CA8155}.Debug|Any CPU.ActiveCfg = Debug|Any CPU
		{F10AB92C-9AFB-4FC0-94E0-06FCD3CA8155}.Debug|Any CPU.Build.0 = Debug|Any CPU
		{F10AB92C-9AFB-4FC0-94E0-06FCD3CA8155}.Debug|Win32.ActiveCfg = Debug|Any CPU
		{F10AB92C-9AFB-4FC0-94E0-06FCD3CA8155}.Debug|x64.ActiveCfg = Debug|Any CPU
		{F10AB92C-9AFB-4FC0-94E0-06FCD3CA8155}.Release|Any CPU.ActiveCfg = Release|Any CPU
		{F10AB92C-9AFB-4FC0-94E0-06FCD3CA8155}.Release|Any CPU.Build.0 = Release|Any CPU
		{F10AB92C-9AFB-4FC0-94E0-06FCD3CA8155}.Release|Win32.ActiveCfg = Release|Any CPU
		{F10AB92C-9AFB-4FC0-94E0-06FCD3CA8155}.Release|x64.ActiveCfg = Release|Any CPU
		{1219A514-D3FA-40DB-BBB2-92CE05E35839}.Debug|Any CPU.ActiveCfg = Debug|Any CPU
		{1219A514-D3FA-40DB-BBB2-92CE05E35839}.Debug|Any CPU.Build.0 = Debug|Any CPU
		{1219A514-D3FA-40DB-BBB2-92CE05E35839}.Debug|Win32.ActiveCfg = Debug|Any CPU
		{1219A514-D3FA-40DB-BBB2-92CE05E35839}.Debug|x64.ActiveCfg = Debug|Any CPU
		{1219A514-D3FA-40DB-BBB2-92CE05E35839}.Release|Any CPU.ActiveCfg = Release|Any CPU
		{1219A514-D3FA-40DB-BBB2-92CE05E35839}.Release|Any CPU.Build.0 = Release|Any CPU
		{1219A514-D3FA-40DB-BBB2-92CE05E35839}.Release|Win32.ActiveCfg = Release|Any CPU
		{1219A514-D3FA-40DB-BBB2-92CE05E35839}.Release|x64.ActiveCfg = Release|Any CPU
		{4CEFBC83-C215-11DB-8314-0800200C9A66}.Debug|Any CPU.ActiveCfg = Debug|Win32
		{4CEFBC83-C215-11DB-8314-0800200C9A66}.Debug|Win32.ActiveCfg = Debug|Win32
		{4CEFBC83-C215-11DB-8314-0800200C9A66}.Debug|Win32.Build.0 = Debug|Win32
		{4CEFBC83-C215-11DB-8314-0800200C9A66}.Debug|x64.ActiveCfg = Debug|x64
		{4CEFBC83-C215-11DB-8314-0800200C9A66}.Debug|x64.Build.0 = Debug|x64
		{4CEFBC83-C215-11DB-8314-0800200C9A66}.Release|Any CPU.ActiveCfg = Release|Win32
		{4CEFBC83-C215-11DB-8314-0800200C9A66}.Release|Win32.ActiveCfg = Release|Win32
		{4CEFBC83-C215-11DB-8314-0800200C9A66}.Release|Win32.Build.0 = Release|Win32
		{4CEFBC83-C215-11DB-8314-0800200C9A66}.Release|x64.ActiveCfg = Release|x64
		{4CEFBC83-C215-11DB-8314-0800200C9A66}.Release|x64.Build.0 = Release|x64
		{21BF980F-C022-4DCC-9250-7C73528E422B}.Debug|Any CPU.ActiveCfg = Debug|Win32
		{21BF980F-C022-4DCC-9250-7C73528E422B}.Debug|Win32.ActiveCfg = Debug|Win32
		{21BF980F-C022-4DCC-9250-7C73528E422B}.Debug|Win32.Build.0 = Debug|Win32
		{21BF980F-C022-4DCC-9250-7C73528E422B}.Debug|x64.ActiveCfg = Debug|x64
		{21BF980F-C022-4DCC-9250-7C73528E422B}.Debug|x64.Build.0 = Debug|x64
		{21BF980F-C022-4DCC-9250-7C73528E422B}.Release|Any CPU.ActiveCfg = Release|Win32
		{21BF980F-C022-4DCC-9250-7C73528E422B}.Release|Win32.ActiveCfg = Release|Win32
		{21BF980F-C022-4DCC-9250-7C73528E422B}.Release|Win32.Build.0 = Release|Win32
		{21BF980F-C022-4DCC-9250-7C73528E422B}.Release|x64.ActiveCfg = Release|x64
		{21BF980F-C022-4DCC-9250-7C73528E422B}.Release|x64.Build.0 = Release|x64
		{8373E3B2-16F0-4FD3-A13B-0B0248FFC228}.Debug|Any CPU.ActiveCfg = Debug|Any CPU
		{8373E3B2-16F0-4FD3-A13B-0B0248FFC228}.Debug|Any CPU.Build.0 = Debug|Any CPU
		{8373E3B2-16F0-4FD3-A13B-0B0248FFC228}.Debug|Win32.ActiveCfg = Debug|Any CPU
		{8373E3B2-16F0-4FD3-A13B-0B0248FFC228}.Debug|x64.ActiveCfg = Debug|Any CPU
		{8373E3B2-16F0-4FD3-A13B-0B0248FFC228}.Release|Any CPU.ActiveCfg = Release|Any CPU
		{8373E3B2-16F0-4FD3-A13B-0B0248FFC228}.Release|Any CPU.Build.0 = Release|Any CPU
		{8373E3B2-16F0-4FD3-A13B-0B0248FFC228}.Release|Win32.ActiveCfg = Release|Any CPU
		{8373E3B2-16F0-4FD3-A13B-0B0248FFC228}.Release|x64.ActiveCfg = Release|Any CPU
		{4D1B3411-F4F7-4E62-B7CB-A3AC3D530443}.Debug|Any CPU.ActiveCfg = Debug|Any CPU
		{4D1B3411-F4F7-4E62-B7CB-A3AC3D530443}.Debug|Any CPU.Build.0 = Debug|Any CPU
		{4D1B3411-F4F7-4E62-B7CB-A3AC3D530443}.Debug|Win32.ActiveCfg = Debug|Any CPU
		{4D1B3411-F4F7-4E62-B7CB-A3AC3D530443}.Debug|x64.ActiveCfg = Debug|Any CPU
		{4D1B3411-F4F7-4E62-B7CB-A3AC3D530443}.Release|Any CPU.ActiveCfg = Release|Any CPU
		{4D1B3411-F4F7-4E62-B7CB-A3AC3D530443}.Release|Any CPU.Build.0 = Release|Any CPU
		{4D1B3411-F4F7-4E62-B7CB-A3AC3D530443}.Release|Win32.ActiveCfg = Release|Any CPU
		{4D1B3411-F4F7-4E62-B7CB-A3AC3D530443}.Release|x64.ActiveCfg = Release|Any CPU
		{5CCCB9CF-0384-458F-BA08-72B73866840F}.Debug|Any CPU.ActiveCfg = Debug|Win32
		{5CCCB9CF-0384-458F-BA08-72B73866840F}.Debug|Win32.ActiveCfg = Debug|Win32
		{5CCCB9CF-0384-458F-BA08-72B73866840F}.Debug|Win32.Build.0 = Debug|Win32
		{5CCCB9CF-0384-458F-BA08-72B73866840F}.Debug|x64.ActiveCfg = Debug|x64
		{5CCCB9CF-0384-458F-BA08-72B73866840F}.Debug|x64.Build.0 = Debug|x64
		{5CCCB9CF-0384-458F-BA08-72B73866840F}.Release|Any CPU.ActiveCfg = Release|Win32
		{5CCCB9CF-0384-458F-BA08-72B73866840F}.Release|Win32.ActiveCfg = Release|Win32
		{5CCCB9CF-0384-458F-BA08-72B73866840F}.Release|Win32.Build.0 = Release|Win32
		{5CCCB9CF-0384-458F-BA08-72B73866840F}.Release|x64.ActiveCfg = Release|x64
		{5CCCB9CF-0384-458F-BA08-72B73866840F}.Release|x64.Build.0 = Release|x64
		{1A87F412-BA74-4DBB-9F77-FD55C042FB63}.Debug|Any CPU.ActiveCfg = Debug|Win32
		{1A87F412-BA74-4DBB-9F77-FD55C042FB63}.Debug|Win32.ActiveCfg = Debug|Win32
		{1A87F412-BA74-4DBB-9F77-FD55C042FB63}.Debug|Win32.Build.0 = Debug|Win32
		{1A87F412-BA74-4DBB-9F77-FD55C042FB63}.Debug|x64.ActiveCfg = Debug|x64
		{1A87F412-BA74-4DBB-9F77-FD55C042FB63}.Debug|x64.Build.0 = Debug|x64
		{1A87F412-BA74-4DBB-9F77-FD55C042FB63}.Release|Any CPU.ActiveCfg = Release|Win32
		{1A87F412-BA74-4DBB-9F77-FD55C042FB63}.Release|Win32.ActiveCfg = Release|Win32
		{1A87F412-BA74-4DBB-9F77-FD55C042FB63}.Release|Win32.Build.0 = Release|Win32
		{1A87F412-BA74-4DBB-9F77-FD55C042FB63}.Release|x64.ActiveCfg = Release|x64
		{1A87F412-BA74-4DBB-9F77-FD55C042FB63}.Release|x64.Build.0 = Release|x64
		{CEE4A179-49FC-4D51-B045-F717D3A6C13A}.Debug|Any CPU.ActiveCfg = Debug|Win32
		{CEE4A179-49FC-4D51-B045-F717D3A6C13A}.Debug|Win32.ActiveCfg = Debug|Win32
		{CEE4A179-49FC-4D51-B045-F717D3A6C13A}.Debug|Win32.Build.0 = Debug|Win32
		{CEE4A179-49FC-4D51-B045-F717D3A6C13A}.Debug|x64.ActiveCfg = Debug|x64
		{CEE4A179-49FC-4D51-B045-F717D3A6C13A}.Debug|x64.Build.0 = Debug|x64
		{CEE4A179-49FC-4D51-B045-F717D3A6C13A}.Release|Any CPU.ActiveCfg = Release|Win32
		{CEE4A179-49FC-4D51-B045-F717D3A6C13A}.Release|Win32.ActiveCfg = Release|Win32
		{CEE4A179-49FC-4D51-B045-F717D3A6C13A}.Release|Win32.Build.0 = Release|Win32
		{CEE4A179-49FC-4D51-B045-F717D3A6C13A}.Release|x64.ActiveCfg = Release|x64
		{CEE4A179-49FC-4D51-B045-F717D3A6C13A}.Release|x64.Build.0 = Release|x64
		{8FE405A0-E837-4088-88AD-B63652E34790}.Debug|Any CPU.ActiveCfg = Debug|Any CPU
		{8FE405A0-E837-4088-88AD-B63652E34790}.Debug|Any CPU.Build.0 = Debug|Any CPU
		{8FE405A0-E837-4088-88AD-B63652E34790}.Debug|Win32.ActiveCfg = Debug|Any CPU
		{8FE405A0-E837-4088-88AD-B63652E34790}.Debug|x64.ActiveCfg = Debug|Any CPU
		{8FE405A0-E837-4088-88AD-B63652E34790}.Release|Any CPU.ActiveCfg = Release|Any CPU
		{8FE405A0-E837-4088-88AD-B63652E34790}.Release|Any CPU.Build.0 = Release|Any CPU
		{8FE405A0-E837-4088-88AD-B63652E34790}.Release|Win32.ActiveCfg = Release|Any CPU
		{8FE405A0-E837-4088-88AD-B63652E34790}.Release|x64.ActiveCfg = Release|Any CPU
		{A2C09014-C430-4E58-A323-306CCDF313C5}.Debug|Any CPU.ActiveCfg = Debug|Any CPU
		{A2C09014-C430-4E58-A323-306CCDF313C5}.Debug|Any CPU.Build.0 = Debug|Any CPU
		{A2C09014-C430-4E58-A323-306CCDF313C5}.Debug|Win32.ActiveCfg = Debug|Any CPU
		{A2C09014-C430-4E58-A323-306CCDF313C5}.Debug|Win32.Build.0 = Debug|Any CPU
		{A2C09014-C430-4E58-A323-306CCDF313C5}.Debug|x64.ActiveCfg = Debug|Any CPU
		{A2C09014-C430-4E58-A323-306CCDF313C5}.Debug|x64.Build.0 = Debug|Any CPU
		{A2C09014-C430-4E58-A323-306CCDF313C5}.Release|Any CPU.ActiveCfg = Release|Any CPU
		{A2C09014-C430-4E58-A323-306CCDF313C5}.Release|Any CPU.Build.0 = Release|Any CPU
		{A2C09014-C430-4E58-A323-306CCDF313C5}.Release|Win32.ActiveCfg = Release|Any CPU
		{A2C09014-C430-4E58-A323-306CCDF313C5}.Release|Win32.Build.0 = Release|Any CPU
		{A2C09014-C430-4E58-A323-306CCDF313C5}.Release|x64.ActiveCfg = Release|Any CPU
		{A2C09014-C430-4E58-A323-306CCDF313C5}.Release|x64.Build.0 = Release|Any CPU
		{B0A0C17A-C1BC-4CB1-BE1E-F545F54A7923}.Debug|Any CPU.ActiveCfg = Debug|Any CPU
		{B0A0C17A-C1BC-4CB1-BE1E-F545F54A7923}.Debug|Any CPU.Build.0 = Debug|Any CPU
		{B0A0C17A-C1BC-4CB1-BE1E-F545F54A7923}.Debug|Win32.ActiveCfg = Debug|Any CPU
		{B0A0C17A-C1BC-4CB1-BE1E-F545F54A7923}.Debug|Win32.Build.0 = Debug|Any CPU
		{B0A0C17A-C1BC-4CB1-BE1E-F545F54A7923}.Debug|x64.ActiveCfg = Debug|Any CPU
		{B0A0C17A-C1BC-4CB1-BE1E-F545F54A7923}.Debug|x64.Build.0 = Debug|Any CPU
		{B0A0C17A-C1BC-4CB1-BE1E-F545F54A7923}.Release|Any CPU.ActiveCfg = Release|Any CPU
		{B0A0C17A-C1BC-4CB1-BE1E-F545F54A7923}.Release|Any CPU.Build.0 = Release|Any CPU
		{B0A0C17A-C1BC-4CB1-BE1E-F545F54A7923}.Release|Win32.ActiveCfg = Release|Any CPU
		{B0A0C17A-C1BC-4CB1-BE1E-F545F54A7923}.Release|Win32.Build.0 = Release|Any CPU
		{B0A0C17A-C1BC-4CB1-BE1E-F545F54A7923}.Release|x64.ActiveCfg = Release|Any CPU
		{B0A0C17A-C1BC-4CB1-BE1E-F545F54A7923}.Release|x64.Build.0 = Release|Any CPU
		{6ADBBF4B-AD3A-4782-A694-18662196780B}.Debug|Any CPU.ActiveCfg = Debug|Any CPU
		{6ADBBF4B-AD3A-4782-A694-18662196780B}.Debug|Any CPU.Build.0 = Debug|Any CPU
		{6ADBBF4B-AD3A-4782-A694-18662196780B}.Debug|Win32.ActiveCfg = Debug|Any CPU
		{6ADBBF4B-AD3A-4782-A694-18662196780B}.Debug|Win32.Build.0 = Debug|Any CPU
		{6ADBBF4B-AD3A-4782-A694-18662196780B}.Debug|x64.ActiveCfg = Debug|Any CPU
		{6ADBBF4B-AD3A-4782-A694-18662196780B}.Debug|x64.Build.0 = Debug|Any CPU
		{6ADBBF4B-AD3A-4782-A694-18662196780B}.Release|Any CPU.ActiveCfg = Release|Any CPU
		{6ADBBF4B-AD3A-4782-A694-18662196780B}.Release|Any CPU.Build.0 = Release|Any CPU
		{6ADBBF4B-AD3A-4782-A694-18662196780B}.Release|Win32.ActiveCfg = Release|Any CPU
		{6ADBBF4B-AD3A-4782-A694-18662196780B}.Release|Win32.Build.0 = Release|Any CPU
		{6ADBBF4B-AD3A-4782-A694-18662196780B}.Release|x64.ActiveCfg = Release|Any CPU
		{6ADBBF4B-AD3A-4782-A694-18662196780B}.Release|x64.Build.0 = Release|Any CPU
	EndGlobalSection
	GlobalSection(SolutionProperties) = preSolution
		HideSolutionNode = FALSE
	EndGlobalSection
	GlobalSection(NestedProjects) = preSolution
		{8B179853-B7D6-479C-B8B2-6CBCE835D040} = {39A17A65-E893-44B8-A312-DDCDD990D9D1}
		{B36BE134-D85A-437E-AB61-2DA1CCDE06C1} = {90FD290C-5D65-42A6-AC9C-928730432116}
		{39A17A65-E893-44B8-A312-DDCDD990D9D1} = {FD0D49DB-8F02-4A64-A9A3-A5AF54481770}
		{93B7AE1D-DEF6-4A04-A222-5CDE09DF262D} = {FD0D49DB-8F02-4A64-A9A3-A5AF54481770}
		{FD1DD69E-EC51-443D-B6A7-908B8E0EF9E2} = {FD0D49DB-8F02-4A64-A9A3-A5AF54481770}
		{9A0D1EB8-269E-4165-971C-541C96AA506F} = {5D823ABE-D280-4800-824C-2633CBAB2EA9}
		{0E404B8B-FF82-427F-ADE4-77B54A29219F} = {5D823ABE-D280-4800-824C-2633CBAB2EA9}
		{A5A8D8FA-9E32-4010-8AAF-AE580C5AF728} = {4B59E09C-A51F-4B80-91BE-987904DCEF7D}
		{32338A04-5B6B-4C63-8EE7-C6400F73B5D7} = {FD0D49DB-8F02-4A64-A9A3-A5AF54481770}
		{F2EC7193-D5E5-4252-9803-5CEB407E910F} = {93B7AE1D-DEF6-4A04-A222-5CDE09DF262D}
		{8427CAA5-80B8-4952-9A68-5F3DFCFBDF40} = {FD1DD69E-EC51-443D-B6A7-908B8E0EF9E2}
		{A574F3B1-E38B-4EE4-9394-49D6E2DF52EA} = {4B59E09C-A51F-4B80-91BE-987904DCEF7D}
		{B75FA7AD-968E-4990-B342-1B4B17C850DF} = {B36BE134-D85A-437E-AB61-2DA1CCDE06C1}
		{F2DFEB00-BB35-4665-85EA-CB8C7729A6B7} = {B36BE134-D85A-437E-AB61-2DA1CCDE06C1}
		{A05B6AA6-0EC3-495D-BCC4-ECE1210071A8} = {B36BE134-D85A-437E-AB61-2DA1CCDE06C1}
		{8CF07381-BEA2-4AFC-B3DD-9B2F21C65A3A} = {90FD290C-5D65-42A6-AC9C-928730432116}
		{9253A314-1821-42BF-B02F-2BF986B1765D} = {4B59E09C-A51F-4B80-91BE-987904DCEF7D}
		{39B43BBB-BAFC-4D85-9BEA-3BCB7EFED89C} = {90FD290C-5D65-42A6-AC9C-928730432116}
		{5ADCFD6D-BFEA-4B10-BB45-9083BBB56AF4} = {7E402406-7E51-4F0D-8209-60824C1CD6E8}
		{B3DF599C-1C8F-451D-91E4-DD766210DA1F} = {8B179853-B7D6-479C-B8B2-6CBCE835D040}
		{1D1E99BC-6D22-41C0-BD94-FF4DD5EC725B} = {39A17A65-E893-44B8-A312-DDCDD990D9D1}
		{115CC5B0-0385-41CD-8A23-6A7EA4C51926} = {4B59E09C-A51F-4B80-91BE-987904DCEF7D}
		{082D6B9E-326E-4D15-9798-EDAE9EDE70A6} = {93B7AE1D-DEF6-4A04-A222-5CDE09DF262D}
		{2379BAAF-A406-4477-BF53-2D6A326C24C8} = {4B59E09C-A51F-4B80-91BE-987904DCEF7D}
		{8E6E1763-39AE-491D-A10F-44C8844ABA5B} = {4B59E09C-A51F-4B80-91BE-987904DCEF7D}
		{04945FB2-8410-4F14-8262-2ED18DCDACD6} = {D9D97BB6-002F-4858-8EF2-49B4C4C4DDB4}
		{A430AD28-B76A-4ED0-AF7D-D13B8969297F} = {D9D97BB6-002F-4858-8EF2-49B4C4C4DDB4}
		{EA2CAE21-940C-4F51-A802-E02ABB97A9B5} = {FD1DD69E-EC51-443D-B6A7-908B8E0EF9E2}
		{D2700165-3E77-4B28-928D-551F5FC11954} = {90FD290C-5D65-42A6-AC9C-928730432116}
		{5C8B61C0-BC3D-4316-B8A7-419D55BB5796} = {D9D97BB6-002F-4858-8EF2-49B4C4C4DDB4}
		{6C74652F-1EF4-459E-84F4-99D93D3D17DA} = {D9D97BB6-002F-4858-8EF2-49B4C4C4DDB4}
		{8DD1E84B-0B03-4C0B-9B42-1E49F75E7CB1} = {7E402406-7E51-4F0D-8209-60824C1CD6E8}
		{1AF02E2C-2CB2-44B5-B417-37653071FEC6} = {93B7AE1D-DEF6-4A04-A222-5CDE09DF262D}
		{DFE55765-564C-4B8F-993B-A94C4D1C212E} = {93B7AE1D-DEF6-4A04-A222-5CDE09DF262D}
		{1FCA8834-34E6-47CF-B53F-D8DF35345363} = {4B59E09C-A51F-4B80-91BE-987904DCEF7D}
		{816D964C-9772-46C5-AF1D-49E8C78A1E7C} = {86BBE3FC-E4E5-4190-B675-C6745EAF4E64}
		{84EBB7CB-02C9-40A9-9D32-C641B822DAA2} = {D9D97BB6-002F-4858-8EF2-49B4C4C4DDB4}
		{0AC7691C-562A-4879-8A11-6C7890BF659B} = {86BBE3FC-E4E5-4190-B675-C6745EAF4E64}
		{F8C29953-A697-4462-82DC-DA7146654A64} = {4B59E09C-A51F-4B80-91BE-987904DCEF7D}
		{7EA4160F-3BBD-47C9-A38C-4053B64B24A8} = {7E402406-7E51-4F0D-8209-60824C1CD6E8}
		{082D6B9E-326E-4D15-9798-DE70A6EDAE9E} = {93B7AE1D-DEF6-4A04-A222-5CDE09DF262D}
		{E75F7CCD-4266-42E1-A039-DC7EB5EDD8F6} = {93B7AE1D-DEF6-4A04-A222-5CDE09DF262D}
		{E3FF7539-6B22-4922-8FEF-6D26F2C2E3CE} = {4B59E09C-A51F-4B80-91BE-987904DCEF7D}
		{678875A6-6B3A-4AAC-83B6-D9A72D9016CF} = {BC0C1801-0212-4ECC-92D5-8F2D6F69E888}
		{2D8D7A03-DFFA-44EF-9299-8BB56D122245} = {BC0C1801-0212-4ECC-92D5-8F2D6F69E888}
		{F10AB92C-9AFB-4FC0-94E0-06FCD3CA8155} = {93B7AE1D-DEF6-4A04-A222-5CDE09DF262D}
		{1219A514-D3FA-40DB-BBB2-92CE05E35839} = {7E402406-7E51-4F0D-8209-60824C1CD6E8}
		{4CEFBC83-C215-11DB-8314-0800200C9A66} = {8B179853-B7D6-479C-B8B2-6CBCE835D040}
		{21BF980F-C022-4DCC-9250-7C73528E422B} = {8B179853-B7D6-479C-B8B2-6CBCE835D040}
		{8373E3B2-16F0-4FD3-A13B-0B0248FFC228} = {7E402406-7E51-4F0D-8209-60824C1CD6E8}
		{4D1B3411-F4F7-4E62-B7CB-A3AC3D530443} = {93B7AE1D-DEF6-4A04-A222-5CDE09DF262D}
		{5CCCB9CF-0384-458F-BA08-72B73866840F} = {8B179853-B7D6-479C-B8B2-6CBCE835D040}
		{1A87F412-BA74-4DBB-9F77-FD55C042FB63} = {8B179853-B7D6-479C-B8B2-6CBCE835D040}
		{CEE4A179-49FC-4D51-B045-F717D3A6C13A} = {8B179853-B7D6-479C-B8B2-6CBCE835D040}
		{8FE405A0-E837-4088-88AD-B63652E34790} = {93B7AE1D-DEF6-4A04-A222-5CDE09DF262D}
		{A2C09014-C430-4E58-A323-306CCDF313C5} = {93B7AE1D-DEF6-4A04-A222-5CDE09DF262D}
		{B0A0C17A-C1BC-4CB1-BE1E-F545F54A7923} = {8B179853-B7D6-479C-B8B2-6CBCE835D040}
		{6ADBBF4B-AD3A-4782-A694-18662196780B} = {4B59E09C-A51F-4B80-91BE-987904DCEF7D}
	EndGlobalSection
	GlobalSection(ExtensibilityGlobals) = postSolution
		SolutionGuid = {C634D169-5814-4203-94B6-6A11371DDA95}
	EndGlobalSection
	GlobalSection(TestCaseManagementSettings) = postSolution
		CategoryFile = CUETools1.vsmdi
	EndGlobalSection
EndGlobal
