
Microsoft Visual Studio Solution File, Format Version 9.00
# Visual Studio 2005
Project("{FAE04EC0-301F-11D3-BF4B-00C04F79EFBC}") = "CUETools", "CUETools.csproj", "{EF351583-A9CD-4530-92C3-20AC02136BC2}"
EndProject
Project("{8BC9CEB8-8B4A-11D0-8D11-00A0C91BC942}") = "FLACDotNet", "..\FLACDotNet\FLACDotNet.vcproj", "{E70FA90A-7012-4A52-86B5-362B699D1540}"
	ProjectSection(ProjectDependencies) = postProject
		{4CEFBC84-C215-11DB-8314-0800200C9A66} = {4CEFBC84-C215-11DB-8314-0800200C9A66}
	EndProjectSection
EndProject
Project("{8BC9CEB8-8B4A-11D0-8D11-00A0C91BC942}") = "APEDotNet", "..\APEDotNet\APEDotNet.vcproj", "{9AE965C4-301E-4C01-B90F-297AF341ACC6}"
	ProjectSection(ProjectDependencies) = postProject
		{0B9C97D4-61B8-4294-A1DF-BA90752A1779} = {0B9C97D4-61B8-4294-A1DF-BA90752A1779}
		{CA200BCB-DFC6-4153-9BD4-785BC768B26B} = {CA200BCB-DFC6-4153-9BD4-785BC768B26B}
	EndProjectSection
EndProject
Project("{2150E333-8FDC-42A3-9474-1A3956D46DE8}") = "CodecLibs", "CodecLibs", "{8B179853-B7D6-479C-B8B2-6CBCE835D040}"
EndProject
Project("{8BC9CEB8-8B4A-11D0-8D11-00A0C91BC942}") = "WavPackDotNet", "..\WavPackDotNet\WavPackDotNet.vcproj", "{CC2E74B6-534A-43D8-9F16-AC03FE955000}"
	ProjectSection(ProjectDependencies) = postProject
		{CA200BCB-DFC6-4153-9BD4-785BC768B26B} = {CA200BCB-DFC6-4153-9BD4-785BC768B26B}
		{5CCCB9CF-0384-458F-BA08-72B73866840F} = {5CCCB9CF-0384-458F-BA08-72B73866840F}
	EndProjectSection
EndProject
Project("{8BC9CEB8-8B4A-11D0-8D11-00A0C91BC942}") = "MACLib", "..\MAC_SDK\Source\MACLib\MACLib.vcproj", "{0B9C97D4-61B8-4294-A1DF-BA90752A1779}"
EndProject
Project("{2150E333-8FDC-42A3-9474-1A3956D46DE8}") = "CodecWrappers", "CodecWrappers", "{85F88959-C9E9-4989-ACB1-67BA9D1BEFE7}"
EndProject
Project("{8BC9CEB8-8B4A-11D0-8D11-00A0C91BC942}") = "libFLAC_static", "..\flac\src\libFLAC\libFLAC_static.vcproj", "{4CEFBC84-C215-11DB-8314-0800200C9A66}"
EndProject
Project("{FAE04EC0-301F-11D3-BF4B-00C04F79EFBC}") = "APETagDotNet", "..\APETagDotNet\APETagDotNet.csproj", "{CA200BCB-DFC6-4153-9BD4-785BC768B26B}"
EndProject
Project("{8BC9CEB8-8B4A-11D0-8D11-00A0C91BC942}") = "libwavpack", "..\wavpack-4.5.0\src\libwavpack.vcproj", "{5CCCB9CF-0384-458F-BA08-72B73866840F}"
EndProject
Project("{FAE04EC0-301F-11D3-BF4B-00C04F79EFBC}") = "ArCueDotNet", "..\ArCueDotNet\ArCueDotNet.csproj", "{A5A8D8FA-9E32-4010-8AAF-AE580C5AF728}"
EndProject
Project("{FAE04EC0-301F-11D3-BF4B-00C04F79EFBC}") = "CUETools.Processor", "..\CUEToolsLib\CUETools.Processor.csproj", "{4911BD82-49EF-4858-8B51-5394F86739A4}"
	ProjectSection(ProjectDependencies) = postProject
		{9AE965C4-301E-4C01-B90F-297AF341ACC6} = {9AE965C4-301E-4C01-B90F-297AF341ACC6}
		{CC2E74B6-534A-43D8-9F16-AC03FE955000} = {CC2E74B6-534A-43D8-9F16-AC03FE955000}
		{E70FA90A-7012-4A52-86B5-362B699D1540} = {E70FA90A-7012-4A52-86B5-362B699D1540}
	EndProjectSection
EndProject
Project("{FAE04EC0-301F-11D3-BF4B-00C04F79EFBC}") = "HDCDDotNet", "..\HDCDDotNet\HDCDDotNet.csproj", "{32338A04-5B6B-4C63-8EE7-C6400F73B5D7}"
EndProject
Project("{FAE04EC0-301F-11D3-BF4B-00C04F79EFBC}") = "CUETools.Codecs", "..\AudioCodecsDotNet\CUETools.Codecs.csproj", "{6458A13A-30EF-45A9-9D58-E5031B17BEE2}"
EndProject
Project("{FAE04EC0-301F-11D3-BF4B-00C04F79EFBC}") = "CUETools.Codecs.ALAC", "..\ALACDotNet\CUETools.Codecs.ALAC.csproj", "{F2EC7193-D5E5-4252-9803-5CEB407E910F}"
EndProject
Project("{FAE04EC0-301F-11D3-BF4B-00C04F79EFBC}") = "UnRarDotNet", "..\UnRarDotNet\UnRarDotNet.csproj", "{8427CAA5-80B8-4952-9A68-5F3DFCFBDF40}"
EndProject
Project("{FAE04EC0-301F-11D3-BF4B-00C04F79EFBC}") = "CUETools.Codecs.LossyWAV", "..\LossyWAVDotNet\CUETools.Codecs.LossyWAV.csproj", "{8A0426FA-0BC2-4C49-A6E5-1F9A68156F19}"
EndProject
Project("{FAE04EC0-301F-11D3-BF4B-00C04F79EFBC}") = "LossyWAVSharp", "..\LossyWAVSharp\LossyWAVSharp.csproj", "{A574F3B1-E38B-4EE4-9394-49D6E2DF52EA}"
EndProject
Project("{2150E333-8FDC-42A3-9474-1A3956D46DE8}") = "BWGBurn", "BWGBurn", "{B36BE134-D85A-437E-AB61-2DA1CCDE06C1}"
EndProject
Project("{FAE04EC0-301F-11D3-BF4B-00C04F79EFBC}") = "Bwg.Hardware", "..\Bwg.Hardware\Bwg.Hardware.csproj", "{B75FA7AD-968E-4990-B342-1B4B17C850DF}"
EndProject
Project("{FAE04EC0-301F-11D3-BF4B-00C04F79EFBC}") = "Bwg.Logging", "..\Bwg.Logging\Bwg.Logging.csproj", "{F2DFEB00-BB35-4665-85EA-CB8C7729A6B7}"
EndProject
Project("{FAE04EC0-301F-11D3-BF4B-00C04F79EFBC}") = "Bwg.Scsi", "..\Bwg.Scsi\Bwg.Scsi.csproj", "{A05B6AA6-0EC3-495D-BCC4-ECE1210071A8}"
EndProject
Project("{FAE04EC0-301F-11D3-BF4B-00C04F79EFBC}") = "CUETools.Ripper.SCSI", "..\CUETools.Ripper.SCSI\CUETools.Ripper.SCSI.csproj", "{8CF07381-BEA2-4AFC-B3DD-9B2F21C65A3A}"
EndProject
Project("{FAE04EC0-301F-11D3-BF4B-00C04F79EFBC}") = "CUERipper", "..\CUETools.Ripper.Console\CUERipper.csproj", "{9253A314-1821-42BF-B02F-2BF986B1765D}"
EndProject
Project("{2150E333-8FDC-42A3-9474-1A3956D46DE8}") = "ConsoleApps", "ConsoleApps", "{4B59E09C-A51F-4B80-91BE-987904DCEF7D}"
EndProject
Project("{FAE04EC0-301F-11D3-BF4B-00C04F79EFBC}") = "CUETools.CDImage", "..\CUETools.CDImage\CUETools.CDImage.csproj", "{1DD41038-D885-46C5-8DDE-E0B82F066584}"
EndProject
Project("{FAE04EC0-301F-11D3-BF4B-00C04F79EFBC}") = "CUETools.AccurateRip", "..\CUETools.AccurateRip\CUETools.AccurateRip.csproj", "{5802C7E9-157E-4124-946D-70B5AE48A5A1}"
EndProject
Global
	GlobalSection(SolutionConfigurationPlatforms) = preSolution
		Debug|Any CPU = Debug|Any CPU
		Debug|x64 = Debug|x64
		Debug|x86 = Debug|x86
		Release|Any CPU = Release|Any CPU
		Release|x64 = Release|x64
		Release|x86 = Release|x86
	EndGlobalSection
	GlobalSection(ProjectConfigurationPlatforms) = postSolution
		{EF351583-A9CD-4530-92C3-20AC02136BC2}.Debug|Any CPU.ActiveCfg = Debug|Any CPU
		{EF351583-A9CD-4530-92C3-20AC02136BC2}.Debug|Any CPU.Build.0 = Debug|Any CPU
		{EF351583-A9CD-4530-92C3-20AC02136BC2}.Debug|x64.ActiveCfg = Debug|x64
		{EF351583-A9CD-4530-92C3-20AC02136BC2}.Debug|x64.Build.0 = Debug|x64
		{EF351583-A9CD-4530-92C3-20AC02136BC2}.Debug|x86.ActiveCfg = Debug|x86
		{EF351583-A9CD-4530-92C3-20AC02136BC2}.Debug|x86.Build.0 = Debug|x86
		{EF351583-A9CD-4530-92C3-20AC02136BC2}.Release|Any CPU.ActiveCfg = Release|Any CPU
		{EF351583-A9CD-4530-92C3-20AC02136BC2}.Release|Any CPU.Build.0 = Release|Any CPU
		{EF351583-A9CD-4530-92C3-20AC02136BC2}.Release|x64.ActiveCfg = Release|x64
		{EF351583-A9CD-4530-92C3-20AC02136BC2}.Release|x64.Build.0 = Release|x64
		{EF351583-A9CD-4530-92C3-20AC02136BC2}.Release|x86.ActiveCfg = Release|x86
		{EF351583-A9CD-4530-92C3-20AC02136BC2}.Release|x86.Build.0 = Release|x86
		{E70FA90A-7012-4A52-86B5-362B699D1540}.Debug|Any CPU.ActiveCfg = Debug|x64
		{E70FA90A-7012-4A52-86B5-362B699D1540}.Debug|x64.ActiveCfg = Debug|x64
		{E70FA90A-7012-4A52-86B5-362B699D1540}.Debug|x64.Build.0 = Debug|x64
		{E70FA90A-7012-4A52-86B5-362B699D1540}.Debug|x86.ActiveCfg = Debug|Win32
		{E70FA90A-7012-4A52-86B5-362B699D1540}.Debug|x86.Build.0 = Debug|Win32
		{E70FA90A-7012-4A52-86B5-362B699D1540}.Release|Any CPU.ActiveCfg = Release|x64
		{E70FA90A-7012-4A52-86B5-362B699D1540}.Release|x64.ActiveCfg = Release|x64
		{E70FA90A-7012-4A52-86B5-362B699D1540}.Release|x64.Build.0 = Release|x64
		{E70FA90A-7012-4A52-86B5-362B699D1540}.Release|x86.ActiveCfg = Release|Win32
		{E70FA90A-7012-4A52-86B5-362B699D1540}.Release|x86.Build.0 = Release|Win32
		{9AE965C4-301E-4C01-B90F-297AF341ACC6}.Debug|Any CPU.ActiveCfg = Debug|x64
		{9AE965C4-301E-4C01-B90F-297AF341ACC6}.Debug|x64.ActiveCfg = Debug|x64
		{9AE965C4-301E-4C01-B90F-297AF341ACC6}.Debug|x64.Build.0 = Debug|x64
		{9AE965C4-301E-4C01-B90F-297AF341ACC6}.Debug|x86.ActiveCfg = Debug|Win32
		{9AE965C4-301E-4C01-B90F-297AF341ACC6}.Debug|x86.Build.0 = Debug|Win32
		{9AE965C4-301E-4C01-B90F-297AF341ACC6}.Release|Any CPU.ActiveCfg = Release|x64
		{9AE965C4-301E-4C01-B90F-297AF341ACC6}.Release|x64.ActiveCfg = Release|x64
		{9AE965C4-301E-4C01-B90F-297AF341ACC6}.Release|x64.Build.0 = Release|x64
		{9AE965C4-301E-4C01-B90F-297AF341ACC6}.Release|x86.ActiveCfg = Release|Win32
		{9AE965C4-301E-4C01-B90F-297AF341ACC6}.Release|x86.Build.0 = Release|Win32
		{CC2E74B6-534A-43D8-9F16-AC03FE955000}.Debug|Any CPU.ActiveCfg = Debug|x64
		{CC2E74B6-534A-43D8-9F16-AC03FE955000}.Debug|x64.ActiveCfg = Debug|x64
		{CC2E74B6-534A-43D8-9F16-AC03FE955000}.Debug|x64.Build.0 = Debug|x64
		{CC2E74B6-534A-43D8-9F16-AC03FE955000}.Debug|x86.ActiveCfg = Debug|Win32
		{CC2E74B6-534A-43D8-9F16-AC03FE955000}.Debug|x86.Build.0 = Debug|Win32
		{CC2E74B6-534A-43D8-9F16-AC03FE955000}.Release|Any CPU.ActiveCfg = Release|Win32
		{CC2E74B6-534A-43D8-9F16-AC03FE955000}.Release|x64.ActiveCfg = Release|x64
		{CC2E74B6-534A-43D8-9F16-AC03FE955000}.Release|x64.Build.0 = Release|x64
		{CC2E74B6-534A-43D8-9F16-AC03FE955000}.Release|x86.ActiveCfg = Release|Win32
		{CC2E74B6-534A-43D8-9F16-AC03FE955000}.Release|x86.Build.0 = Release|Win32
		{0B9C97D4-61B8-4294-A1DF-BA90752A1779}.Debug|Any CPU.ActiveCfg = Debug|x64
		{0B9C97D4-61B8-4294-A1DF-BA90752A1779}.Debug|x64.ActiveCfg = Debug|x64
		{0B9C97D4-61B8-4294-A1DF-BA90752A1779}.Debug|x64.Build.0 = Debug|x64
		{0B9C97D4-61B8-4294-A1DF-BA90752A1779}.Debug|x86.ActiveCfg = Debug|Win32
		{0B9C97D4-61B8-4294-A1DF-BA90752A1779}.Debug|x86.Build.0 = Debug|Win32
		{0B9C97D4-61B8-4294-A1DF-BA90752A1779}.Release|Any CPU.ActiveCfg = Release|x64
		{0B9C97D4-61B8-4294-A1DF-BA90752A1779}.Release|x64.ActiveCfg = Release|x64
		{0B9C97D4-61B8-4294-A1DF-BA90752A1779}.Release|x64.Build.0 = Release|x64
		{0B9C97D4-61B8-4294-A1DF-BA90752A1779}.Release|x86.ActiveCfg = Release|Win32
		{0B9C97D4-61B8-4294-A1DF-BA90752A1779}.Release|x86.Build.0 = Release|Win32
		{4CEFBC84-C215-11DB-8314-0800200C9A66}.Debug|Any CPU.ActiveCfg = Debug|x64
		{4CEFBC84-C215-11DB-8314-0800200C9A66}.Debug|x64.ActiveCfg = Debug|x64
		{4CEFBC84-C215-11DB-8314-0800200C9A66}.Debug|x64.Build.0 = Debug|x64
		{4CEFBC84-C215-11DB-8314-0800200C9A66}.Debug|x86.ActiveCfg = Debug|Win32
		{4CEFBC84-C215-11DB-8314-0800200C9A66}.Debug|x86.Build.0 = Debug|Win32
		{4CEFBC84-C215-11DB-8314-0800200C9A66}.Release|Any CPU.ActiveCfg = Release|x64
		{4CEFBC84-C215-11DB-8314-0800200C9A66}.Release|x64.ActiveCfg = Release|x64
		{4CEFBC84-C215-11DB-8314-0800200C9A66}.Release|x64.Build.0 = Release|x64
		{4CEFBC84-C215-11DB-8314-0800200C9A66}.Release|x86.ActiveCfg = Release|Win32
		{4CEFBC84-C215-11DB-8314-0800200C9A66}.Release|x86.Build.0 = Release|Win32
		{CA200BCB-DFC6-4153-9BD4-785BC768B26B}.Debug|Any CPU.ActiveCfg = Debug|Any CPU
		{CA200BCB-DFC6-4153-9BD4-785BC768B26B}.Debug|Any CPU.Build.0 = Debug|Any CPU
		{CA200BCB-DFC6-4153-9BD4-785BC768B26B}.Debug|x64.ActiveCfg = Debug|x64
		{CA200BCB-DFC6-4153-9BD4-785BC768B26B}.Debug|x64.Build.0 = Debug|x64
		{CA200BCB-DFC6-4153-9BD4-785BC768B26B}.Debug|x86.ActiveCfg = Debug|x86
		{CA200BCB-DFC6-4153-9BD4-785BC768B26B}.Debug|x86.Build.0 = Debug|x86
		{CA200BCB-DFC6-4153-9BD4-785BC768B26B}.Release|Any CPU.ActiveCfg = Release|Any CPU
		{CA200BCB-DFC6-4153-9BD4-785BC768B26B}.Release|Any CPU.Build.0 = Release|Any CPU
		{CA200BCB-DFC6-4153-9BD4-785BC768B26B}.Release|x64.ActiveCfg = Release|x64
		{CA200BCB-DFC6-4153-9BD4-785BC768B26B}.Release|x64.Build.0 = Release|x64
		{CA200BCB-DFC6-4153-9BD4-785BC768B26B}.Release|x86.ActiveCfg = Release|x86
		{CA200BCB-DFC6-4153-9BD4-785BC768B26B}.Release|x86.Build.0 = Release|x86
		{5CCCB9CF-0384-458F-BA08-72B73866840F}.Debug|Any CPU.ActiveCfg = Debug|x64
		{5CCCB9CF-0384-458F-BA08-72B73866840F}.Debug|x64.ActiveCfg = Debug|x64
		{5CCCB9CF-0384-458F-BA08-72B73866840F}.Debug|x64.Build.0 = Debug|x64
		{5CCCB9CF-0384-458F-BA08-72B73866840F}.Debug|x86.ActiveCfg = Debug|Win32
		{5CCCB9CF-0384-458F-BA08-72B73866840F}.Debug|x86.Build.0 = Debug|Win32
		{5CCCB9CF-0384-458F-BA08-72B73866840F}.Release|Any CPU.ActiveCfg = Release|x64
		{5CCCB9CF-0384-458F-BA08-72B73866840F}.Release|x64.ActiveCfg = Release|x64
		{5CCCB9CF-0384-458F-BA08-72B73866840F}.Release|x64.Build.0 = Release|x64
		{5CCCB9CF-0384-458F-BA08-72B73866840F}.Release|x86.ActiveCfg = Release|Win32
		{5CCCB9CF-0384-458F-BA08-72B73866840F}.Release|x86.Build.0 = Release|Win32
		{A5A8D8FA-9E32-4010-8AAF-AE580C5AF728}.Debug|Any CPU.ActiveCfg = Debug|Any CPU
		{A5A8D8FA-9E32-4010-8AAF-AE580C5AF728}.Debug|Any CPU.Build.0 = Debug|Any CPU
		{A5A8D8FA-9E32-4010-8AAF-AE580C5AF728}.Debug|x64.ActiveCfg = Debug|x64
		{A5A8D8FA-9E32-4010-8AAF-AE580C5AF728}.Debug|x64.Build.0 = Debug|x64
		{A5A8D8FA-9E32-4010-8AAF-AE580C5AF728}.Debug|x86.ActiveCfg = Debug|x86
		{A5A8D8FA-9E32-4010-8AAF-AE580C5AF728}.Debug|x86.Build.0 = Debug|x86
		{A5A8D8FA-9E32-4010-8AAF-AE580C5AF728}.Release|Any CPU.ActiveCfg = Release|Any CPU
		{A5A8D8FA-9E32-4010-8AAF-AE580C5AF728}.Release|Any CPU.Build.0 = Release|Any CPU
		{A5A8D8FA-9E32-4010-8AAF-AE580C5AF728}.Release|x64.ActiveCfg = Release|x64
		{A5A8D8FA-9E32-4010-8AAF-AE580C5AF728}.Release|x64.Build.0 = Release|x64
		{A5A8D8FA-9E32-4010-8AAF-AE580C5AF728}.Release|x86.ActiveCfg = Release|x86
		{A5A8D8FA-9E32-4010-8AAF-AE580C5AF728}.Release|x86.Build.0 = Release|x86
		{4911BD82-49EF-4858-8B51-5394F86739A4}.Debug|Any CPU.ActiveCfg = Debug|Any CPU
		{4911BD82-49EF-4858-8B51-5394F86739A4}.Debug|Any CPU.Build.0 = Debug|Any CPU
		{4911BD82-49EF-4858-8B51-5394F86739A4}.Debug|x64.ActiveCfg = Debug|x64
		{4911BD82-49EF-4858-8B51-5394F86739A4}.Debug|x64.Build.0 = Debug|x64
		{4911BD82-49EF-4858-8B51-5394F86739A4}.Debug|x86.ActiveCfg = Debug|x86
		{4911BD82-49EF-4858-8B51-5394F86739A4}.Debug|x86.Build.0 = Debug|x86
		{4911BD82-49EF-4858-8B51-5394F86739A4}.Release|Any CPU.ActiveCfg = Release|Any CPU
		{4911BD82-49EF-4858-8B51-5394F86739A4}.Release|Any CPU.Build.0 = Release|Any CPU
		{4911BD82-49EF-4858-8B51-5394F86739A4}.Release|x64.ActiveCfg = Release|x64
		{4911BD82-49EF-4858-8B51-5394F86739A4}.Release|x64.Build.0 = Release|x64
		{4911BD82-49EF-4858-8B51-5394F86739A4}.Release|x86.ActiveCfg = Release|x86
		{4911BD82-49EF-4858-8B51-5394F86739A4}.Release|x86.Build.0 = Release|x86
		{32338A04-5B6B-4C63-8EE7-C6400F73B5D7}.Debug|Any CPU.ActiveCfg = Debug|Any CPU
		{32338A04-5B6B-4C63-8EE7-C6400F73B5D7}.Debug|Any CPU.Build.0 = Debug|Any CPU
		{32338A04-5B6B-4C63-8EE7-C6400F73B5D7}.Debug|x64.ActiveCfg = Debug|x64
		{32338A04-5B6B-4C63-8EE7-C6400F73B5D7}.Debug|x64.Build.0 = Debug|x64
		{32338A04-5B6B-4C63-8EE7-C6400F73B5D7}.Debug|x86.ActiveCfg = Debug|x86
		{32338A04-5B6B-4C63-8EE7-C6400F73B5D7}.Debug|x86.Build.0 = Debug|x86
		{32338A04-5B6B-4C63-8EE7-C6400F73B5D7}.Release|Any CPU.ActiveCfg = Release|Any CPU
		{32338A04-5B6B-4C63-8EE7-C6400F73B5D7}.Release|x64.ActiveCfg = Release|x64
		{32338A04-5B6B-4C63-8EE7-C6400F73B5D7}.Release|x64.Build.0 = Release|x64
		{32338A04-5B6B-4C63-8EE7-C6400F73B5D7}.Release|x86.ActiveCfg = Release|x86
		{32338A04-5B6B-4C63-8EE7-C6400F73B5D7}.Release|x86.Build.0 = Release|x86
		{6458A13A-30EF-45A9-9D58-E5031B17BEE2}.Debug|Any CPU.ActiveCfg = Debug|Any CPU
		{6458A13A-30EF-45A9-9D58-E5031B17BEE2}.Debug|Any CPU.Build.0 = Debug|Any CPU
		{6458A13A-30EF-45A9-9D58-E5031B17BEE2}.Debug|x64.ActiveCfg = Debug|x64
		{6458A13A-30EF-45A9-9D58-E5031B17BEE2}.Debug|x64.Build.0 = Debug|x64
		{6458A13A-30EF-45A9-9D58-E5031B17BEE2}.Debug|x86.ActiveCfg = Debug|x86
		{6458A13A-30EF-45A9-9D58-E5031B17BEE2}.Debug|x86.Build.0 = Debug|x86
		{6458A13A-30EF-45A9-9D58-E5031B17BEE2}.Release|Any CPU.ActiveCfg = Release|Any CPU
		{6458A13A-30EF-45A9-9D58-E5031B17BEE2}.Release|Any CPU.Build.0 = Release|Any CPU
		{6458A13A-30EF-45A9-9D58-E5031B17BEE2}.Release|x64.ActiveCfg = Release|x64
		{6458A13A-30EF-45A9-9D58-E5031B17BEE2}.Release|x64.Build.0 = Release|x64
		{6458A13A-30EF-45A9-9D58-E5031B17BEE2}.Release|x86.ActiveCfg = Release|x86
		{6458A13A-30EF-45A9-9D58-E5031B17BEE2}.Release|x86.Build.0 = Release|x86
		{F2EC7193-D5E5-4252-9803-5CEB407E910F}.Debug|Any CPU.ActiveCfg = Debug|Any CPU
		{F2EC7193-D5E5-4252-9803-5CEB407E910F}.Debug|Any CPU.Build.0 = Debug|Any CPU
		{F2EC7193-D5E5-4252-9803-5CEB407E910F}.Debug|x64.ActiveCfg = Debug|x64
		{F2EC7193-D5E5-4252-9803-5CEB407E910F}.Debug|x64.Build.0 = Debug|x64
		{F2EC7193-D5E5-4252-9803-5CEB407E910F}.Debug|x86.ActiveCfg = Debug|x86
		{F2EC7193-D5E5-4252-9803-5CEB407E910F}.Debug|x86.Build.0 = Debug|x86
		{F2EC7193-D5E5-4252-9803-5CEB407E910F}.Release|Any CPU.ActiveCfg = Release|Any CPU
		{F2EC7193-D5E5-4252-9803-5CEB407E910F}.Release|Any CPU.Build.0 = Release|Any CPU
		{F2EC7193-D5E5-4252-9803-5CEB407E910F}.Release|x64.ActiveCfg = Release|x64
		{F2EC7193-D5E5-4252-9803-5CEB407E910F}.Release|x64.Build.0 = Release|x64
		{F2EC7193-D5E5-4252-9803-5CEB407E910F}.Release|x86.ActiveCfg = Release|x86
		{F2EC7193-D5E5-4252-9803-5CEB407E910F}.Release|x86.Build.0 = Release|x86
		{8427CAA5-80B8-4952-9A68-5F3DFCFBDF40}.Debug|Any CPU.ActiveCfg = Debug|Any CPU
		{8427CAA5-80B8-4952-9A68-5F3DFCFBDF40}.Debug|x64.ActiveCfg = Debug|x64
		{8427CAA5-80B8-4952-9A68-5F3DFCFBDF40}.Debug|x64.Build.0 = Debug|x64
		{8427CAA5-80B8-4952-9A68-5F3DFCFBDF40}.Debug|x86.ActiveCfg = Debug|x86
		{8427CAA5-80B8-4952-9A68-5F3DFCFBDF40}.Debug|x86.Build.0 = Debug|x86
		{8427CAA5-80B8-4952-9A68-5F3DFCFBDF40}.Release|Any CPU.ActiveCfg = Release|Any CPU
		{8427CAA5-80B8-4952-9A68-5F3DFCFBDF40}.Release|x64.ActiveCfg = Release|x64
		{8427CAA5-80B8-4952-9A68-5F3DFCFBDF40}.Release|x64.Build.0 = Release|x64
		{8427CAA5-80B8-4952-9A68-5F3DFCFBDF40}.Release|x86.ActiveCfg = Release|x86
		{8427CAA5-80B8-4952-9A68-5F3DFCFBDF40}.Release|x86.Build.0 = Release|x86
		{8A0426FA-0BC2-4C49-A6E5-1F9A68156F19}.Debug|Any CPU.ActiveCfg = Debug|Any CPU
		{8A0426FA-0BC2-4C49-A6E5-1F9A68156F19}.Debug|Any CPU.Build.0 = Debug|Any CPU
		{8A0426FA-0BC2-4C49-A6E5-1F9A68156F19}.Debug|x64.ActiveCfg = Debug|x64
		{8A0426FA-0BC2-4C49-A6E5-1F9A68156F19}.Debug|x64.Build.0 = Debug|x64
		{8A0426FA-0BC2-4C49-A6E5-1F9A68156F19}.Debug|x86.ActiveCfg = Debug|x86
		{8A0426FA-0BC2-4C49-A6E5-1F9A68156F19}.Debug|x86.Build.0 = Debug|x86
		{8A0426FA-0BC2-4C49-A6E5-1F9A68156F19}.Release|Any CPU.ActiveCfg = Release|Any CPU
		{8A0426FA-0BC2-4C49-A6E5-1F9A68156F19}.Release|Any CPU.Build.0 = Release|Any CPU
		{8A0426FA-0BC2-4C49-A6E5-1F9A68156F19}.Release|x64.ActiveCfg = Release|x64
		{8A0426FA-0BC2-4C49-A6E5-1F9A68156F19}.Release|x64.Build.0 = Release|x64
		{8A0426FA-0BC2-4C49-A6E5-1F9A68156F19}.Release|x86.ActiveCfg = Release|x86
		{8A0426FA-0BC2-4C49-A6E5-1F9A68156F19}.Release|x86.Build.0 = Release|x86
		{A574F3B1-E38B-4EE4-9394-49D6E2DF52EA}.Debug|Any CPU.ActiveCfg = Debug|Any CPU
		{A574F3B1-E38B-4EE4-9394-49D6E2DF52EA}.Debug|Any CPU.Build.0 = Debug|Any CPU
		{A574F3B1-E38B-4EE4-9394-49D6E2DF52EA}.Debug|x64.ActiveCfg = Debug|x64
		{A574F3B1-E38B-4EE4-9394-49D6E2DF52EA}.Debug|x64.Build.0 = Debug|x64
		{A574F3B1-E38B-4EE4-9394-49D6E2DF52EA}.Debug|x86.ActiveCfg = Debug|x86
		{A574F3B1-E38B-4EE4-9394-49D6E2DF52EA}.Debug|x86.Build.0 = Debug|x86
		{A574F3B1-E38B-4EE4-9394-49D6E2DF52EA}.Release|Any CPU.ActiveCfg = Release|Any CPU
		{A574F3B1-E38B-4EE4-9394-49D6E2DF52EA}.Release|Any CPU.Build.0 = Release|Any CPU
		{A574F3B1-E38B-4EE4-9394-49D6E2DF52EA}.Release|x64.ActiveCfg = Release|x64
		{A574F3B1-E38B-4EE4-9394-49D6E2DF52EA}.Release|x64.Build.0 = Release|x64
		{A574F3B1-E38B-4EE4-9394-49D6E2DF52EA}.Release|x86.ActiveCfg = Release|x86
		{A574F3B1-E38B-4EE4-9394-49D6E2DF52EA}.Release|x86.Build.0 = Release|x86
		{B75FA7AD-968E-4990-B342-1B4B17C850DF}.Debug|Any CPU.ActiveCfg = Debug|Any CPU
		{B75FA7AD-968E-4990-B342-1B4B17C850DF}.Debug|Any CPU.Build.0 = Debug|Any CPU
		{B75FA7AD-968E-4990-B342-1B4B17C850DF}.Debug|x64.ActiveCfg = Debug|x64
		{B75FA7AD-968E-4990-B342-1B4B17C850DF}.Debug|x64.Build.0 = Debug|x64
		{B75FA7AD-968E-4990-B342-1B4B17C850DF}.Debug|x86.ActiveCfg = Debug|x86
		{B75FA7AD-968E-4990-B342-1B4B17C850DF}.Debug|x86.Build.0 = Debug|x86
		{B75FA7AD-968E-4990-B342-1B4B17C850DF}.Release|Any CPU.ActiveCfg = Release|Any CPU
		{B75FA7AD-968E-4990-B342-1B4B17C850DF}.Release|Any CPU.Build.0 = Release|Any CPU
		{B75FA7AD-968E-4990-B342-1B4B17C850DF}.Release|x64.ActiveCfg = Release|x64
		{B75FA7AD-968E-4990-B342-1B4B17C850DF}.Release|x64.Build.0 = Release|x64
		{B75FA7AD-968E-4990-B342-1B4B17C850DF}.Release|x86.ActiveCfg = Release|x86
		{B75FA7AD-968E-4990-B342-1B4B17C850DF}.Release|x86.Build.0 = Release|x86
		{F2DFEB00-BB35-4665-85EA-CB8C7729A6B7}.Debug|Any CPU.ActiveCfg = Debug|Any CPU
		{F2DFEB00-BB35-4665-85EA-CB8C7729A6B7}.Debug|Any CPU.Build.0 = Debug|Any CPU
		{F2DFEB00-BB35-4665-85EA-CB8C7729A6B7}.Debug|x64.ActiveCfg = Debug|x64
		{F2DFEB00-BB35-4665-85EA-CB8C7729A6B7}.Debug|x64.Build.0 = Debug|x64
		{F2DFEB00-BB35-4665-85EA-CB8C7729A6B7}.Debug|x86.ActiveCfg = Debug|x86
		{F2DFEB00-BB35-4665-85EA-CB8C7729A6B7}.Debug|x86.Build.0 = Debug|x86
		{F2DFEB00-BB35-4665-85EA-CB8C7729A6B7}.Release|Any CPU.ActiveCfg = Release|Any CPU
		{F2DFEB00-BB35-4665-85EA-CB8C7729A6B7}.Release|Any CPU.Build.0 = Release|Any CPU
		{F2DFEB00-BB35-4665-85EA-CB8C7729A6B7}.Release|x64.ActiveCfg = Release|x64
		{F2DFEB00-BB35-4665-85EA-CB8C7729A6B7}.Release|x64.Build.0 = Release|x64
		{F2DFEB00-BB35-4665-85EA-CB8C7729A6B7}.Release|x86.ActiveCfg = Release|x86
		{F2DFEB00-BB35-4665-85EA-CB8C7729A6B7}.Release|x86.Build.0 = Release|x86
		{A05B6AA6-0EC3-495D-BCC4-ECE1210071A8}.Debug|Any CPU.ActiveCfg = Debug|Any CPU
		{A05B6AA6-0EC3-495D-BCC4-ECE1210071A8}.Debug|Any CPU.Build.0 = Debug|Any CPU
		{A05B6AA6-0EC3-495D-BCC4-ECE1210071A8}.Debug|x64.ActiveCfg = Debug|x64
		{A05B6AA6-0EC3-495D-BCC4-ECE1210071A8}.Debug|x64.Build.0 = Debug|x64
		{A05B6AA6-0EC3-495D-BCC4-ECE1210071A8}.Debug|x86.ActiveCfg = Debug|x86
		{A05B6AA6-0EC3-495D-BCC4-ECE1210071A8}.Debug|x86.Build.0 = Debug|x86
		{A05B6AA6-0EC3-495D-BCC4-ECE1210071A8}.Release|Any CPU.ActiveCfg = Release|Any CPU
		{A05B6AA6-0EC3-495D-BCC4-ECE1210071A8}.Release|Any CPU.Build.0 = Release|Any CPU
		{A05B6AA6-0EC3-495D-BCC4-ECE1210071A8}.Release|x64.ActiveCfg = Release|x64
		{A05B6AA6-0EC3-495D-BCC4-ECE1210071A8}.Release|x64.Build.0 = Release|x64
		{A05B6AA6-0EC3-495D-BCC4-ECE1210071A8}.Release|x86.ActiveCfg = Release|x86
		{A05B6AA6-0EC3-495D-BCC4-ECE1210071A8}.Release|x86.Build.0 = Release|x86
		{8CF07381-BEA2-4AFC-B3DD-9B2F21C65A3A}.Debug|Any CPU.ActiveCfg = Debug|Any CPU
		{8CF07381-BEA2-4AFC-B3DD-9B2F21C65A3A}.Debug|Any CPU.Build.0 = Debug|Any CPU
		{8CF07381-BEA2-4AFC-B3DD-9B2F21C65A3A}.Debug|x64.ActiveCfg = Debug|x64
		{8CF07381-BEA2-4AFC-B3DD-9B2F21C65A3A}.Debug|x64.Build.0 = Debug|x64
		{8CF07381-BEA2-4AFC-B3DD-9B2F21C65A3A}.Debug|x86.ActiveCfg = Debug|x86
		{8CF07381-BEA2-4AFC-B3DD-9B2F21C65A3A}.Debug|x86.Build.0 = Debug|x86
		{8CF07381-BEA2-4AFC-B3DD-9B2F21C65A3A}.Release|Any CPU.ActiveCfg = Release|Any CPU
		{8CF07381-BEA2-4AFC-B3DD-9B2F21C65A3A}.Release|Any CPU.Build.0 = Release|Any CPU
		{8CF07381-BEA2-4AFC-B3DD-9B2F21C65A3A}.Release|x64.ActiveCfg = Release|x64
		{8CF07381-BEA2-4AFC-B3DD-9B2F21C65A3A}.Release|x64.Build.0 = Release|x64
		{8CF07381-BEA2-4AFC-B3DD-9B2F21C65A3A}.Release|x86.ActiveCfg = Release|x86
		{8CF07381-BEA2-4AFC-B3DD-9B2F21C65A3A}.Release|x86.Build.0 = Release|x86
		{9253A314-1821-42BF-B02F-2BF986B1765D}.Debug|Any CPU.ActiveCfg = Debug|Any CPU
		{9253A314-1821-42BF-B02F-2BF986B1765D}.Debug|Any CPU.Build.0 = Debug|Any CPU
		{9253A314-1821-42BF-B02F-2BF986B1765D}.Debug|x64.ActiveCfg = Debug|x64
		{9253A314-1821-42BF-B02F-2BF986B1765D}.Debug|x64.Build.0 = Debug|x64
		{9253A314-1821-42BF-B02F-2BF986B1765D}.Debug|x86.ActiveCfg = Debug|x86
		{9253A314-1821-42BF-B02F-2BF986B1765D}.Debug|x86.Build.0 = Debug|x86
		{9253A314-1821-42BF-B02F-2BF986B1765D}.Release|Any CPU.ActiveCfg = Release|Any CPU
		{9253A314-1821-42BF-B02F-2BF986B1765D}.Release|Any CPU.Build.0 = Release|Any CPU
		{9253A314-1821-42BF-B02F-2BF986B1765D}.Release|x64.ActiveCfg = Release|x64
		{9253A314-1821-42BF-B02F-2BF986B1765D}.Release|x64.Build.0 = Release|x64
		{9253A314-1821-42BF-B02F-2BF986B1765D}.Release|x86.ActiveCfg = Release|x86
		{9253A314-1821-42BF-B02F-2BF986B1765D}.Release|x86.Build.0 = Release|x86
		{1DD41038-D885-46C5-8DDE-E0B82F066584}.Debug|Any CPU.ActiveCfg = Debug|Any CPU
		{1DD41038-D885-46C5-8DDE-E0B82F066584}.Debug|Any CPU.Build.0 = Debug|Any CPU
		{1DD41038-D885-46C5-8DDE-E0B82F066584}.Debug|x64.ActiveCfg = Debug|x64
		{1DD41038-D885-46C5-8DDE-E0B82F066584}.Debug|x64.Build.0 = Debug|x64
		{1DD41038-D885-46C5-8DDE-E0B82F066584}.Debug|x86.ActiveCfg = Debug|x86
		{1DD41038-D885-46C5-8DDE-E0B82F066584}.Debug|x86.Build.0 = Debug|x86
		{1DD41038-D885-46C5-8DDE-E0B82F066584}.Release|Any CPU.ActiveCfg = Release|Any CPU
		{1DD41038-D885-46C5-8DDE-E0B82F066584}.Release|Any CPU.Build.0 = Release|Any CPU
		{1DD41038-D885-46C5-8DDE-E0B82F066584}.Release|x64.ActiveCfg = Release|x64
		{1DD41038-D885-46C5-8DDE-E0B82F066584}.Release|x64.Build.0 = Release|x64
		{1DD41038-D885-46C5-8DDE-E0B82F066584}.Release|x86.ActiveCfg = Release|x86
		{1DD41038-D885-46C5-8DDE-E0B82F066584}.Release|x86.Build.0 = Release|x86
		{5802C7E9-157E-4124-946D-70B5AE48A5A1}.Debug|Any CPU.ActiveCfg = Debug|Any CPU
		{5802C7E9-157E-4124-946D-70B5AE48A5A1}.Debug|Any CPU.Build.0 = Debug|Any CPU
		{5802C7E9-157E-4124-946D-70B5AE48A5A1}.Debug|x64.ActiveCfg = Debug|x64
		{5802C7E9-157E-4124-946D-70B5AE48A5A1}.Debug|x64.Build.0 = Debug|x64
		{5802C7E9-157E-4124-946D-70B5AE48A5A1}.Debug|x86.ActiveCfg = Debug|x86
		{5802C7E9-157E-4124-946D-70B5AE48A5A1}.Debug|x86.Build.0 = Debug|x86
		{5802C7E9-157E-4124-946D-70B5AE48A5A1}.Release|Any CPU.ActiveCfg = Release|Any CPU
		{5802C7E9-157E-4124-946D-70B5AE48A5A1}.Release|Any CPU.Build.0 = Release|Any CPU
		{5802C7E9-157E-4124-946D-70B5AE48A5A1}.Release|x64.ActiveCfg = Release|x64
		{5802C7E9-157E-4124-946D-70B5AE48A5A1}.Release|x64.Build.0 = Release|x64
		{5802C7E9-157E-4124-946D-70B5AE48A5A1}.Release|x86.ActiveCfg = Release|x86
		{5802C7E9-157E-4124-946D-70B5AE48A5A1}.Release|x86.Build.0 = Release|x86
	EndGlobalSection
	GlobalSection(SolutionProperties) = preSolution
		HideSolutionNode = FALSE
	EndGlobalSection
	GlobalSection(NestedProjects) = preSolution
		{9AE965C4-301E-4C01-B90F-297AF341ACC6} = {85F88959-C9E9-4989-ACB1-67BA9D1BEFE7}
		{CC2E74B6-534A-43D8-9F16-AC03FE955000} = {85F88959-C9E9-4989-ACB1-67BA9D1BEFE7}
		{E70FA90A-7012-4A52-86B5-362B699D1540} = {85F88959-C9E9-4989-ACB1-67BA9D1BEFE7}
		{F2EC7193-D5E5-4252-9803-5CEB407E910F} = {85F88959-C9E9-4989-ACB1-67BA9D1BEFE7}
		{8A0426FA-0BC2-4C49-A6E5-1F9A68156F19} = {85F88959-C9E9-4989-ACB1-67BA9D1BEFE7}
		{0B9C97D4-61B8-4294-A1DF-BA90752A1779} = {8B179853-B7D6-479C-B8B2-6CBCE835D040}
		{4CEFBC84-C215-11DB-8314-0800200C9A66} = {8B179853-B7D6-479C-B8B2-6CBCE835D040}
		{5CCCB9CF-0384-458F-BA08-72B73866840F} = {8B179853-B7D6-479C-B8B2-6CBCE835D040}
		{B75FA7AD-968E-4990-B342-1B4B17C850DF} = {B36BE134-D85A-437E-AB61-2DA1CCDE06C1}
		{F2DFEB00-BB35-4665-85EA-CB8C7729A6B7} = {B36BE134-D85A-437E-AB61-2DA1CCDE06C1}
		{A05B6AA6-0EC3-495D-BCC4-ECE1210071A8} = {B36BE134-D85A-437E-AB61-2DA1CCDE06C1}
		{A5A8D8FA-9E32-4010-8AAF-AE580C5AF728} = {4B59E09C-A51F-4B80-91BE-987904DCEF7D}
		{A574F3B1-E38B-4EE4-9394-49D6E2DF52EA} = {4B59E09C-A51F-4B80-91BE-987904DCEF7D}
		{9253A314-1821-42BF-B02F-2BF986B1765D} = {4B59E09C-A51F-4B80-91BE-987904DCEF7D}
	EndGlobalSection
EndGlobal
